// !$*UTF8*$!
{
	archiveVersion = 1;
	classes = {
	};
	objectVersion = 46;
	objects = {

/* Begin PBXBuildFile section */
		F137A4AC2003885E006C42AB /* main.m in Sources */ = {isa = PBXBuildFile; fileRef = F137A4AB2003885E006C42AB /* main.m */; };
		F137A4AF2003885E006C42AB /* AppDelegate.m in Sources */ = {isa = PBXBuildFile; fileRef = F137A4AE2003885E006C42AB /* AppDelegate.m */; };
		F137A4B22003885E006C42AB /* ViewController.m in Sources */ = {isa = PBXBuildFile; fileRef = F137A4B12003885E006C42AB /* ViewController.m */; };
		F137A4B52003885E006C42AB /* Main.storyboard in Resources */ = {isa = PBXBuildFile; fileRef = F137A4B32003885E006C42AB /* Main.storyboard */; };
		F137A4B72003885E006C42AB /* Assets.xcassets in Resources */ = {isa = PBXBuildFile; fileRef = F137A4B62003885E006C42AB /* Assets.xcassets */; };
		F137A4BA2003885E006C42AB /* LaunchScreen.storyboard in Resources */ = {isa = PBXBuildFile; fileRef = F137A4B82003885E006C42AB /* LaunchScreen.storyboard */; };
		F137A4C52003885E006C42AB /* TestTextFileld_1Tests.m in Sources */ = {isa = PBXBuildFile; fileRef = F137A4C42003885E006C42AB /* TestTextFileld_1Tests.m */; };
		F137A4D02003885E006C42AB /* TestTextFileld_1UITests.m in Sources */ = {isa = PBXBuildFile; fileRef = F137A4CF2003885E006C42AB /* TestTextFileld_1UITests.m */; };
		F137A4DF2003A47E006C42AB /* UITextFieldDelegate_LaRochelle.m in Sources */ = {isa = PBXBuildFile; fileRef = F137A4DE2003A47E006C42AB /* UITextFieldDelegate_LaRochelle.m */; };
/* End PBXBuildFile section */

/* Begin PBXContainerItemProxy section */
		F137A4C12003885E006C42AB /* PBXContainerItemProxy */ = {
			isa = PBXContainerItemProxy;
			containerPortal = F137A49F2003885E006C42AB /* Project object */;
			proxyType = 1;
			remoteGlobalIDString = F137A4A62003885E006C42AB;
			remoteInfo = TestTextFileld_1;
		};
		F137A4CC2003885E006C42AB /* PBXContainerItemProxy */ = {
			isa = PBXContainerItemProxy;
			containerPortal = F137A49F2003885E006C42AB /* Project object */;
			proxyType = 1;
			remoteGlobalIDString = F137A4A62003885E006C42AB;
			remoteInfo = TestTextFileld_1;
		};
/* End PBXContainerItemProxy section */

/* Begin PBXFileReference section */
		F137A4A72003885E006C42AB /* TestTextFileld_1.app */ = {isa = PBXFileReference; explicitFileType = wrapper.application; includeInIndex = 0; path = TestTextFileld_1.app; sourceTree = BUILT_PRODUCTS_DIR; };
		F137A4AB2003885E006C42AB /* main.m */ = {isa = PBXFileReference; lastKnownFileType = sourcecode.c.objc; path = main.m; sourceTree = "<group>"; };
		F137A4AD2003885E006C42AB /* AppDelegate.h */ = {isa = PBXFileReference; lastKnownFileType = sourcecode.c.h; path = AppDelegate.h; sourceTree = "<group>"; };
		F137A4AE2003885E006C42AB /* AppDelegate.m */ = {isa = PBXFileReference; lastKnownFileType = sourcecode.c.objc; path = AppDelegate.m; sourceTree = "<group>"; };
		F137A4B02003885E006C42AB /* ViewController.h */ = {isa = PBXFileReference; lastKnownFileType = sourcecode.c.h; path = ViewController.h; sourceTree = "<group>"; };
		F137A4B12003885E006C42AB /* ViewController.m */ = {isa = PBXFileReference; lastKnownFileType = sourcecode.c.objc; path = ViewController.m; sourceTree = "<group>"; };
		F137A4B42003885E006C42AB /* Base */ = {isa = PBXFileReference; lastKnownFileType = file.storyboard; name = Base; path = Base.lproj/Main.storyboard; sourceTree = "<group>"; };
		F137A4B62003885E006C42AB /* Assets.xcassets */ = {isa = PBXFileReference; lastKnownFileType = folder.assetcatalog; path = Assets.xcassets; sourceTree = "<group>"; };
		F137A4B92003885E006C42AB /* Base */ = {isa = PBXFileReference; lastKnownFileType = file.storyboard; name = Base; path = Base.lproj/LaunchScreen.storyboard; sourceTree = "<group>"; };
		F137A4BB2003885E006C42AB /* Info.plist */ = {isa = PBXFileReference; lastKnownFileType = text.plist.xml; path = Info.plist; sourceTree = "<group>"; };
		F137A4C02003885E006C42AB /* TestTextFileld_1Tests.xctest */ = {isa = PBXFileReference; explicitFileType = wrapper.cfbundle; includeInIndex = 0; path = TestTextFileld_1Tests.xctest; sourceTree = BUILT_PRODUCTS_DIR; };
		F137A4C42003885E006C42AB /* TestTextFileld_1Tests.m */ = {isa = PBXFileReference; lastKnownFileType = sourcecode.c.objc; path = TestTextFileld_1Tests.m; sourceTree = "<group>"; };
		F137A4C62003885E006C42AB /* Info.plist */ = {isa = PBXFileReference; lastKnownFileType = text.plist.xml; path = Info.plist; sourceTree = "<group>"; };
		F137A4CB2003885E006C42AB /* TestTextFileld_1UITests.xctest */ = {isa = PBXFileReference; explicitFileType = wrapper.cfbundle; includeInIndex = 0; path = TestTextFileld_1UITests.xctest; sourceTree = BUILT_PRODUCTS_DIR; };
		F137A4CF2003885E006C42AB /* TestTextFileld_1UITests.m */ = {isa = PBXFileReference; lastKnownFileType = sourcecode.c.objc; path = TestTextFileld_1UITests.m; sourceTree = "<group>"; };
		F137A4D12003885E006C42AB /* Info.plist */ = {isa = PBXFileReference; lastKnownFileType = text.plist.xml; path = Info.plist; sourceTree = "<group>"; };
		F137A4DD2003A435006C42AB /* UITextFieldDelegate_LaRochelle.h */ = {isa = PBXFileReference; lastKnownFileType = sourcecode.c.h; path = UITextFieldDelegate_LaRochelle.h; sourceTree = "<group>"; };
		F137A4DE2003A47E006C42AB /* UITextFieldDelegate_LaRochelle.m */ = {isa = PBXFileReference; fileEncoding = 4; lastKnownFileType = sourcecode.c.objc; path = UITextFieldDelegate_LaRochelle.m; sourceTree = "<group>"; };
/* End PBXFileReference section */

/* Begin PBXFrameworksBuildPhase section */
		F137A4A42003885E006C42AB /* Frameworks */ = {
			isa = PBXFrameworksBuildPhase;
			buildActionMask = 2147483647;
			files = (
			);
			runOnlyForDeploymentPostprocessing = 0;
		};
		F137A4BD2003885E006C42AB /* Frameworks */ = {
			isa = PBXFrameworksBuildPhase;
			buildActionMask = 2147483647;
			files = (
			);
			runOnlyForDeploymentPostprocessing = 0;
		};
		F137A4C82003885E006C42AB /* Frameworks */ = {
			isa = PBXFrameworksBuildPhase;
			buildActionMask = 2147483647;
			files = (
			);
			runOnlyForDeploymentPostprocessing = 0;
		};
/* End PBXFrameworksBuildPhase section */

/* Begin PBXGroup section */
		F137A49E2003885E006C42AB = {
			isa = PBXGroup;
			children = (
				F137A4A92003885E006C42AB /* TestTextFileld_1 */,
				F137A4C32003885E006C42AB /* TestTextFileld_1Tests */,
				F137A4CE2003885E006C42AB /* TestTextFileld_1UITests */,
				F137A4A82003885E006C42AB /* Products */,
			);
			sourceTree = "<group>";
		};
		F137A4A82003885E006C42AB /* Products */ = {
			isa = PBXGroup;
			children = (
				F137A4A72003885E006C42AB /* TestTextFileld_1.app */,
				F137A4C02003885E006C42AB /* TestTextFileld_1Tests.xctest */,
				F137A4CB2003885E006C42AB /* TestTextFileld_1UITests.xctest */,
			);
			name = Products;
			sourceTree = "<group>";
		};
		F137A4A92003885E006C42AB /* TestTextFileld_1 */ = {
			isa = PBXGroup;
			children = (
				F137A4AD2003885E006C42AB /* AppDelegate.h */,
				F137A4AE2003885E006C42AB /* AppDelegate.m */,
				F137A4B02003885E006C42AB /* ViewController.h */,
				F137A4B12003885E006C42AB /* ViewController.m */,
				F137A4B32003885E006C42AB /* Main.storyboard */,
				F137A4B62003885E006C42AB /* Assets.xcassets */,
				F137A4B82003885E006C42AB /* LaunchScreen.storyboard */,
				F137A4BB2003885E006C42AB /* Info.plist */,
				F137A4AA2003885E006C42AB /* Supporting Files */,
				F137A4DD2003A435006C42AB /* UITextFieldDelegate_LaRochelle.h */,
				F137A4DE2003A47E006C42AB /* UITextFieldDelegate_LaRochelle.m */,
			);
			path = TestTextFileld_1;
			sourceTree = "<group>";
		};
		F137A4AA2003885E006C42AB /* Supporting Files */ = {
			isa = PBXGroup;
			children = (
				F137A4AB2003885E006C42AB /* main.m */,
			);
			name = "Supporting Files";
			sourceTree = "<group>";
		};
		F137A4C32003885E006C42AB /* TestTextFileld_1Tests */ = {
			isa = PBXGroup;
			children = (
				F137A4C42003885E006C42AB /* TestTextFileld_1Tests.m */,
				F137A4C62003885E006C42AB /* Info.plist */,
			);
			path = TestTextFileld_1Tests;
			sourceTree = "<group>";
		};
		F137A4CE2003885E006C42AB /* TestTextFileld_1UITests */ = {
			isa = PBXGroup;
			children = (
				F137A4CF2003885E006C42AB /* TestTextFileld_1UITests.m */,
				F137A4D12003885E006C42AB /* Info.plist */,
			);
			path = TestTextFileld_1UITests;
			sourceTree = "<group>";
		};
/* End PBXGroup section */

/* Begin PBXNativeTarget section */
		F137A4A62003885E006C42AB /* TestTextFileld_1 */ = {
			isa = PBXNativeTarget;
			buildConfigurationList = F137A4D42003885E006C42AB /* Build configuration list for PBXNativeTarget "TestTextFileld_1" */;
			buildPhases = (
				F137A4A32003885E006C42AB /* Sources */,
				F137A4A42003885E006C42AB /* Frameworks */,
				F137A4A52003885E006C42AB /* Resources */,
			);
			buildRules = (
			);
			dependencies = (
			);
			name = TestTextFileld_1;
			productName = TestTextFileld_1;
			productReference = F137A4A72003885E006C42AB /* TestTextFileld_1.app */;
			productType = "com.apple.product-type.application";
		};
		F137A4BF2003885E006C42AB /* TestTextFileld_1Tests */ = {
			isa = PBXNativeTarget;
			buildConfigurationList = F137A4D72003885E006C42AB /* Build configuration list for PBXNativeTarget "TestTextFileld_1Tests" */;
			buildPhases = (
				F137A4BC2003885E006C42AB /* Sources */,
				F137A4BD2003885E006C42AB /* Frameworks */,
				F137A4BE2003885E006C42AB /* Resources */,
			);
			buildRules = (
			);
			dependencies = (
				F137A4C22003885E006C42AB /* PBXTargetDependency */,
			);
			name = TestTextFileld_1Tests;
			productName = TestTextFileld_1Tests;
			productReference = F137A4C02003885E006C42AB /* TestTextFileld_1Tests.xctest */;
			productType = "com.apple.product-type.bundle.unit-test";
		};
		F137A4CA2003885E006C42AB /* TestTextFileld_1UITests */ = {
			isa = PBXNativeTarget;
			buildConfigurationList = F137A4DA2003885E006C42AB /* Build configuration list for PBXNativeTarget "TestTextFileld_1UITests" */;
			buildPhases = (
				F137A4C72003885E006C42AB /* Sources */,
				F137A4C82003885E006C42AB /* Frameworks */,
				F137A4C92003885E006C42AB /* Resources */,
			);
			buildRules = (
			);
			dependencies = (
				F137A4CD2003885E006C42AB /* PBXTargetDependency */,
			);
			name = TestTextFileld_1UITests;
			productName = TestTextFileld_1UITests;
			productReference = F137A4CB2003885E006C42AB /* TestTextFileld_1UITests.xctest */;
			productType = "com.apple.product-type.bundle.ui-testing";
		};
/* End PBXNativeTarget section */

/* Begin PBXProject section */
		F137A49F2003885E006C42AB /* Project object */ = {
			isa = PBXProject;
			attributes = {
				LastUpgradeCheck = 0820;
				ORGANIZATIONNAME = Tanmoy;
				TargetAttributes = {
					F137A4A62003885E006C42AB = {
						CreatedOnToolsVersion = 8.2.1;
						DevelopmentTeam = 8J3ZX75TJ7;
						ProvisioningStyle = Automatic;
					};
					F137A4BF2003885E006C42AB = {
						CreatedOnToolsVersion = 8.2.1;
						DevelopmentTeam = 8J3ZX75TJ7;
						ProvisioningStyle = Automatic;
						TestTargetID = F137A4A62003885E006C42AB;
					};
					F137A4CA2003885E006C42AB = {
						CreatedOnToolsVersion = 8.2.1;
						DevelopmentTeam = 8J3ZX75TJ7;
						ProvisioningStyle = Automatic;
						TestTargetID = F137A4A62003885E006C42AB;
					};
				};
			};
			buildConfigurationList = F137A4A22003885E006C42AB /* Build configuration list for PBXProject "TestTextFileld_1" */;
			compatibilityVersion = "Xcode 3.2";
			developmentRegion = English;
			hasScannedForEncodings = 0;
			knownRegions = (
				en,
				Base,
			);
			mainGroup = F137A49E2003885E006C42AB;
			productRefGroup = F137A4A82003885E006C42AB /* Products */;
			projectDirPath = "";
			projectRoot = "";
			targets = (
				F137A4A62003885E006C42AB /* TestTextFileld_1 */,
				F137A4BF2003885E006C42AB /* TestTextFileld_1Tests */,
				F137A4CA2003885E006C42AB /* TestTextFileld_1UITests */,
			);
		};
/* End PBXProject section */

/* Begin PBXResourcesBuildPhase section */
		F137A4A52003885E006C42AB /* Resources */ = {
			isa = PBXResourcesBuildPhase;
			buildActionMask = 2147483647;
			files = (
				F137A4BA2003885E006C42AB /* LaunchScreen.storyboard in Resources */,
				F137A4B72003885E006C42AB /* Assets.xcassets in Resources */,
				F137A4B52003885E006C42AB /* Main.storyboard in Resources */,
			);
			runOnlyForDeploymentPostprocessing = 0;
		};
		F137A4BE2003885E006C42AB /* Resources */ = {
			isa = PBXResourcesBuildPhase;
			buildActionMask = 2147483647;
			files = (
			);
			runOnlyForDeploymentPostprocessing = 0;
		};
		F137A4C92003885E006C42AB /* Resources */ = {
			isa = PBXResourcesBuildPhase;
			buildActionMask = 2147483647;
			files = (
			);
			runOnlyForDeploymentPostprocessing = 0;
		};
/* End PBXResourcesBuildPhase section */

/* Begin PBXSourcesBuildPhase section */
		F137A4A32003885E006C42AB /* Sources */ = {
			isa = PBXSourcesBuildPhase;
			buildActionMask = 2147483647;
			files = (
				F137A4B22003885E006C42AB /* ViewController.m in Sources */,
				F137A4AF2003885E006C42AB /* AppDelegate.m in Sources */,
				F137A4DF2003A47E006C42AB /* UITextFieldDelegate_LaRochelle.m in Sources */,
				F137A4AC2003885E006C42AB /* main.m in Sources */,
			);
			runOnlyForDeploymentPostprocessing = 0;
		};
		F137A4BC2003885E006C42AB /* Sources */ = {
			isa = PBXSourcesBuildPhase;
			buildActionMask = 2147483647;
			files = (
				F137A4C52003885E006C42AB /* TestTextFileld_1Tests.m in Sources */,
			);
			runOnlyForDeploymentPostprocessing = 0;
		};
		F137A4C72003885E006C42AB /* Sources */ = {
			isa = PBXSourcesBuildPhase;
			buildActionMask = 2147483647;
			files = (
				F137A4D02003885E006C42AB /* TestTextFileld_1UITests.m in Sources */,
			);
			runOnlyForDeploymentPostprocessing = 0;
		};
/* End PBXSourcesBuildPhase section */

/* Begin PBXTargetDependency section */
		F137A4C22003885E006C42AB /* PBXTargetDependency */ = {
			isa = PBXTargetDependency;
			target = F137A4A62003885E006C42AB /* TestTextFileld_1 */;
			targetProxy = F137A4C12003885E006C42AB /* PBXContainerItemProxy */;
		};
		F137A4CD2003885E006C42AB /* PBXTargetDependency */ = {
			isa = PBXTargetDependency;
			target = F137A4A62003885E006C42AB /* TestTextFileld_1 */;
			targetProxy = F137A4CC2003885E006C42AB /* PBXContainerItemProxy */;
		};
/* End PBXTargetDependency section */

/* Begin PBXVariantGroup section */
		F137A4B32003885E006C42AB /* Main.storyboard */ = {
			isa = PBXVariantGroup;
			children = (
				F137A4B42003885E006C42AB /* Base */,
			);
			name = Main.storyboard;
			sourceTree = "<group>";
		};
		F137A4B82003885E006C42AB /* LaunchScreen.storyboard */ = {
			isa = PBXVariantGroup;
			children = (
				F137A4B92003885E006C42AB /* Base */,
			);
			name = LaunchScreen.storyboard;
			sourceTree = "<group>";
		};
/* End PBXVariantGroup section */

/* Begin XCBuildConfiguration section */
		F137A4D22003885E006C42AB /* Debug */ = {
			isa = XCBuildConfiguration;
			buildSettings = {
				ALWAYS_SEARCH_USER_PATHS = NO;
				CLANG_ANALYZER_NONNULL = YES;
				CLANG_CXX_LANGUAGE_STANDARD = "gnu++0x";
				CLANG_CXX_LIBRARY = "libc++";
				CLANG_ENABLE_MODULES = YES;
				CLANG_ENABLE_OBJC_ARC = YES;
				CLANG_WARN_BOOL_CONVERSION = YES;
				CLANG_WARN_CONSTANT_CONVERSION = YES;
				CLANG_WARN_DIRECT_OBJC_ISA_USAGE = YES_ERROR;
				CLANG_WARN_DOCUMENTATION_COMMENTS = YES;
				CLANG_WARN_EMPTY_BODY = YES;
				CLANG_WARN_ENUM_CONVERSION = YES;
				CLANG_WARN_INFINITE_RECURSION = YES;
				CLANG_WARN_INT_CONVERSION = YES;
				CLANG_WARN_OBJC_ROOT_CLASS = YES_ERROR;
				CLANG_WARN_SUSPICIOUS_MOVE = YES;
				CLANG_WARN_UNREACHABLE_CODE = YES;
				CLANG_WARN__DUPLICATE_METHOD_MATCH = YES;
				"CODE_SIGN_IDENTITY[sdk=iphoneos*]" = "iPhone Developer";
				COPY_PHASE_STRIP = NO;
				DEBUG_INFORMATION_FORMAT = dwarf;
				ENABLE_STRICT_OBJC_MSGSEND = YES;
				ENABLE_TESTABILITY = YES;
				GCC_C_LANGUAGE_STANDARD = gnu99;
				GCC_DYNAMIC_NO_PIC = NO;
				GCC_NO_COMMON_BLOCKS = YES;
				GCC_OPTIMIZATION_LEVEL = 0;
				GCC_PREPROCESSOR_DEFINITIONS = (
					"DEBUG=1",
					"$(inherited)",
				);
				GCC_WARN_64_TO_32_BIT_CONVERSION = YES;
				GCC_WARN_ABOUT_RETURN_TYPE = YES_ERROR;
				GCC_WARN_UNDECLARED_SELECTOR = YES;
				GCC_WARN_UNINITIALIZED_AUTOS = YES_AGGRESSIVE;
				GCC_WARN_UNUSED_FUNCTION = YES;
				GCC_WARN_UNUSED_VARIABLE = YES;
				IPHONEOS_DEPLOYMENT_TARGET = 10.2;
				MTL_ENABLE_DEBUG_INFO = YES;
				ONLY_ACTIVE_ARCH = YES;
				SDKROOT = iphoneos;
			};
			name = Debug;
		};
		F137A4D32003885E006C42AB /* Release */ = {
			isa = XCBuildConfiguration;
			buildSettings = {
				ALWAYS_SEARCH_USER_PATHS = NO;
				CLANG_ANALYZER_NONNULL = YES;
				CLANG_CXX_LANGUAGE_STANDARD = "gnu++0x";
				CLANG_CXX_LIBRARY = "libc++";
				CLANG_ENABLE_MODULES = YES;
				CLANG_ENABLE_OBJC_ARC = YES;
				CLANG_WARN_BOOL_CONVERSION = YES;
				CLANG_WARN_CONSTANT_CONVERSION = YES;
				CLANG_WARN_DIRECT_OBJC_ISA_USAGE = YES_ERROR;
				CLANG_WARN_DOCUMENTATION_COMMENTS = YES;
				CLANG_WARN_EMPTY_BODY = YES;
				CLANG_WARN_ENUM_CONVERSION = YES;
				CLANG_WARN_INFINITE_RECURSION = YES;
				CLANG_WARN_INT_CONVERSION = YES;
				CLANG_WARN_OBJC_ROOT_CLASS = YES_ERROR;
				CLANG_WARN_SUSPICIOUS_MOVE = YES;
				CLANG_WARN_UNREACHABLE_CODE = YES;
				CLANG_WARN__DUPLICATE_METHOD_MATCH = YES;
				"CODE_SIGN_IDENTITY[sdk=iphoneos*]" = "iPhone Developer";
				COPY_PHASE_STRIP = NO;
				DEBUG_INFORMATION_FORMAT = "dwarf-with-dsym";
				ENABLE_NS_ASSERTIONS = NO;
				ENABLE_STRICT_OBJC_MSGSEND = YES;
				GCC_C_LANGUAGE_STANDARD = gnu99;
				GCC_NO_COMMON_BLOCKS = YES;
				GCC_WARN_64_TO_32_BIT_CONVERSION = YES;
				GCC_WARN_ABOUT_RETURN_TYPE = YES_ERROR;
				GCC_WARN_UNDECLARED_SELECTOR = YES;
				GCC_WARN_UNINITIALIZED_AUTOS = YES_AGGRESSIVE;
				GCC_WARN_UNUSED_FUNCTION = YES;
				GCC_WARN_UNUSED_VARIABLE = YES;
				IPHONEOS_DEPLOYMENT_TARGET = 10.2;
				MTL_ENABLE_DEBUG_INFO = NO;
				SDKROOT = iphoneos;
				VALIDATE_PRODUCT = YES;
			};
			name = Release;
		};
		F137A4D52003885E006C42AB /* Debug */ = {
			isa = XCBuildConfiguration;
			buildSettings = {
				ASSETCATALOG_COMPILER_APPICON_NAME = AppIcon;
				DEVELOPMENT_TEAM = 8J3ZX75TJ7;
				INFOPLIST_FILE = TestTextFileld_1/Info.plist;
				LD_RUNPATH_SEARCH_PATHS = "$(inherited) @executable_path/Frameworks";
				PRODUCT_BUNDLE_IDENTIFIER = "Univ-La-Rochelle.TestTextFileld-1";
				PRODUCT_NAME = "$(TARGET_NAME)";
			};
			name = Debug;
		};
		F137A4D62003885E006C42AB /* Release */ = {
			isa = XCBuildConfiguration;
			buildSettings = {
				ASSETCATALOG_COMPILER_APPICON_NAME = AppIcon;
				DEVELOPMENT_TEAM = 8J3ZX75TJ7;
				INFOPLIST_FILE = TestTextFileld_1/Info.plist;
				LD_RUNPATH_SEARCH_PATHS = "$(inherited) @executable_path/Frameworks";
				PRODUCT_BUNDLE_IDENTIFIER = "Univ-La-Rochelle.TestTextFileld-1";
				PRODUCT_NAME = "$(TARGET_NAME)";
			};
			name = Release;
		};
		F137A4D82003885E006C42AB /* Debug */ = {
			isa = XCBuildConfiguration;
			buildSettings = {
				BUNDLE_LOADER = "$(TEST_HOST)";
				DEVELOPMENT_TEAM = 8J3ZX75TJ7;
				INFOPLIST_FILE = TestTextFileld_1Tests/Info.plist;
				LD_RUNPATH_SEARCH_PATHS = "$(inherited) @executable_path/Frameworks @loader_path/Frameworks";
				PRODUCT_BUNDLE_IDENTIFIER = "Univ-La-Rochelle.TestTextFileld-1Tests";
				PRODUCT_NAME = "$(TARGET_NAME)";
				TEST_HOST = "$(BUILT_PRODUCTS_DIR)/TestTextFileld_1.app/TestTextFileld_1";
			};
			name = Debug;
		};
		F137A4D92003885E006C42AB /* Release */ = {
			isa = XCBuildConfiguration;
			buildSettings = {
				BUNDLE_LOADER = "$(TEST_HOST)";
				DEVELOPMENT_TEAM = 8J3ZX75TJ7;
				INFOPLIST_FILE = TestTextFileld_1Tests/Info.plist;
				LD_RUNPATH_SEARCH_PATHS = "$(inherited) @executable_path/Frameworks @loader_path/Frameworks";
				PRODUCT_BUNDLE_IDENTIFIER = "Univ-La-Rochelle.TestTextFileld-1Tests";
				PRODUCT_NAME = "$(TARGET_NAME)";
				TEST_HOST = "$(BUILT_PRODUCTS_DIR)/TestTextFileld_1.app/TestTextFileld_1";
			};
			name = Release;
		};
		F137A4DB2003885E006C42AB /* Debug */ = {
			isa = XCBuildConfiguration;
			buildSettings = {
				DEVELOPMENT_TEAM = 8J3ZX75TJ7;
				INFOPLIST_FILE = TestTextFileld_1UITests/Info.plist;
				LD_RUNPATH_SEARCH_PATHS = "$(inherited) @executable_path/Frameworks @loader_path/Frameworks";
				PRODUCT_BUNDLE_IDENTIFIER = "Univ-La-Rochelle.TestTextFileld-1UITests";
				PRODUCT_NAME = "$(TARGET_NAME)";
				TEST_TARGET_NAME = TestTextFileld_1;
			};
			name = Debug;
		};
		F137A4DC2003885E006C42AB /* Release */ = {
			isa = XCBuildConfiguration;
			buildSettings = {
				DEVELOPMENT_TEAM = 8J3ZX75TJ7;
				INFOPLIST_FILE = TestTextFileld_1UITests/Info.plist;
				LD_RUNPATH_SEARCH_PATHS = "$(inherited) @executable_path/Frameworks @loader_path/Frameworks";
				PRODUCT_BUNDLE_IDENTIFIER = "Univ-La-Rochelle.TestTextFileld-1UITests";
				PRODUCT_NAME = "$(TARGET_NAME)";
				TEST_TARGET_NAME = TestTextFileld_1;
			};
			name = Release;
		};
/* End XCBuildConfiguration section */

/* Begin XCConfigurationList section */
		F137A4A22003885E006C42AB /* Build configuration list for PBXProject "TestTextFileld_1" */ = {
			isa = XCConfigurationList;
			buildConfigurations = (
				F137A4D22003885E006C42AB /* Debug */,
				F137A4D32003885E006C42AB /* Release */,
			);
			defaultConfigurationIsVisible = 0;
			defaultConfigurationName = Release;
		};
		F137A4D42003885E006C42AB /* Build configuration list for PBXNativeTarget "TestTextFileld_1" */ = {
			isa = XCConfigurationList;
			buildConfigurations = (
				F137A4D52003885E006C42AB /* Debug */,
				F137A4D62003885E006C42AB /* Release */,
			);
			defaultConfigurationIsVisible = 0;
		};
		F137A4D72003885E006C42AB /* Build configuration list for PBXNativeTarget "TestTextFileld_1Tests" */ = {
			isa = XCConfigurationList;
			buildConfigurations = (
				F137A4D82003885E006C42AB /* Debug */,
				F137A4D92003885E006C42AB /* Release */,
			);
			defaultConfigurationIsVisible = 0;
		};
		F137A4DA2003885E006C42AB /* Build configuration list for PBXNativeTarget "TestTextFileld_1UITests" */ = {
			isa = XCConfigurationList;
			buildConfigurations = (
				F137A4DB2003885E006C42AB /* Debug */,
				F137A4DC2003885E006C42AB /* Release */,
			);
			defaultConfigurationIsVisible = 0;
		};
/* End XCConfigurationList section */
	};
	rootObject = F137A49F2003885E006C42AB /* Project object */;
}
