// !$*UTF8*$!
{
	archiveVersion = 1;
	classes = {
	};
	objectVersion = 46;
	objects = {

/* Begin PBXBuildFile section */
		F1DFBCAD200D7DF2009BE5ED /* main.m in Sources */ = {isa = PBXBuildFile; fileRef = F1DFBCAC200D7DF2009BE5ED /* main.m */; };
		F1DFBCB0200D7DF2009BE5ED /* AppDelegate.m in Sources */ = {isa = PBXBuildFile; fileRef = F1DFBCAF200D7DF2009BE5ED /* AppDelegate.m */; };
		F1DFBCB3200D7DF2009BE5ED /* ViewController.m in Sources */ = {isa = PBXBuildFile; fileRef = F1DFBCB2200D7DF2009BE5ED /* ViewController.m */; };
		F1DFBCB6200D7DF2009BE5ED /* Main.storyboard in Resources */ = {isa = PBXBuildFile; fileRef = F1DFBCB4200D7DF2009BE5ED /* Main.storyboard */; };
		F1DFBCB8200D7DF2009BE5ED /* Assets.xcassets in Resources */ = {isa = PBXBuildFile; fileRef = F1DFBCB7200D7DF2009BE5ED /* Assets.xcassets */; };
		F1DFBCBB200D7DF2009BE5ED /* LaunchScreen.storyboard in Resources */ = {isa = PBXBuildFile; fileRef = F1DFBCB9200D7DF2009BE5ED /* LaunchScreen.storyboard */; };
		F1DFBCC6200D7DF2009BE5ED /* ExampleUniversalApplicationTests.m in Sources */ = {isa = PBXBuildFile; fileRef = F1DFBCC5200D7DF2009BE5ED /* ExampleUniversalApplicationTests.m */; };
		F1DFBCD1200D7DF2009BE5ED /* ExampleUniversalApplicationUITests.m in Sources */ = {isa = PBXBuildFile; fileRef = F1DFBCD0200D7DF2009BE5ED /* ExampleUniversalApplicationUITests.m */; };
/* End PBXBuildFile section */

/* Begin PBXContainerItemProxy section */
		F1DFBCC2200D7DF2009BE5ED /* PBXContainerItemProxy */ = {
			isa = PBXContainerItemProxy;
			containerPortal = F1DFBCA0200D7DF2009BE5ED /* Project object */;
			proxyType = 1;
			remoteGlobalIDString = F1DFBCA7200D7DF2009BE5ED;
			remoteInfo = ExampleUniversalApplication;
		};
		F1DFBCCD200D7DF2009BE5ED /* PBXContainerItemProxy */ = {
			isa = PBXContainerItemProxy;
			containerPortal = F1DFBCA0200D7DF2009BE5ED /* Project object */;
			proxyType = 1;
			remoteGlobalIDString = F1DFBCA7200D7DF2009BE5ED;
			remoteInfo = ExampleUniversalApplication;
		};
/* End PBXContainerItemProxy section */

/* Begin PBXFileReference section */
		F1DFBCA8200D7DF2009BE5ED /* ExampleUniversalApplication.app */ = {isa = PBXFileReference; explicitFileType = wrapper.application; includeInIndex = 0; path = ExampleUniversalApplication.app; sourceTree = BUILT_PRODUCTS_DIR; };
		F1DFBCAC200D7DF2009BE5ED /* main.m */ = {isa = PBXFileReference; lastKnownFileType = sourcecode.c.objc; path = main.m; sourceTree = "<group>"; };
		F1DFBCAE200D7DF2009BE5ED /* AppDelegate.h */ = {isa = PBXFileReference; lastKnownFileType = sourcecode.c.h; path = AppDelegate.h; sourceTree = "<group>"; };
		F1DFBCAF200D7DF2009BE5ED /* AppDelegate.m */ = {isa = PBXFileReference; lastKnownFileType = sourcecode.c.objc; path = AppDelegate.m; sourceTree = "<group>"; };
		F1DFBCB1200D7DF2009BE5ED /* ViewController.h */ = {isa = PBXFileReference; lastKnownFileType = sourcecode.c.h; path = ViewController.h; sourceTree = "<group>"; };
		F1DFBCB2200D7DF2009BE5ED /* ViewController.m */ = {isa = PBXFileReference; lastKnownFileType = sourcecode.c.objc; path = ViewController.m; sourceTree = "<group>"; };
		F1DFBCB5200D7DF2009BE5ED /* Base */ = {isa = PBXFileReference; lastKnownFileType = file.storyboard; name = Base; path = Base.lproj/Main.storyboard; sourceTree = "<group>"; };
		F1DFBCB7200D7DF2009BE5ED /* Assets.xcassets */ = {isa = PBXFileReference; lastKnownFileType = folder.assetcatalog; path = Assets.xcassets; sourceTree = "<group>"; };
		F1DFBCBA200D7DF2009BE5ED /* Base */ = {isa = PBXFileReference; lastKnownFileType = file.storyboard; name = Base; path = Base.lproj/LaunchScreen.storyboard; sourceTree = "<group>"; };
		F1DFBCBC200D7DF2009BE5ED /* Info.plist */ = {isa = PBXFileReference; lastKnownFileType = text.plist.xml; path = Info.plist; sourceTree = "<group>"; };
		F1DFBCC1200D7DF2009BE5ED /* ExampleUniversalApplicationTests.xctest */ = {isa = PBXFileReference; explicitFileType = wrapper.cfbundle; includeInIndex = 0; path = ExampleUniversalApplicationTests.xctest; sourceTree = BUILT_PRODUCTS_DIR; };
		F1DFBCC5200D7DF2009BE5ED /* ExampleUniversalApplicationTests.m */ = {isa = PBXFileReference; lastKnownFileType = sourcecode.c.objc; path = ExampleUniversalApplicationTests.m; sourceTree = "<group>"; };
		F1DFBCC7200D7DF2009BE5ED /* Info.plist */ = {isa = PBXFileReference; lastKnownFileType = text.plist.xml; path = Info.plist; sourceTree = "<group>"; };
		F1DFBCCC200D7DF2009BE5ED /* ExampleUniversalApplicationUITests.xctest */ = {isa = PBXFileReference; explicitFileType = wrapper.cfbundle; includeInIndex = 0; path = ExampleUniversalApplicationUITests.xctest; sourceTree = BUILT_PRODUCTS_DIR; };
		F1DFBCD0200D7DF2009BE5ED /* ExampleUniversalApplicationUITests.m */ = {isa = PBXFileReference; lastKnownFileType = sourcecode.c.objc; path = ExampleUniversalApplicationUITests.m; sourceTree = "<group>"; };
		F1DFBCD2200D7DF2009BE5ED /* Info.plist */ = {isa = PBXFileReference; lastKnownFileType = text.plist.xml; path = Info.plist; sourceTree = "<group>"; };
/* End PBXFileReference section */

/* Begin PBXFrameworksBuildPhase section */
		F1DFBCA5200D7DF2009BE5ED /* Frameworks */ = {
			isa = PBXFrameworksBuildPhase;
			buildActionMask = 2147483647;
			files = (
			);
			runOnlyForDeploymentPostprocessing = 0;
		};
		F1DFBCBE200D7DF2009BE5ED /* Frameworks */ = {
			isa = PBXFrameworksBuildPhase;
			buildActionMask = 2147483647;
			files = (
			);
			runOnlyForDeploymentPostprocessing = 0;
		};
		F1DFBCC9200D7DF2009BE5ED /* Frameworks */ = {
			isa = PBXFrameworksBuildPhase;
			buildActionMask = 2147483647;
			files = (
			);
			runOnlyForDeploymentPostprocessing = 0;
		};
/* End PBXFrameworksBuildPhase section */

/* Begin PBXGroup section */
		F1DFBC9F200D7DF2009BE5ED = {
			isa = PBXGroup;
			children = (
				F1DFBCAA200D7DF2009BE5ED /* ExampleUniversalApplication */,
				F1DFBCC4200D7DF2009BE5ED /* ExampleUniversalApplicationTests */,
				F1DFBCCF200D7DF2009BE5ED /* ExampleUniversalApplicationUITests */,
				F1DFBCA9200D7DF2009BE5ED /* Products */,
			);
			sourceTree = "<group>";
		};
		F1DFBCA9200D7DF2009BE5ED /* Products */ = {
			isa = PBXGroup;
			children = (
				F1DFBCA8200D7DF2009BE5ED /* ExampleUniversalApplication.app */,
				F1DFBCC1200D7DF2009BE5ED /* ExampleUniversalApplicationTests.xctest */,
				F1DFBCCC200D7DF2009BE5ED /* ExampleUniversalApplicationUITests.xctest */,
			);
			name = Products;
			sourceTree = "<group>";
		};
		F1DFBCAA200D7DF2009BE5ED /* ExampleUniversalApplication */ = {
			isa = PBXGroup;
			children = (
				F1DFBCAE200D7DF2009BE5ED /* AppDelegate.h */,
				F1DFBCAF200D7DF2009BE5ED /* AppDelegate.m */,
				F1DFBCB1200D7DF2009BE5ED /* ViewController.h */,
				F1DFBCB2200D7DF2009BE5ED /* ViewController.m */,
				F1DFBCB4200D7DF2009BE5ED /* Main.storyboard */,
				F1DFBCB7200D7DF2009BE5ED /* Assets.xcassets */,
				F1DFBCB9200D7DF2009BE5ED /* LaunchScreen.storyboard */,
				F1DFBCBC200D7DF2009BE5ED /* Info.plist */,
				F1DFBCAB200D7DF2009BE5ED /* Supporting Files */,
			);
			path = ExampleUniversalApplication;
			sourceTree = "<group>";
		};
		F1DFBCAB200D7DF2009BE5ED /* Supporting Files */ = {
			isa = PBXGroup;
			children = (
				F1DFBCAC200D7DF2009BE5ED /* main.m */,
			);
			name = "Supporting Files";
			sourceTree = "<group>";
		};
		F1DFBCC4200D7DF2009BE5ED /* ExampleUniversalApplicationTests */ = {
			isa = PBXGroup;
			children = (
				F1DFBCC5200D7DF2009BE5ED /* ExampleUniversalApplicationTests.m */,
				F1DFBCC7200D7DF2009BE5ED /* Info.plist */,
			);
			path = ExampleUniversalApplicationTests;
			sourceTree = "<group>";
		};
		F1DFBCCF200D7DF2009BE5ED /* ExampleUniversalApplicationUITests */ = {
			isa = PBXGroup;
			children = (
				F1DFBCD0200D7DF2009BE5ED /* ExampleUniversalApplicationUITests.m */,
				F1DFBCD2200D7DF2009BE5ED /* Info.plist */,
			);
			path = ExampleUniversalApplicationUITests;
			sourceTree = "<group>";
		};
/* End PBXGroup section */

/* Begin PBXNativeTarget section */
		F1DFBCA7200D7DF2009BE5ED /* ExampleUniversalApplication */ = {
			isa = PBXNativeTarget;
			buildConfigurationList = F1DFBCD5200D7DF2009BE5ED /* Build configuration list for PBXNativeTarget "ExampleUniversalApplication" */;
			buildPhases = (
				F1DFBCA4200D7DF2009BE5ED /* Sources */,
				F1DFBCA5200D7DF2009BE5ED /* Frameworks */,
				F1DFBCA6200D7DF2009BE5ED /* Resources */,
			);
			buildRules = (
			);
			dependencies = (
			);
			name = ExampleUniversalApplication;
			productName = ExampleUniversalApplication;
			productReference = F1DFBCA8200D7DF2009BE5ED /* ExampleUniversalApplication.app */;
			productType = "com.apple.product-type.application";
		};
		F1DFBCC0200D7DF2009BE5ED /* ExampleUniversalApplicationTests */ = {
			isa = PBXNativeTarget;
			buildConfigurationList = F1DFBCD8200D7DF2009BE5ED /* Build configuration list for PBXNativeTarget "ExampleUniversalApplicationTests" */;
			buildPhases = (
				F1DFBCBD200D7DF2009BE5ED /* Sources */,
				F1DFBCBE200D7DF2009BE5ED /* Frameworks */,
				F1DFBCBF200D7DF2009BE5ED /* Resources */,
			);
			buildRules = (
			);
			dependencies = (
				F1DFBCC3200D7DF2009BE5ED /* PBXTargetDependency */,
			);
			name = ExampleUniversalApplicationTests;
			productName = ExampleUniversalApplicationTests;
			productReference = F1DFBCC1200D7DF2009BE5ED /* ExampleUniversalApplicationTests.xctest */;
			productType = "com.apple.product-type.bundle.unit-test";
		};
		F1DFBCCB200D7DF2009BE5ED /* ExampleUniversalApplicationUITests */ = {
			isa = PBXNativeTarget;
			buildConfigurationList = F1DFBCDB200D7DF2009BE5ED /* Build configuration list for PBXNativeTarget "ExampleUniversalApplicationUITests" */;
			buildPhases = (
				F1DFBCC8200D7DF2009BE5ED /* Sources */,
				F1DFBCC9200D7DF2009BE5ED /* Frameworks */,
				F1DFBCCA200D7DF2009BE5ED /* Resources */,
			);
			buildRules = (
			);
			dependencies = (
				F1DFBCCE200D7DF2009BE5ED /* PBXTargetDependency */,
			);
			name = ExampleUniversalApplicationUITests;
			productName = ExampleUniversalApplicationUITests;
			productReference = F1DFBCCC200D7DF2009BE5ED /* ExampleUniversalApplicationUITests.xctest */;
			productType = "com.apple.product-type.bundle.ui-testing";
		};
/* End PBXNativeTarget section */

/* Begin PBXProject section */
		F1DFBCA0200D7DF2009BE5ED /* Project object */ = {
			isa = PBXProject;
			attributes = {
				LastUpgradeCheck = 0820;
				ORGANIZATIONNAME = Tanmoy;
				TargetAttributes = {
					F1DFBCA7200D7DF2009BE5ED = {
						CreatedOnToolsVersion = 8.2.1;
						DevelopmentTeam = 8J3ZX75TJ7;
						ProvisioningStyle = Automatic;
					};
					F1DFBCC0200D7DF2009BE5ED = {
						CreatedOnToolsVersion = 8.2.1;
						DevelopmentTeam = 8J3ZX75TJ7;
						ProvisioningStyle = Automatic;
						TestTargetID = F1DFBCA7200D7DF2009BE5ED;
					};
					F1DFBCCB200D7DF2009BE5ED = {
						CreatedOnToolsVersion = 8.2.1;
						DevelopmentTeam = 8J3ZX75TJ7;
						ProvisioningStyle = Automatic;
						TestTargetID = F1DFBCA7200D7DF2009BE5ED;
					};
				};
			};
			buildConfigurationList = F1DFBCA3200D7DF2009BE5ED /* Build configuration list for PBXProject "ExampleUniversalApplication" */;
			compatibilityVersion = "Xcode 3.2";
			developmentRegion = English;
			hasScannedForEncodings = 0;
			knownRegions = (
				en,
				Base,
			);
			mainGroup = F1DFBC9F200D7DF2009BE5ED;
			productRefGroup = F1DFBCA9200D7DF2009BE5ED /* Products */;
			projectDirPath = "";
			projectRoot = "";
			targets = (
				F1DFBCA7200D7DF2009BE5ED /* ExampleUniversalApplication */,
				F1DFBCC0200D7DF2009BE5ED /* ExampleUniversalApplicationTests */,
				F1DFBCCB200D7DF2009BE5ED /* ExampleUniversalApplicationUITests */,
			);
		};
/* End PBXProject section */

/* Begin PBXResourcesBuildPhase section */
		F1DFBCA6200D7DF2009BE5ED /* Resources */ = {
			isa = PBXResourcesBuildPhase;
			buildActionMask = 2147483647;
			files = (
				F1DFBCBB200D7DF2009BE5ED /* LaunchScreen.storyboard in Resources */,
				F1DFBCB8200D7DF2009BE5ED /* Assets.xcassets in Resources */,
				F1DFBCB6200D7DF2009BE5ED /* Main.storyboard in Resources */,
			);
			runOnlyForDeploymentPostprocessing = 0;
		};
		F1DFBCBF200D7DF2009BE5ED /* Resources */ = {
			isa = PBXResourcesBuildPhase;
			buildActionMask = 2147483647;
			files = (
			);
			runOnlyForDeploymentPostprocessing = 0;
		};
		F1DFBCCA200D7DF2009BE5ED /* Resources */ = {
			isa = PBXResourcesBuildPhase;
			buildActionMask = 2147483647;
			files = (
			);
			runOnlyForDeploymentPostprocessing = 0;
		};
/* End PBXResourcesBuildPhase section */

/* Begin PBXSourcesBuildPhase section */
		F1DFBCA4200D7DF2009BE5ED /* Sources */ = {
			isa = PBXSourcesBuildPhase;
			buildActionMask = 2147483647;
			files = (
				F1DFBCB3200D7DF2009BE5ED /* ViewController.m in Sources */,
				F1DFBCB0200D7DF2009BE5ED /* AppDelegate.m in Sources */,
				F1DFBCAD200D7DF2009BE5ED /* main.m in Sources */,
			);
			runOnlyForDeploymentPostprocessing = 0;
		};
		F1DFBCBD200D7DF2009BE5ED /* Sources */ = {
			isa = PBXSourcesBuildPhase;
			buildActionMask = 2147483647;
			files = (
				F1DFBCC6200D7DF2009BE5ED /* ExampleUniversalApplicationTests.m in Sources */,
			);
			runOnlyForDeploymentPostprocessing = 0;
		};
		F1DFBCC8200D7DF2009BE5ED /* Sources */ = {
			isa = PBXSourcesBuildPhase;
			buildActionMask = 2147483647;
			files = (
				F1DFBCD1200D7DF2009BE5ED /* ExampleUniversalApplicationUITests.m in Sources */,
			);
			runOnlyForDeploymentPostprocessing = 0;
		};
/* End PBXSourcesBuildPhase section */

/* Begin PBXTargetDependency section */
		F1DFBCC3200D7DF2009BE5ED /* PBXTargetDependency */ = {
			isa = PBXTargetDependency;
			target = F1DFBCA7200D7DF2009BE5ED /* ExampleUniversalApplication */;
			targetProxy = F1DFBCC2200D7DF2009BE5ED /* PBXContainerItemProxy */;
		};
		F1DFBCCE200D7DF2009BE5ED /* PBXTargetDependency */ = {
			isa = PBXTargetDependency;
			target = F1DFBCA7200D7DF2009BE5ED /* ExampleUniversalApplication */;
			targetProxy = F1DFBCCD200D7DF2009BE5ED /* PBXContainerItemProxy */;
		};
/* End PBXTargetDependency section */

/* Begin PBXVariantGroup section */
		F1DFBCB4200D7DF2009BE5ED /* Main.storyboard */ = {
			isa = PBXVariantGroup;
			children = (
				F1DFBCB5200D7DF2009BE5ED /* Base */,
			);
			name = Main.storyboard;
			sourceTree = "<group>";
		};
		F1DFBCB9200D7DF2009BE5ED /* LaunchScreen.storyboard */ = {
			isa = PBXVariantGroup;
			children = (
				F1DFBCBA200D7DF2009BE5ED /* Base */,
			);
			name = LaunchScreen.storyboard;
			sourceTree = "<group>";
		};
/* End PBXVariantGroup section */

/* Begin XCBuildConfiguration section */
		F1DFBCD3200D7DF2009BE5ED /* Debug */ = {
			isa = XCBuildConfiguration;
			buildSettings = {
				ALWAYS_SEARCH_USER_PATHS = NO;
				CLANG_ANALYZER_NONNULL = YES;
				CLANG_CXX_LANGUAGE_STANDARD = "gnu++0x";
				CLANG_CXX_LIBRARY = "libc++";
				CLANG_ENABLE_MODULES = YES;
				CLANG_ENABLE_OBJC_ARC = YES;
				CLANG_WARN_BOOL_CONVERSION = YES;
				CLANG_WARN_CONSTANT_CONVERSION = YES;
				CLANG_WARN_DIRECT_OBJC_ISA_USAGE = YES_ERROR;
				CLANG_WARN_DOCUMENTATION_COMMENTS = YES;
				CLANG_WARN_EMPTY_BODY = YES;
				CLANG_WARN_ENUM_CONVERSION = YES;
				CLANG_WARN_INFINITE_RECURSION = YES;
				CLANG_WARN_INT_CONVERSION = YES;
				CLANG_WARN_OBJC_ROOT_CLASS = YES_ERROR;
				CLANG_WARN_SUSPICIOUS_MOVE = YES;
				CLANG_WARN_UNREACHABLE_CODE = YES;
				CLANG_WARN__DUPLICATE_METHOD_MATCH = YES;
				"CODE_SIGN_IDENTITY[sdk=iphoneos*]" = "iPhone Developer";
				COPY_PHASE_STRIP = NO;
				DEBUG_INFORMATION_FORMAT = dwarf;
				ENABLE_STRICT_OBJC_MSGSEND = YES;
				ENABLE_TESTABILITY = YES;
				GCC_C_LANGUAGE_STANDARD = gnu99;
				GCC_DYNAMIC_NO_PIC = NO;
				GCC_NO_COMMON_BLOCKS = YES;
				GCC_OPTIMIZATION_LEVEL = 0;
				GCC_PREPROCESSOR_DEFINITIONS = (
					"DEBUG=1",
					"$(inherited)",
				);
				GCC_WARN_64_TO_32_BIT_CONVERSION = YES;
				GCC_WARN_ABOUT_RETURN_TYPE = YES_ERROR;
				GCC_WARN_UNDECLARED_SELECTOR = YES;
				GCC_WARN_UNINITIALIZED_AUTOS = YES_AGGRESSIVE;
				GCC_WARN_UNUSED_FUNCTION = YES;
				GCC_WARN_UNUSED_VARIABLE = YES;
				IPHONEOS_DEPLOYMENT_TARGET = 10.2;
				MTL_ENABLE_DEBUG_INFO = YES;
				ONLY_ACTIVE_ARCH = YES;
				SDKROOT = iphoneos;
				TARGETED_DEVICE_FAMILY = "1,2";
			};
			name = Debug;
		};
		F1DFBCD4200D7DF2009BE5ED /* Release */ = {
			isa = XCBuildConfiguration;
			buildSettings = {
				ALWAYS_SEARCH_USER_PATHS = NO;
				CLANG_ANALYZER_NONNULL = YES;
				CLANG_CXX_LANGUAGE_STANDARD = "gnu++0x";
				CLANG_CXX_LIBRARY = "libc++";
				CLANG_ENABLE_MODULES = YES;
				CLANG_ENABLE_OBJC_ARC = YES;
				CLANG_WARN_BOOL_CONVERSION = YES;
				CLANG_WARN_CONSTANT_CONVERSION = YES;
				CLANG_WARN_DIRECT_OBJC_ISA_USAGE = YES_ERROR;
				CLANG_WARN_DOCUMENTATION_COMMENTS = YES;
				CLANG_WARN_EMPTY_BODY = YES;
				CLANG_WARN_ENUM_CONVERSION = YES;
				CLANG_WARN_INFINITE_RECURSION = YES;
				CLANG_WARN_INT_CONVERSION = YES;
				CLANG_WARN_OBJC_ROOT_CLASS = YES_ERROR;
				CLANG_WARN_SUSPICIOUS_MOVE = YES;
				CLANG_WARN_UNREACHABLE_CODE = YES;
				CLANG_WARN__DUPLICATE_METHOD_MATCH = YES;
				"CODE_SIGN_IDENTITY[sdk=iphoneos*]" = "iPhone Developer";
				COPY_PHASE_STRIP = NO;
				DEBUG_INFORMATION_FORMAT = "dwarf-with-dsym";
				ENABLE_NS_ASSERTIONS = NO;
				ENABLE_STRICT_OBJC_MSGSEND = YES;
				GCC_C_LANGUAGE_STANDARD = gnu99;
				GCC_NO_COMMON_BLOCKS = YES;
				GCC_WARN_64_TO_32_BIT_CONVERSION = YES;
				GCC_WARN_ABOUT_RETURN_TYPE = YES_ERROR;
				GCC_WARN_UNDECLARED_SELECTOR = YES;
				GCC_WARN_UNINITIALIZED_AUTOS = YES_AGGRESSIVE;
				GCC_WARN_UNUSED_FUNCTION = YES;
				GCC_WARN_UNUSED_VARIABLE = YES;
				IPHONEOS_DEPLOYMENT_TARGET = 10.2;
				MTL_ENABLE_DEBUG_INFO = NO;
				SDKROOT = iphoneos;
				TARGETED_DEVICE_FAMILY = "1,2";
				VALIDATE_PRODUCT = YES;
			};
			name = Release;
		};
		F1DFBCD6200D7DF2009BE5ED /* Debug */ = {
			isa = XCBuildConfiguration;
			buildSettings = {
				ASSETCATALOG_COMPILER_APPICON_NAME = AppIcon;
				DEVELOPMENT_TEAM = 8J3ZX75TJ7;
				INFOPLIST_FILE = ExampleUniversalApplication/Info.plist;
				LD_RUNPATH_SEARCH_PATHS = "$(inherited) @executable_path/Frameworks";
				PRODUCT_BUNDLE_IDENTIFIER = "Univ-La-Rochelle.ExampleUniversalApplication";
				PRODUCT_NAME = "$(TARGET_NAME)";
			};
			name = Debug;
		};
		F1DFBCD7200D7DF2009BE5ED /* Release */ = {
			isa = XCBuildConfiguration;
			buildSettings = {
				ASSETCATALOG_COMPILER_APPICON_NAME = AppIcon;
				DEVELOPMENT_TEAM = 8J3ZX75TJ7;
				INFOPLIST_FILE = ExampleUniversalApplication/Info.plist;
				LD_RUNPATH_SEARCH_PATHS = "$(inherited) @executable_path/Frameworks";
				PRODUCT_BUNDLE_IDENTIFIER = "Univ-La-Rochelle.ExampleUniversalApplication";
				PRODUCT_NAME = "$(TARGET_NAME)";
			};
			name = Release;
		};
		F1DFBCD9200D7DF2009BE5ED /* Debug */ = {
			isa = XCBuildConfiguration;
			buildSettings = {
				BUNDLE_LOADER = "$(TEST_HOST)";
				DEVELOPMENT_TEAM = 8J3ZX75TJ7;
				INFOPLIST_FILE = ExampleUniversalApplicationTests/Info.plist;
				LD_RUNPATH_SEARCH_PATHS = "$(inherited) @executable_path/Frameworks @loader_path/Frameworks";
				PRODUCT_BUNDLE_IDENTIFIER = "Univ-La-Rochelle.ExampleUniversalApplicationTests";
				PRODUCT_NAME = "$(TARGET_NAME)";
				TEST_HOST = "$(BUILT_PRODUCTS_DIR)/ExampleUniversalApplication.app/ExampleUniversalApplication";
			};
			name = Debug;
		};
		F1DFBCDA200D7DF2009BE5ED /* Release */ = {
			isa = XCBuildConfiguration;
			buildSettings = {
				BUNDLE_LOADER = "$(TEST_HOST)";
				DEVELOPMENT_TEAM = 8J3ZX75TJ7;
				INFOPLIST_FILE = ExampleUniversalApplicationTests/Info.plist;
				LD_RUNPATH_SEARCH_PATHS = "$(inherited) @executable_path/Frameworks @loader_path/Frameworks";
				PRODUCT_BUNDLE_IDENTIFIER = "Univ-La-Rochelle.ExampleUniversalApplicationTests";
				PRODUCT_NAME = "$(TARGET_NAME)";
				TEST_HOST = "$(BUILT_PRODUCTS_DIR)/ExampleUniversalApplication.app/ExampleUniversalApplication";
			};
			name = Release;
		};
		F1DFBCDC200D7DF2009BE5ED /* Debug */ = {
			isa = XCBuildConfiguration;
			buildSettings = {
				DEVELOPMENT_TEAM = 8J3ZX75TJ7;
				INFOPLIST_FILE = ExampleUniversalApplicationUITests/Info.plist;
				LD_RUNPATH_SEARCH_PATHS = "$(inherited) @executable_path/Frameworks @loader_path/Frameworks";
				PRODUCT_BUNDLE_IDENTIFIER = "Univ-La-Rochelle.ExampleUniversalApplicationUITests";
				PRODUCT_NAME = "$(TARGET_NAME)";
				TEST_TARGET_NAME = ExampleUniversalApplication;
			};
			name = Debug;
		};
		F1DFBCDD200D7DF2009BE5ED /* Release */ = {
			isa = XCBuildConfiguration;
			buildSettings = {
				DEVELOPMENT_TEAM = 8J3ZX75TJ7;
				INFOPLIST_FILE = ExampleUniversalApplicationUITests/Info.plist;
				LD_RUNPATH_SEARCH_PATHS = "$(inherited) @executable_path/Frameworks @loader_path/Frameworks";
				PRODUCT_BUNDLE_IDENTIFIER = "Univ-La-Rochelle.ExampleUniversalApplicationUITests";
				PRODUCT_NAME = "$(TARGET_NAME)";
				TEST_TARGET_NAME = ExampleUniversalApplication;
			};
			name = Release;
		};
/* End XCBuildConfiguration section */

/* Begin XCConfigurationList section */
		F1DFBCA3200D7DF2009BE5ED /* Build configuration list for PBXProject "ExampleUniversalApplication" */ = {
			isa = XCConfigurationList;
			buildConfigurations = (
				F1DFBCD3200D7DF2009BE5ED /* Debug */,
				F1DFBCD4200D7DF2009BE5ED /* Release */,
			);
			defaultConfigurationIsVisible = 0;
			defaultConfigurationName = Release;
		};
		F1DFBCD5200D7DF2009BE5ED /* Build configuration list for PBXNativeTarget "ExampleUniversalApplication" */ = {
			isa = XCConfigurationList;
			buildConfigurations = (
				F1DFBCD6200D7DF2009BE5ED /* Debug */,
				F1DFBCD7200D7DF2009BE5ED /* Release */,
			);
			defaultConfigurationIsVisible = 0;
		};
		F1DFBCD8200D7DF2009BE5ED /* Build configuration list for PBXNativeTarget "ExampleUniversalApplicationTests" */ = {
			isa = XCConfigurationList;
			buildConfigurations = (
				F1DFBCD9200D7DF2009BE5ED /* Debug */,
				F1DFBCDA200D7DF2009BE5ED /* Release */,
			);
			defaultConfigurationIsVisible = 0;
		};
		F1DFBCDB200D7DF2009BE5ED /* Build configuration list for PBXNativeTarget "ExampleUniversalApplicationUITests" */ = {
			isa = XCConfigurationList;
			buildConfigurations = (
				F1DFBCDC200D7DF2009BE5ED /* Debug */,
				F1DFBCDD200D7DF2009BE5ED /* Release */,
			);
			defaultConfigurationIsVisible = 0;
		};
/* End XCConfigurationList section */
	};
	rootObject = F1DFBCA0200D7DF2009BE5ED /* Project object */;
}
