// !$*UTF8*$!
{
	archiveVersion = 1;
	classes = {
	};
	objectVersion = 46;
	objects = {

/* Begin PBXBuildFile section */
		F1DFBA67200BFABB009BE5ED /* main.m in Sources */ = {isa = PBXBuildFile; fileRef = F1DFBA66200BFABB009BE5ED /* main.m */; };
		F1DFBA6A200BFABB009BE5ED /* AppDelegate.m in Sources */ = {isa = PBXBuildFile; fileRef = F1DFBA69200BFABB009BE5ED /* AppDelegate.m */; };
		F1DFBA6D200BFABB009BE5ED /* ViewController.m in Sources */ = {isa = PBXBuildFile; fileRef = F1DFBA6C200BFABB009BE5ED /* ViewController.m */; };
		F1DFBA70200BFABB009BE5ED /* Main.storyboard in Resources */ = {isa = PBXBuildFile; fileRef = F1DFBA6E200BFABB009BE5ED /* Main.storyboard */; };
		F1DFBA72200BFABB009BE5ED /* Assets.xcassets in Resources */ = {isa = PBXBuildFile; fileRef = F1DFBA71200BFABB009BE5ED /* Assets.xcassets */; };
		F1DFBA75200BFABB009BE5ED /* LaunchScreen.storyboard in Resources */ = {isa = PBXBuildFile; fileRef = F1DFBA73200BFABB009BE5ED /* LaunchScreen.storyboard */; };
		F1DFBA80200BFABB009BE5ED /* ExampleEmailSendTests.m in Sources */ = {isa = PBXBuildFile; fileRef = F1DFBA7F200BFABB009BE5ED /* ExampleEmailSendTests.m */; };
		F1DFBA8B200BFABB009BE5ED /* ExampleEmailSendUITests.m in Sources */ = {isa = PBXBuildFile; fileRef = F1DFBA8A200BFABB009BE5ED /* ExampleEmailSendUITests.m */; };
		F1DFBA9A200BFD10009BE5ED /* MessageUI.framework in Frameworks */ = {isa = PBXBuildFile; fileRef = F1DFBA99200BFD10009BE5ED /* MessageUI.framework */; };
/* End PBXBuildFile section */

/* Begin PBXContainerItemProxy section */
		F1DFBA7C200BFABB009BE5ED /* PBXContainerItemProxy */ = {
			isa = PBXContainerItemProxy;
			containerPortal = F1DFBA5A200BFABB009BE5ED /* Project object */;
			proxyType = 1;
			remoteGlobalIDString = F1DFBA61200BFABB009BE5ED;
			remoteInfo = ExampleEmailSend;
		};
		F1DFBA87200BFABB009BE5ED /* PBXContainerItemProxy */ = {
			isa = PBXContainerItemProxy;
			containerPortal = F1DFBA5A200BFABB009BE5ED /* Project object */;
			proxyType = 1;
			remoteGlobalIDString = F1DFBA61200BFABB009BE5ED;
			remoteInfo = ExampleEmailSend;
		};
/* End PBXContainerItemProxy section */

/* Begin PBXFileReference section */
		F1DFBA62200BFABB009BE5ED /* ExampleEmailSend.app */ = {isa = PBXFileReference; explicitFileType = wrapper.application; includeInIndex = 0; path = ExampleEmailSend.app; sourceTree = BUILT_PRODUCTS_DIR; };
		F1DFBA66200BFABB009BE5ED /* main.m */ = {isa = PBXFileReference; lastKnownFileType = sourcecode.c.objc; path = main.m; sourceTree = "<group>"; };
		F1DFBA68200BFABB009BE5ED /* AppDelegate.h */ = {isa = PBXFileReference; lastKnownFileType = sourcecode.c.h; path = AppDelegate.h; sourceTree = "<group>"; };
		F1DFBA69200BFABB009BE5ED /* AppDelegate.m */ = {isa = PBXFileReference; lastKnownFileType = sourcecode.c.objc; path = AppDelegate.m; sourceTree = "<group>"; };
		F1DFBA6B200BFABB009BE5ED /* ViewController.h */ = {isa = PBXFileReference; lastKnownFileType = sourcecode.c.h; path = ViewController.h; sourceTree = "<group>"; };
		F1DFBA6C200BFABB009BE5ED /* ViewController.m */ = {isa = PBXFileReference; lastKnownFileType = sourcecode.c.objc; path = ViewController.m; sourceTree = "<group>"; };
		F1DFBA6F200BFABB009BE5ED /* Base */ = {isa = PBXFileReference; lastKnownFileType = file.storyboard; name = Base; path = Base.lproj/Main.storyboard; sourceTree = "<group>"; };
		F1DFBA71200BFABB009BE5ED /* Assets.xcassets */ = {isa = PBXFileReference; lastKnownFileType = folder.assetcatalog; path = Assets.xcassets; sourceTree = "<group>"; };
		F1DFBA74200BFABB009BE5ED /* Base */ = {isa = PBXFileReference; lastKnownFileType = file.storyboard; name = Base; path = Base.lproj/LaunchScreen.storyboard; sourceTree = "<group>"; };
		F1DFBA76200BFABB009BE5ED /* Info.plist */ = {isa = PBXFileReference; lastKnownFileType = text.plist.xml; path = Info.plist; sourceTree = "<group>"; };
		F1DFBA7B200BFABB009BE5ED /* ExampleEmailSendTests.xctest */ = {isa = PBXFileReference; explicitFileType = wrapper.cfbundle; includeInIndex = 0; path = ExampleEmailSendTests.xctest; sourceTree = BUILT_PRODUCTS_DIR; };
		F1DFBA7F200BFABB009BE5ED /* ExampleEmailSendTests.m */ = {isa = PBXFileReference; lastKnownFileType = sourcecode.c.objc; path = ExampleEmailSendTests.m; sourceTree = "<group>"; };
		F1DFBA81200BFABB009BE5ED /* Info.plist */ = {isa = PBXFileReference; lastKnownFileType = text.plist.xml; path = Info.plist; sourceTree = "<group>"; };
		F1DFBA86200BFABB009BE5ED /* ExampleEmailSendUITests.xctest */ = {isa = PBXFileReference; explicitFileType = wrapper.cfbundle; includeInIndex = 0; path = ExampleEmailSendUITests.xctest; sourceTree = BUILT_PRODUCTS_DIR; };
		F1DFBA8A200BFABB009BE5ED /* ExampleEmailSendUITests.m */ = {isa = PBXFileReference; lastKnownFileType = sourcecode.c.objc; path = ExampleEmailSendUITests.m; sourceTree = "<group>"; };
		F1DFBA8C200BFABB009BE5ED /* Info.plist */ = {isa = PBXFileReference; lastKnownFileType = text.plist.xml; path = Info.plist; sourceTree = "<group>"; };
		F1DFBA99200BFD10009BE5ED /* MessageUI.framework */ = {isa = PBXFileReference; lastKnownFileType = wrapper.framework; name = MessageUI.framework; path = System/Library/Frameworks/MessageUI.framework; sourceTree = SDKROOT; };
/* End PBXFileReference section */

/* Begin PBXFrameworksBuildPhase section */
		F1DFBA5F200BFABB009BE5ED /* Frameworks */ = {
			isa = PBXFrameworksBuildPhase;
			buildActionMask = 2147483647;
			files = (
				F1DFBA9A200BFD10009BE5ED /* MessageUI.framework in Frameworks */,
			);
			runOnlyForDeploymentPostprocessing = 0;
		};
		F1DFBA78200BFABB009BE5ED /* Frameworks */ = {
			isa = PBXFrameworksBuildPhase;
			buildActionMask = 2147483647;
			files = (
			);
			runOnlyForDeploymentPostprocessing = 0;
		};
		F1DFBA83200BFABB009BE5ED /* Frameworks */ = {
			isa = PBXFrameworksBuildPhase;
			buildActionMask = 2147483647;
			files = (
			);
			runOnlyForDeploymentPostprocessing = 0;
		};
/* End PBXFrameworksBuildPhase section */

/* Begin PBXGroup section */
		F1DFBA59200BFABB009BE5ED = {
			isa = PBXGroup;
			children = (
				F1DFBA64200BFABB009BE5ED /* ExampleEmailSend */,
				F1DFBA7E200BFABB009BE5ED /* ExampleEmailSendTests */,
				F1DFBA89200BFABB009BE5ED /* ExampleEmailSendUITests */,
				F1DFBA63200BFABB009BE5ED /* Products */,
				F1DFBA98200BFD0F009BE5ED /* Frameworks */,
			);
			sourceTree = "<group>";
		};
		F1DFBA63200BFABB009BE5ED /* Products */ = {
			isa = PBXGroup;
			children = (
				F1DFBA62200BFABB009BE5ED /* ExampleEmailSend.app */,
				F1DFBA7B200BFABB009BE5ED /* ExampleEmailSendTests.xctest */,
				F1DFBA86200BFABB009BE5ED /* ExampleEmailSendUITests.xctest */,
			);
			name = Products;
			sourceTree = "<group>";
		};
		F1DFBA64200BFABB009BE5ED /* ExampleEmailSend */ = {
			isa = PBXGroup;
			children = (
				F1DFBA68200BFABB009BE5ED /* AppDelegate.h */,
				F1DFBA69200BFABB009BE5ED /* AppDelegate.m */,
				F1DFBA6B200BFABB009BE5ED /* ViewController.h */,
				F1DFBA6C200BFABB009BE5ED /* ViewController.m */,
				F1DFBA6E200BFABB009BE5ED /* Main.storyboard */,
				F1DFBA71200BFABB009BE5ED /* Assets.xcassets */,
				F1DFBA73200BFABB009BE5ED /* LaunchScreen.storyboard */,
				F1DFBA76200BFABB009BE5ED /* Info.plist */,
				F1DFBA65200BFABB009BE5ED /* Supporting Files */,
			);
			path = ExampleEmailSend;
			sourceTree = "<group>";
		};
		F1DFBA65200BFABB009BE5ED /* Supporting Files */ = {
			isa = PBXGroup;
			children = (
				F1DFBA66200BFABB009BE5ED /* main.m */,
			);
			name = "Supporting Files";
			sourceTree = "<group>";
		};
		F1DFBA7E200BFABB009BE5ED /* ExampleEmailSendTests */ = {
			isa = PBXGroup;
			children = (
				F1DFBA7F200BFABB009BE5ED /* ExampleEmailSendTests.m */,
				F1DFBA81200BFABB009BE5ED /* Info.plist */,
			);
			path = ExampleEmailSendTests;
			sourceTree = "<group>";
		};
		F1DFBA89200BFABB009BE5ED /* ExampleEmailSendUITests */ = {
			isa = PBXGroup;
			children = (
				F1DFBA8A200BFABB009BE5ED /* ExampleEmailSendUITests.m */,
				F1DFBA8C200BFABB009BE5ED /* Info.plist */,
			);
			path = ExampleEmailSendUITests;
			sourceTree = "<group>";
		};
		F1DFBA98200BFD0F009BE5ED /* Frameworks */ = {
			isa = PBXGroup;
			children = (
				F1DFBA99200BFD10009BE5ED /* MessageUI.framework */,
			);
			name = Frameworks;
			sourceTree = "<group>";
		};
/* End PBXGroup section */

/* Begin PBXNativeTarget section */
		F1DFBA61200BFABB009BE5ED /* ExampleEmailSend */ = {
			isa = PBXNativeTarget;
			buildConfigurationList = F1DFBA8F200BFABB009BE5ED /* Build configuration list for PBXNativeTarget "ExampleEmailSend" */;
			buildPhases = (
				F1DFBA5E200BFABB009BE5ED /* Sources */,
				F1DFBA5F200BFABB009BE5ED /* Frameworks */,
				F1DFBA60200BFABB009BE5ED /* Resources */,
			);
			buildRules = (
			);
			dependencies = (
			);
			name = ExampleEmailSend;
			productName = ExampleEmailSend;
			productReference = F1DFBA62200BFABB009BE5ED /* ExampleEmailSend.app */;
			productType = "com.apple.product-type.application";
		};
		F1DFBA7A200BFABB009BE5ED /* ExampleEmailSendTests */ = {
			isa = PBXNativeTarget;
			buildConfigurationList = F1DFBA92200BFABB009BE5ED /* Build configuration list for PBXNativeTarget "ExampleEmailSendTests" */;
			buildPhases = (
				F1DFBA77200BFABB009BE5ED /* Sources */,
				F1DFBA78200BFABB009BE5ED /* Frameworks */,
				F1DFBA79200BFABB009BE5ED /* Resources */,
			);
			buildRules = (
			);
			dependencies = (
				F1DFBA7D200BFABB009BE5ED /* PBXTargetDependency */,
			);
			name = ExampleEmailSendTests;
			productName = ExampleEmailSendTests;
			productReference = F1DFBA7B200BFABB009BE5ED /* ExampleEmailSendTests.xctest */;
			productType = "com.apple.product-type.bundle.unit-test";
		};
		F1DFBA85200BFABB009BE5ED /* ExampleEmailSendUITests */ = {
			isa = PBXNativeTarget;
			buildConfigurationList = F1DFBA95200BFABB009BE5ED /* Build configuration list for PBXNativeTarget "ExampleEmailSendUITests" */;
			buildPhases = (
				F1DFBA82200BFABB009BE5ED /* Sources */,
				F1DFBA83200BFABB009BE5ED /* Frameworks */,
				F1DFBA84200BFABB009BE5ED /* Resources */,
			);
			buildRules = (
			);
			dependencies = (
				F1DFBA88200BFABB009BE5ED /* PBXTargetDependency */,
			);
			name = ExampleEmailSendUITests;
			productName = ExampleEmailSendUITests;
			productReference = F1DFBA86200BFABB009BE5ED /* ExampleEmailSendUITests.xctest */;
			productType = "com.apple.product-type.bundle.ui-testing";
		};
/* End PBXNativeTarget section */

/* Begin PBXProject section */
		F1DFBA5A200BFABB009BE5ED /* Project object */ = {
			isa = PBXProject;
			attributes = {
				LastUpgradeCheck = 0820;
				ORGANIZATIONNAME = Tanmoy;
				TargetAttributes = {
					F1DFBA61200BFABB009BE5ED = {
						CreatedOnToolsVersion = 8.2.1;
						DevelopmentTeam = 8J3ZX75TJ7;
						ProvisioningStyle = Automatic;
					};
					F1DFBA7A200BFABB009BE5ED = {
						CreatedOnToolsVersion = 8.2.1;
						DevelopmentTeam = 8J3ZX75TJ7;
						ProvisioningStyle = Automatic;
						TestTargetID = F1DFBA61200BFABB009BE5ED;
					};
					F1DFBA85200BFABB009BE5ED = {
						CreatedOnToolsVersion = 8.2.1;
						DevelopmentTeam = 8J3ZX75TJ7;
						ProvisioningStyle = Automatic;
						TestTargetID = F1DFBA61200BFABB009BE5ED;
					};
				};
			};
			buildConfigurationList = F1DFBA5D200BFABB009BE5ED /* Build configuration list for PBXProject "ExampleEmailSend" */;
			compatibilityVersion = "Xcode 3.2";
			developmentRegion = English;
			hasScannedForEncodings = 0;
			knownRegions = (
				en,
				Base,
			);
			mainGroup = F1DFBA59200BFABB009BE5ED;
			productRefGroup = F1DFBA63200BFABB009BE5ED /* Products */;
			projectDirPath = "";
			projectRoot = "";
			targets = (
				F1DFBA61200BFABB009BE5ED /* ExampleEmailSend */,
				F1DFBA7A200BFABB009BE5ED /* ExampleEmailSendTests */,
				F1DFBA85200BFABB009BE5ED /* ExampleEmailSendUITests */,
			);
		};
/* End PBXProject section */

/* Begin PBXResourcesBuildPhase section */
		F1DFBA60200BFABB009BE5ED /* Resources */ = {
			isa = PBXResourcesBuildPhase;
			buildActionMask = 2147483647;
			files = (
				F1DFBA75200BFABB009BE5ED /* LaunchScreen.storyboard in Resources */,
				F1DFBA72200BFABB009BE5ED /* Assets.xcassets in Resources */,
				F1DFBA70200BFABB009BE5ED /* Main.storyboard in Resources */,
			);
			runOnlyForDeploymentPostprocessing = 0;
		};
		F1DFBA79200BFABB009BE5ED /* Resources */ = {
			isa = PBXResourcesBuildPhase;
			buildActionMask = 2147483647;
			files = (
			);
			runOnlyForDeploymentPostprocessing = 0;
		};
		F1DFBA84200BFABB009BE5ED /* Resources */ = {
			isa = PBXResourcesBuildPhase;
			buildActionMask = 2147483647;
			files = (
			);
			runOnlyForDeploymentPostprocessing = 0;
		};
/* End PBXResourcesBuildPhase section */

/* Begin PBXSourcesBuildPhase section */
		F1DFBA5E200BFABB009BE5ED /* Sources */ = {
			isa = PBXSourcesBuildPhase;
			buildActionMask = 2147483647;
			files = (
				F1DFBA6D200BFABB009BE5ED /* ViewController.m in Sources */,
				F1DFBA6A200BFABB009BE5ED /* AppDelegate.m in Sources */,
				F1DFBA67200BFABB009BE5ED /* main.m in Sources */,
			);
			runOnlyForDeploymentPostprocessing = 0;
		};
		F1DFBA77200BFABB009BE5ED /* Sources */ = {
			isa = PBXSourcesBuildPhase;
			buildActionMask = 2147483647;
			files = (
				F1DFBA80200BFABB009BE5ED /* ExampleEmailSendTests.m in Sources */,
			);
			runOnlyForDeploymentPostprocessing = 0;
		};
		F1DFBA82200BFABB009BE5ED /* Sources */ = {
			isa = PBXSourcesBuildPhase;
			buildActionMask = 2147483647;
			files = (
				F1DFBA8B200BFABB009BE5ED /* ExampleEmailSendUITests.m in Sources */,
			);
			runOnlyForDeploymentPostprocessing = 0;
		};
/* End PBXSourcesBuildPhase section */

/* Begin PBXTargetDependency section */
		F1DFBA7D200BFABB009BE5ED /* PBXTargetDependency */ = {
			isa = PBXTargetDependency;
			target = F1DFBA61200BFABB009BE5ED /* ExampleEmailSend */;
			targetProxy = F1DFBA7C200BFABB009BE5ED /* PBXContainerItemProxy */;
		};
		F1DFBA88200BFABB009BE5ED /* PBXTargetDependency */ = {
			isa = PBXTargetDependency;
			target = F1DFBA61200BFABB009BE5ED /* ExampleEmailSend */;
			targetProxy = F1DFBA87200BFABB009BE5ED /* PBXContainerItemProxy */;
		};
/* End PBXTargetDependency section */

/* Begin PBXVariantGroup section */
		F1DFBA6E200BFABB009BE5ED /* Main.storyboard */ = {
			isa = PBXVariantGroup;
			children = (
				F1DFBA6F200BFABB009BE5ED /* Base */,
			);
			name = Main.storyboard;
			sourceTree = "<group>";
		};
		F1DFBA73200BFABB009BE5ED /* LaunchScreen.storyboard */ = {
			isa = PBXVariantGroup;
			children = (
				F1DFBA74200BFABB009BE5ED /* Base */,
			);
			name = LaunchScreen.storyboard;
			sourceTree = "<group>";
		};
/* End PBXVariantGroup section */

/* Begin XCBuildConfiguration section */
		F1DFBA8D200BFABB009BE5ED /* Debug */ = {
			isa = XCBuildConfiguration;
			buildSettings = {
				ALWAYS_SEARCH_USER_PATHS = NO;
				CLANG_ANALYZER_NONNULL = YES;
				CLANG_CXX_LANGUAGE_STANDARD = "gnu++0x";
				CLANG_CXX_LIBRARY = "libc++";
				CLANG_ENABLE_MODULES = YES;
				CLANG_ENABLE_OBJC_ARC = YES;
				CLANG_WARN_BOOL_CONVERSION = YES;
				CLANG_WARN_CONSTANT_CONVERSION = YES;
				CLANG_WARN_DIRECT_OBJC_ISA_USAGE = YES_ERROR;
				CLANG_WARN_DOCUMENTATION_COMMENTS = YES;
				CLANG_WARN_EMPTY_BODY = YES;
				CLANG_WARN_ENUM_CONVERSION = YES;
				CLANG_WARN_INFINITE_RECURSION = YES;
				CLANG_WARN_INT_CONVERSION = YES;
				CLANG_WARN_OBJC_ROOT_CLASS = YES_ERROR;
				CLANG_WARN_SUSPICIOUS_MOVE = YES;
				CLANG_WARN_UNREACHABLE_CODE = YES;
				CLANG_WARN__DUPLICATE_METHOD_MATCH = YES;
				"CODE_SIGN_IDENTITY[sdk=iphoneos*]" = "iPhone Developer";
				COPY_PHASE_STRIP = NO;
				DEBUG_INFORMATION_FORMAT = dwarf;
				ENABLE_STRICT_OBJC_MSGSEND = YES;
				ENABLE_TESTABILITY = YES;
				GCC_C_LANGUAGE_STANDARD = gnu99;
				GCC_DYNAMIC_NO_PIC = NO;
				GCC_NO_COMMON_BLOCKS = YES;
				GCC_OPTIMIZATION_LEVEL = 0;
				GCC_PREPROCESSOR_DEFINITIONS = (
					"DEBUG=1",
					"$(inherited)",
				);
				GCC_WARN_64_TO_32_BIT_CONVERSION = YES;
				GCC_WARN_ABOUT_RETURN_TYPE = YES_ERROR;
				GCC_WARN_UNDECLARED_SELECTOR = YES;
				GCC_WARN_UNINITIALIZED_AUTOS = YES_AGGRESSIVE;
				GCC_WARN_UNUSED_FUNCTION = YES;
				GCC_WARN_UNUSED_VARIABLE = YES;
				IPHONEOS_DEPLOYMENT_TARGET = 10.2;
				MTL_ENABLE_DEBUG_INFO = YES;
				ONLY_ACTIVE_ARCH = YES;
				SDKROOT = iphoneos;
				TARGETED_DEVICE_FAMILY = "1,2";
			};
			name = Debug;
		};
		F1DFBA8E200BFABB009BE5ED /* Release */ = {
			isa = XCBuildConfiguration;
			buildSettings = {
				ALWAYS_SEARCH_USER_PATHS = NO;
				CLANG_ANALYZER_NONNULL = YES;
				CLANG_CXX_LANGUAGE_STANDARD = "gnu++0x";
				CLANG_CXX_LIBRARY = "libc++";
				CLANG_ENABLE_MODULES = YES;
				CLANG_ENABLE_OBJC_ARC = YES;
				CLANG_WARN_BOOL_CONVERSION = YES;
				CLANG_WARN_CONSTANT_CONVERSION = YES;
				CLANG_WARN_DIRECT_OBJC_ISA_USAGE = YES_ERROR;
				CLANG_WARN_DOCUMENTATION_COMMENTS = YES;
				CLANG_WARN_EMPTY_BODY = YES;
				CLANG_WARN_ENUM_CONVERSION = YES;
				CLANG_WARN_INFINITE_RECURSION = YES;
				CLANG_WARN_INT_CONVERSION = YES;
				CLANG_WARN_OBJC_ROOT_CLASS = YES_ERROR;
				CLANG_WARN_SUSPICIOUS_MOVE = YES;
				CLANG_WARN_UNREACHABLE_CODE = YES;
				CLANG_WARN__DUPLICATE_METHOD_MATCH = YES;
				"CODE_SIGN_IDENTITY[sdk=iphoneos*]" = "iPhone Developer";
				COPY_PHASE_STRIP = NO;
				DEBUG_INFORMATION_FORMAT = "dwarf-with-dsym";
				ENABLE_NS_ASSERTIONS = NO;
				ENABLE_STRICT_OBJC_MSGSEND = YES;
				GCC_C_LANGUAGE_STANDARD = gnu99;
				GCC_NO_COMMON_BLOCKS = YES;
				GCC_WARN_64_TO_32_BIT_CONVERSION = YES;
				GCC_WARN_ABOUT_RETURN_TYPE = YES_ERROR;
				GCC_WARN_UNDECLARED_SELECTOR = YES;
				GCC_WARN_UNINITIALIZED_AUTOS = YES_AGGRESSIVE;
				GCC_WARN_UNUSED_FUNCTION = YES;
				GCC_WARN_UNUSED_VARIABLE = YES;
				IPHONEOS_DEPLOYMENT_TARGET = 10.2;
				MTL_ENABLE_DEBUG_INFO = NO;
				SDKROOT = iphoneos;
				TARGETED_DEVICE_FAMILY = "1,2";
				VALIDATE_PRODUCT = YES;
			};
			name = Release;
		};
		F1DFBA90200BFABB009BE5ED /* Debug */ = {
			isa = XCBuildConfiguration;
			buildSettings = {
				ASSETCATALOG_COMPILER_APPICON_NAME = AppIcon;
				DEVELOPMENT_TEAM = 8J3ZX75TJ7;
				INFOPLIST_FILE = ExampleEmailSend/Info.plist;
				LD_RUNPATH_SEARCH_PATHS = "$(inherited) @executable_path/Frameworks";
				PRODUCT_BUNDLE_IDENTIFIER = "Univ-La-Rochelle.ExampleEmailSend";
				PRODUCT_NAME = "$(TARGET_NAME)";
			};
			name = Debug;
		};
		F1DFBA91200BFABB009BE5ED /* Release */ = {
			isa = XCBuildConfiguration;
			buildSettings = {
				ASSETCATALOG_COMPILER_APPICON_NAME = AppIcon;
				DEVELOPMENT_TEAM = 8J3ZX75TJ7;
				INFOPLIST_FILE = ExampleEmailSend/Info.plist;
				LD_RUNPATH_SEARCH_PATHS = "$(inherited) @executable_path/Frameworks";
				PRODUCT_BUNDLE_IDENTIFIER = "Univ-La-Rochelle.ExampleEmailSend";
				PRODUCT_NAME = "$(TARGET_NAME)";
			};
			name = Release;
		};
		F1DFBA93200BFABB009BE5ED /* Debug */ = {
			isa = XCBuildConfiguration;
			buildSettings = {
				BUNDLE_LOADER = "$(TEST_HOST)";
				DEVELOPMENT_TEAM = 8J3ZX75TJ7;
				INFOPLIST_FILE = ExampleEmailSendTests/Info.plist;
				LD_RUNPATH_SEARCH_PATHS = "$(inherited) @executable_path/Frameworks @loader_path/Frameworks";
				PRODUCT_BUNDLE_IDENTIFIER = "Univ-La-Rochelle.ExampleEmailSendTests";
				PRODUCT_NAME = "$(TARGET_NAME)";
				TEST_HOST = "$(BUILT_PRODUCTS_DIR)/ExampleEmailSend.app/ExampleEmailSend";
			};
			name = Debug;
		};
		F1DFBA94200BFABB009BE5ED /* Release */ = {
			isa = XCBuildConfiguration;
			buildSettings = {
				BUNDLE_LOADER = "$(TEST_HOST)";
				DEVELOPMENT_TEAM = 8J3ZX75TJ7;
				INFOPLIST_FILE = ExampleEmailSendTests/Info.plist;
				LD_RUNPATH_SEARCH_PATHS = "$(inherited) @executable_path/Frameworks @loader_path/Frameworks";
				PRODUCT_BUNDLE_IDENTIFIER = "Univ-La-Rochelle.ExampleEmailSendTests";
				PRODUCT_NAME = "$(TARGET_NAME)";
				TEST_HOST = "$(BUILT_PRODUCTS_DIR)/ExampleEmailSend.app/ExampleEmailSend";
			};
			name = Release;
		};
		F1DFBA96200BFABB009BE5ED /* Debug */ = {
			isa = XCBuildConfiguration;
			buildSettings = {
				DEVELOPMENT_TEAM = 8J3ZX75TJ7;
				INFOPLIST_FILE = ExampleEmailSendUITests/Info.plist;
				LD_RUNPATH_SEARCH_PATHS = "$(inherited) @executable_path/Frameworks @loader_path/Frameworks";
				PRODUCT_BUNDLE_IDENTIFIER = "Univ-La-Rochelle.ExampleEmailSendUITests";
				PRODUCT_NAME = "$(TARGET_NAME)";
				TEST_TARGET_NAME = ExampleEmailSend;
			};
			name = Debug;
		};
		F1DFBA97200BFABB009BE5ED /* Release */ = {
			isa = XCBuildConfiguration;
			buildSettings = {
				DEVELOPMENT_TEAM = 8J3ZX75TJ7;
				INFOPLIST_FILE = ExampleEmailSendUITests/Info.plist;
				LD_RUNPATH_SEARCH_PATHS = "$(inherited) @executable_path/Frameworks @loader_path/Frameworks";
				PRODUCT_BUNDLE_IDENTIFIER = "Univ-La-Rochelle.ExampleEmailSendUITests";
				PRODUCT_NAME = "$(TARGET_NAME)";
				TEST_TARGET_NAME = ExampleEmailSend;
			};
			name = Release;
		};
/* End XCBuildConfiguration section */

/* Begin XCConfigurationList section */
		F1DFBA5D200BFABB009BE5ED /* Build configuration list for PBXProject "ExampleEmailSend" */ = {
			isa = XCConfigurationList;
			buildConfigurations = (
				F1DFBA8D200BFABB009BE5ED /* Debug */,
				F1DFBA8E200BFABB009BE5ED /* Release */,
			);
			defaultConfigurationIsVisible = 0;
			defaultConfigurationName = Release;
		};
		F1DFBA8F200BFABB009BE5ED /* Build configuration list for PBXNativeTarget "ExampleEmailSend" */ = {
			isa = XCConfigurationList;
			buildConfigurations = (
				F1DFBA90200BFABB009BE5ED /* Debug */,
				F1DFBA91200BFABB009BE5ED /* Release */,
			);
			defaultConfigurationIsVisible = 0;
		};
		F1DFBA92200BFABB009BE5ED /* Build configuration list for PBXNativeTarget "ExampleEmailSendTests" */ = {
			isa = XCConfigurationList;
			buildConfigurations = (
				F1DFBA93200BFABB009BE5ED /* Debug */,
				F1DFBA94200BFABB009BE5ED /* Release */,
			);
			defaultConfigurationIsVisible = 0;
		};
		F1DFBA95200BFABB009BE5ED /* Build configuration list for PBXNativeTarget "ExampleEmailSendUITests" */ = {
			isa = XCConfigurationList;
			buildConfigurations = (
				F1DFBA96200BFABB009BE5ED /* Debug */,
				F1DFBA97200BFABB009BE5ED /* Release */,
			);
			defaultConfigurationIsVisible = 0;
		};
/* End XCConfigurationList section */
	};
	rootObject = F1DFBA5A200BFABB009BE5ED /* Project object */;
}
