// !$*UTF8*$!
{
	archiveVersion = 1;
	classes = {
	};
	objectVersion = 46;
	objects = {

/* Begin PBXBuildFile section */
		F1DFBAEB200CE7BA009BE5ED /* main.m in Sources */ = {isa = PBXBuildFile; fileRef = F1DFBAEA200CE7BA009BE5ED /* main.m */; };
		F1DFBAEE200CE7BA009BE5ED /* AppDelegate.m in Sources */ = {isa = PBXBuildFile; fileRef = F1DFBAED200CE7BA009BE5ED /* AppDelegate.m */; };
		F1DFBAF1200CE7BA009BE5ED /* ViewController.m in Sources */ = {isa = PBXBuildFile; fileRef = F1DFBAF0200CE7BA009BE5ED /* ViewController.m */; };
		F1DFBAF4200CE7BA009BE5ED /* Main.storyboard in Resources */ = {isa = PBXBuildFile; fileRef = F1DFBAF2200CE7BA009BE5ED /* Main.storyboard */; };
		F1DFBAF6200CE7BA009BE5ED /* Assets.xcassets in Resources */ = {isa = PBXBuildFile; fileRef = F1DFBAF5200CE7BA009BE5ED /* Assets.xcassets */; };
		F1DFBAF9200CE7BA009BE5ED /* LaunchScreen.storyboard in Resources */ = {isa = PBXBuildFile; fileRef = F1DFBAF7200CE7BA009BE5ED /* LaunchScreen.storyboard */; };
		F1DFBB04200CE7BA009BE5ED /* MyLocationDemoTests.m in Sources */ = {isa = PBXBuildFile; fileRef = F1DFBB03200CE7BA009BE5ED /* MyLocationDemoTests.m */; };
		F1DFBB0F200CE7BA009BE5ED /* MyLocationDemoUITests.m in Sources */ = {isa = PBXBuildFile; fileRef = F1DFBB0E200CE7BA009BE5ED /* MyLocationDemoUITests.m */; };
		F1DFBB1E200CEAC6009BE5ED /* CoreLocation.framework in Frameworks */ = {isa = PBXBuildFile; fileRef = F1DFBB1D200CEAC6009BE5ED /* CoreLocation.framework */; };
/* End PBXBuildFile section */

/* Begin PBXContainerItemProxy section */
		F1DFBB00200CE7BA009BE5ED /* PBXContainerItemProxy */ = {
			isa = PBXContainerItemProxy;
			containerPortal = F1DFBADE200CE7BA009BE5ED /* Project object */;
			proxyType = 1;
			remoteGlobalIDString = F1DFBAE5200CE7BA009BE5ED;
			remoteInfo = MyLocationDemo;
		};
		F1DFBB0B200CE7BA009BE5ED /* PBXContainerItemProxy */ = {
			isa = PBXContainerItemProxy;
			containerPortal = F1DFBADE200CE7BA009BE5ED /* Project object */;
			proxyType = 1;
			remoteGlobalIDString = F1DFBAE5200CE7BA009BE5ED;
			remoteInfo = MyLocationDemo;
		};
/* End PBXContainerItemProxy section */

/* Begin PBXFileReference section */
		F1DFBAE6200CE7BA009BE5ED /* MyLocationDemo.app */ = {isa = PBXFileReference; explicitFileType = wrapper.application; includeInIndex = 0; path = MyLocationDemo.app; sourceTree = BUILT_PRODUCTS_DIR; };
		F1DFBAEA200CE7BA009BE5ED /* main.m */ = {isa = PBXFileReference; lastKnownFileType = sourcecode.c.objc; path = main.m; sourceTree = "<group>"; };
		F1DFBAEC200CE7BA009BE5ED /* AppDelegate.h */ = {isa = PBXFileReference; lastKnownFileType = sourcecode.c.h; path = AppDelegate.h; sourceTree = "<group>"; };
		F1DFBAED200CE7BA009BE5ED /* AppDelegate.m */ = {isa = PBXFileReference; lastKnownFileType = sourcecode.c.objc; path = AppDelegate.m; sourceTree = "<group>"; };
		F1DFBAEF200CE7BA009BE5ED /* ViewController.h */ = {isa = PBXFileReference; lastKnownFileType = sourcecode.c.h; path = ViewController.h; sourceTree = "<group>"; };
		F1DFBAF0200CE7BA009BE5ED /* ViewController.m */ = {isa = PBXFileReference; lastKnownFileType = sourcecode.c.objc; path = ViewController.m; sourceTree = "<group>"; };
		F1DFBAF3200CE7BA009BE5ED /* Base */ = {isa = PBXFileReference; lastKnownFileType = file.storyboard; name = Base; path = Base.lproj/Main.storyboard; sourceTree = "<group>"; };
		F1DFBAF5200CE7BA009BE5ED /* Assets.xcassets */ = {isa = PBXFileReference; lastKnownFileType = folder.assetcatalog; path = Assets.xcassets; sourceTree = "<group>"; };
		F1DFBAF8200CE7BA009BE5ED /* Base */ = {isa = PBXFileReference; lastKnownFileType = file.storyboard; name = Base; path = Base.lproj/LaunchScreen.storyboard; sourceTree = "<group>"; };
		F1DFBAFA200CE7BA009BE5ED /* Info.plist */ = {isa = PBXFileReference; lastKnownFileType = text.plist.xml; path = Info.plist; sourceTree = "<group>"; };
		F1DFBAFF200CE7BA009BE5ED /* MyLocationDemoTests.xctest */ = {isa = PBXFileReference; explicitFileType = wrapper.cfbundle; includeInIndex = 0; path = MyLocationDemoTests.xctest; sourceTree = BUILT_PRODUCTS_DIR; };
		F1DFBB03200CE7BA009BE5ED /* MyLocationDemoTests.m */ = {isa = PBXFileReference; lastKnownFileType = sourcecode.c.objc; path = MyLocationDemoTests.m; sourceTree = "<group>"; };
		F1DFBB05200CE7BA009BE5ED /* Info.plist */ = {isa = PBXFileReference; lastKnownFileType = text.plist.xml; path = Info.plist; sourceTree = "<group>"; };
		F1DFBB0A200CE7BA009BE5ED /* MyLocationDemoUITests.xctest */ = {isa = PBXFileReference; explicitFileType = wrapper.cfbundle; includeInIndex = 0; path = MyLocationDemoUITests.xctest; sourceTree = BUILT_PRODUCTS_DIR; };
		F1DFBB0E200CE7BA009BE5ED /* MyLocationDemoUITests.m */ = {isa = PBXFileReference; lastKnownFileType = sourcecode.c.objc; path = MyLocationDemoUITests.m; sourceTree = "<group>"; };
		F1DFBB10200CE7BA009BE5ED /* Info.plist */ = {isa = PBXFileReference; lastKnownFileType = text.plist.xml; path = Info.plist; sourceTree = "<group>"; };
		F1DFBB1D200CEAC6009BE5ED /* CoreLocation.framework */ = {isa = PBXFileReference; lastKnownFileType = wrapper.framework; name = CoreLocation.framework; path = System/Library/Frameworks/CoreLocation.framework; sourceTree = SDKROOT; };
/* End PBXFileReference section */

/* Begin PBXFrameworksBuildPhase section */
		F1DFBAE3200CE7BA009BE5ED /* Frameworks */ = {
			isa = PBXFrameworksBuildPhase;
			buildActionMask = 2147483647;
			files = (
				F1DFBB1E200CEAC6009BE5ED /* CoreLocation.framework in Frameworks */,
			);
			runOnlyForDeploymentPostprocessing = 0;
		};
		F1DFBAFC200CE7BA009BE5ED /* Frameworks */ = {
			isa = PBXFrameworksBuildPhase;
			buildActionMask = 2147483647;
			files = (
			);
			runOnlyForDeploymentPostprocessing = 0;
		};
		F1DFBB07200CE7BA009BE5ED /* Frameworks */ = {
			isa = PBXFrameworksBuildPhase;
			buildActionMask = 2147483647;
			files = (
			);
			runOnlyForDeploymentPostprocessing = 0;
		};
/* End PBXFrameworksBuildPhase section */

/* Begin PBXGroup section */
		F1DFBADD200CE7BA009BE5ED = {
			isa = PBXGroup;
			children = (
				F1DFBAE8200CE7BA009BE5ED /* MyLocationDemo */,
				F1DFBB02200CE7BA009BE5ED /* MyLocationDemoTests */,
				F1DFBB0D200CE7BA009BE5ED /* MyLocationDemoUITests */,
				F1DFBAE7200CE7BA009BE5ED /* Products */,
				F1DFBB1C200CEAC6009BE5ED /* Frameworks */,
			);
			sourceTree = "<group>";
		};
		F1DFBAE7200CE7BA009BE5ED /* Products */ = {
			isa = PBXGroup;
			children = (
				F1DFBAE6200CE7BA009BE5ED /* MyLocationDemo.app */,
				F1DFBAFF200CE7BA009BE5ED /* MyLocationDemoTests.xctest */,
				F1DFBB0A200CE7BA009BE5ED /* MyLocationDemoUITests.xctest */,
			);
			name = Products;
			sourceTree = "<group>";
		};
		F1DFBAE8200CE7BA009BE5ED /* MyLocationDemo */ = {
			isa = PBXGroup;
			children = (
				F1DFBAEC200CE7BA009BE5ED /* AppDelegate.h */,
				F1DFBAED200CE7BA009BE5ED /* AppDelegate.m */,
				F1DFBAEF200CE7BA009BE5ED /* ViewController.h */,
				F1DFBAF0200CE7BA009BE5ED /* ViewController.m */,
				F1DFBAF2200CE7BA009BE5ED /* Main.storyboard */,
				F1DFBAF5200CE7BA009BE5ED /* Assets.xcassets */,
				F1DFBAF7200CE7BA009BE5ED /* LaunchScreen.storyboard */,
				F1DFBAFA200CE7BA009BE5ED /* Info.plist */,
				F1DFBAE9200CE7BA009BE5ED /* Supporting Files */,
			);
			path = MyLocationDemo;
			sourceTree = "<group>";
		};
		F1DFBAE9200CE7BA009BE5ED /* Supporting Files */ = {
			isa = PBXGroup;
			children = (
				F1DFBAEA200CE7BA009BE5ED /* main.m */,
			);
			name = "Supporting Files";
			sourceTree = "<group>";
		};
		F1DFBB02200CE7BA009BE5ED /* MyLocationDemoTests */ = {
			isa = PBXGroup;
			children = (
				F1DFBB03200CE7BA009BE5ED /* MyLocationDemoTests.m */,
				F1DFBB05200CE7BA009BE5ED /* Info.plist */,
			);
			path = MyLocationDemoTests;
			sourceTree = "<group>";
		};
		F1DFBB0D200CE7BA009BE5ED /* MyLocationDemoUITests */ = {
			isa = PBXGroup;
			children = (
				F1DFBB0E200CE7BA009BE5ED /* MyLocationDemoUITests.m */,
				F1DFBB10200CE7BA009BE5ED /* Info.plist */,
			);
			path = MyLocationDemoUITests;
			sourceTree = "<group>";
		};
		F1DFBB1C200CEAC6009BE5ED /* Frameworks */ = {
			isa = PBXGroup;
			children = (
				F1DFBB1D200CEAC6009BE5ED /* CoreLocation.framework */,
			);
			name = Frameworks;
			sourceTree = "<group>";
		};
/* End PBXGroup section */

/* Begin PBXNativeTarget section */
		F1DFBAE5200CE7BA009BE5ED /* MyLocationDemo */ = {
			isa = PBXNativeTarget;
			buildConfigurationList = F1DFBB13200CE7BA009BE5ED /* Build configuration list for PBXNativeTarget "MyLocationDemo" */;
			buildPhases = (
				F1DFBAE2200CE7BA009BE5ED /* Sources */,
				F1DFBAE3200CE7BA009BE5ED /* Frameworks */,
				F1DFBAE4200CE7BA009BE5ED /* Resources */,
			);
			buildRules = (
			);
			dependencies = (
			);
			name = MyLocationDemo;
			productName = MyLocationDemo;
			productReference = F1DFBAE6200CE7BA009BE5ED /* MyLocationDemo.app */;
			productType = "com.apple.product-type.application";
		};
		F1DFBAFE200CE7BA009BE5ED /* MyLocationDemoTests */ = {
			isa = PBXNativeTarget;
			buildConfigurationList = F1DFBB16200CE7BA009BE5ED /* Build configuration list for PBXNativeTarget "MyLocationDemoTests" */;
			buildPhases = (
				F1DFBAFB200CE7BA009BE5ED /* Sources */,
				F1DFBAFC200CE7BA009BE5ED /* Frameworks */,
				F1DFBAFD200CE7BA009BE5ED /* Resources */,
			);
			buildRules = (
			);
			dependencies = (
				F1DFBB01200CE7BA009BE5ED /* PBXTargetDependency */,
			);
			name = MyLocationDemoTests;
			productName = MyLocationDemoTests;
			productReference = F1DFBAFF200CE7BA009BE5ED /* MyLocationDemoTests.xctest */;
			productType = "com.apple.product-type.bundle.unit-test";
		};
		F1DFBB09200CE7BA009BE5ED /* MyLocationDemoUITests */ = {
			isa = PBXNativeTarget;
			buildConfigurationList = F1DFBB19200CE7BA009BE5ED /* Build configuration list for PBXNativeTarget "MyLocationDemoUITests" */;
			buildPhases = (
				F1DFBB06200CE7BA009BE5ED /* Sources */,
				F1DFBB07200CE7BA009BE5ED /* Frameworks */,
				F1DFBB08200CE7BA009BE5ED /* Resources */,
			);
			buildRules = (
			);
			dependencies = (
				F1DFBB0C200CE7BA009BE5ED /* PBXTargetDependency */,
			);
			name = MyLocationDemoUITests;
			productName = MyLocationDemoUITests;
			productReference = F1DFBB0A200CE7BA009BE5ED /* MyLocationDemoUITests.xctest */;
			productType = "com.apple.product-type.bundle.ui-testing";
		};
/* End PBXNativeTarget section */

/* Begin PBXProject section */
		F1DFBADE200CE7BA009BE5ED /* Project object */ = {
			isa = PBXProject;
			attributes = {
				LastUpgradeCheck = 0820;
				ORGANIZATIONNAME = Tanmoy;
				TargetAttributes = {
					F1DFBAE5200CE7BA009BE5ED = {
						CreatedOnToolsVersion = 8.2.1;
						DevelopmentTeam = 8J3ZX75TJ7;
						ProvisioningStyle = Automatic;
					};
					F1DFBAFE200CE7BA009BE5ED = {
						CreatedOnToolsVersion = 8.2.1;
						DevelopmentTeam = 8J3ZX75TJ7;
						ProvisioningStyle = Automatic;
						TestTargetID = F1DFBAE5200CE7BA009BE5ED;
					};
					F1DFBB09200CE7BA009BE5ED = {
						CreatedOnToolsVersion = 8.2.1;
						DevelopmentTeam = 8J3ZX75TJ7;
						ProvisioningStyle = Automatic;
						TestTargetID = F1DFBAE5200CE7BA009BE5ED;
					};
				};
			};
			buildConfigurationList = F1DFBAE1200CE7BA009BE5ED /* Build configuration list for PBXProject "MyLocationDemo" */;
			compatibilityVersion = "Xcode 3.2";
			developmentRegion = English;
			hasScannedForEncodings = 0;
			knownRegions = (
				en,
				Base,
			);
			mainGroup = F1DFBADD200CE7BA009BE5ED;
			productRefGroup = F1DFBAE7200CE7BA009BE5ED /* Products */;
			projectDirPath = "";
			projectRoot = "";
			targets = (
				F1DFBAE5200CE7BA009BE5ED /* MyLocationDemo */,
				F1DFBAFE200CE7BA009BE5ED /* MyLocationDemoTests */,
				F1DFBB09200CE7BA009BE5ED /* MyLocationDemoUITests */,
			);
		};
/* End PBXProject section */

/* Begin PBXResourcesBuildPhase section */
		F1DFBAE4200CE7BA009BE5ED /* Resources */ = {
			isa = PBXResourcesBuildPhase;
			buildActionMask = 2147483647;
			files = (
				F1DFBAF9200CE7BA009BE5ED /* LaunchScreen.storyboard in Resources */,
				F1DFBAF6200CE7BA009BE5ED /* Assets.xcassets in Resources */,
				F1DFBAF4200CE7BA009BE5ED /* Main.storyboard in Resources */,
			);
			runOnlyForDeploymentPostprocessing = 0;
		};
		F1DFBAFD200CE7BA009BE5ED /* Resources */ = {
			isa = PBXResourcesBuildPhase;
			buildActionMask = 2147483647;
			files = (
			);
			runOnlyForDeploymentPostprocessing = 0;
		};
		F1DFBB08200CE7BA009BE5ED /* Resources */ = {
			isa = PBXResourcesBuildPhase;
			buildActionMask = 2147483647;
			files = (
			);
			runOnlyForDeploymentPostprocessing = 0;
		};
/* End PBXResourcesBuildPhase section */

/* Begin PBXSourcesBuildPhase section */
		F1DFBAE2200CE7BA009BE5ED /* Sources */ = {
			isa = PBXSourcesBuildPhase;
			buildActionMask = 2147483647;
			files = (
				F1DFBAF1200CE7BA009BE5ED /* ViewController.m in Sources */,
				F1DFBAEE200CE7BA009BE5ED /* AppDelegate.m in Sources */,
				F1DFBAEB200CE7BA009BE5ED /* main.m in Sources */,
			);
			runOnlyForDeploymentPostprocessing = 0;
		};
		F1DFBAFB200CE7BA009BE5ED /* Sources */ = {
			isa = PBXSourcesBuildPhase;
			buildActionMask = 2147483647;
			files = (
				F1DFBB04200CE7BA009BE5ED /* MyLocationDemoTests.m in Sources */,
			);
			runOnlyForDeploymentPostprocessing = 0;
		};
		F1DFBB06200CE7BA009BE5ED /* Sources */ = {
			isa = PBXSourcesBuildPhase;
			buildActionMask = 2147483647;
			files = (
				F1DFBB0F200CE7BA009BE5ED /* MyLocationDemoUITests.m in Sources */,
			);
			runOnlyForDeploymentPostprocessing = 0;
		};
/* End PBXSourcesBuildPhase section */

/* Begin PBXTargetDependency section */
		F1DFBB01200CE7BA009BE5ED /* PBXTargetDependency */ = {
			isa = PBXTargetDependency;
			target = F1DFBAE5200CE7BA009BE5ED /* MyLocationDemo */;
			targetProxy = F1DFBB00200CE7BA009BE5ED /* PBXContainerItemProxy */;
		};
		F1DFBB0C200CE7BA009BE5ED /* PBXTargetDependency */ = {
			isa = PBXTargetDependency;
			target = F1DFBAE5200CE7BA009BE5ED /* MyLocationDemo */;
			targetProxy = F1DFBB0B200CE7BA009BE5ED /* PBXContainerItemProxy */;
		};
/* End PBXTargetDependency section */

/* Begin PBXVariantGroup section */
		F1DFBAF2200CE7BA009BE5ED /* Main.storyboard */ = {
			isa = PBXVariantGroup;
			children = (
				F1DFBAF3200CE7BA009BE5ED /* Base */,
			);
			name = Main.storyboard;
			sourceTree = "<group>";
		};
		F1DFBAF7200CE7BA009BE5ED /* LaunchScreen.storyboard */ = {
			isa = PBXVariantGroup;
			children = (
				F1DFBAF8200CE7BA009BE5ED /* Base */,
			);
			name = LaunchScreen.storyboard;
			sourceTree = "<group>";
		};
/* End PBXVariantGroup section */

/* Begin XCBuildConfiguration section */
		F1DFBB11200CE7BA009BE5ED /* Debug */ = {
			isa = XCBuildConfiguration;
			buildSettings = {
				ALWAYS_SEARCH_USER_PATHS = NO;
				CLANG_ANALYZER_NONNULL = YES;
				CLANG_CXX_LANGUAGE_STANDARD = "gnu++0x";
				CLANG_CXX_LIBRARY = "libc++";
				CLANG_ENABLE_MODULES = YES;
				CLANG_ENABLE_OBJC_ARC = YES;
				CLANG_WARN_BOOL_CONVERSION = YES;
				CLANG_WARN_CONSTANT_CONVERSION = YES;
				CLANG_WARN_DIRECT_OBJC_ISA_USAGE = YES_ERROR;
				CLANG_WARN_DOCUMENTATION_COMMENTS = YES;
				CLANG_WARN_EMPTY_BODY = YES;
				CLANG_WARN_ENUM_CONVERSION = YES;
				CLANG_WARN_INFINITE_RECURSION = YES;
				CLANG_WARN_INT_CONVERSION = YES;
				CLANG_WARN_OBJC_ROOT_CLASS = YES_ERROR;
				CLANG_WARN_SUSPICIOUS_MOVE = YES;
				CLANG_WARN_UNREACHABLE_CODE = YES;
				CLANG_WARN__DUPLICATE_METHOD_MATCH = YES;
				"CODE_SIGN_IDENTITY[sdk=iphoneos*]" = "iPhone Developer";
				COPY_PHASE_STRIP = NO;
				DEBUG_INFORMATION_FORMAT = dwarf;
				ENABLE_STRICT_OBJC_MSGSEND = YES;
				ENABLE_TESTABILITY = YES;
				GCC_C_LANGUAGE_STANDARD = gnu99;
				GCC_DYNAMIC_NO_PIC = NO;
				GCC_NO_COMMON_BLOCKS = YES;
				GCC_OPTIMIZATION_LEVEL = 0;
				GCC_PREPROCESSOR_DEFINITIONS = (
					"DEBUG=1",
					"$(inherited)",
				);
				GCC_WARN_64_TO_32_BIT_CONVERSION = YES;
				GCC_WARN_ABOUT_RETURN_TYPE = YES_ERROR;
				GCC_WARN_UNDECLARED_SELECTOR = YES;
				GCC_WARN_UNINITIALIZED_AUTOS = YES_AGGRESSIVE;
				GCC_WARN_UNUSED_FUNCTION = YES;
				GCC_WARN_UNUSED_VARIABLE = YES;
				IPHONEOS_DEPLOYMENT_TARGET = 10.2;
				MTL_ENABLE_DEBUG_INFO = YES;
				ONLY_ACTIVE_ARCH = YES;
				SDKROOT = iphoneos;
				TARGETED_DEVICE_FAMILY = "1,2";
			};
			name = Debug;
		};
		F1DFBB12200CE7BA009BE5ED /* Release */ = {
			isa = XCBuildConfiguration;
			buildSettings = {
				ALWAYS_SEARCH_USER_PATHS = NO;
				CLANG_ANALYZER_NONNULL = YES;
				CLANG_CXX_LANGUAGE_STANDARD = "gnu++0x";
				CLANG_CXX_LIBRARY = "libc++";
				CLANG_ENABLE_MODULES = YES;
				CLANG_ENABLE_OBJC_ARC = YES;
				CLANG_WARN_BOOL_CONVERSION = YES;
				CLANG_WARN_CONSTANT_CONVERSION = YES;
				CLANG_WARN_DIRECT_OBJC_ISA_USAGE = YES_ERROR;
				CLANG_WARN_DOCUMENTATION_COMMENTS = YES;
				CLANG_WARN_EMPTY_BODY = YES;
				CLANG_WARN_ENUM_CONVERSION = YES;
				CLANG_WARN_INFINITE_RECURSION = YES;
				CLANG_WARN_INT_CONVERSION = YES;
				CLANG_WARN_OBJC_ROOT_CLASS = YES_ERROR;
				CLANG_WARN_SUSPICIOUS_MOVE = YES;
				CLANG_WARN_UNREACHABLE_CODE = YES;
				CLANG_WARN__DUPLICATE_METHOD_MATCH = YES;
				"CODE_SIGN_IDENTITY[sdk=iphoneos*]" = "iPhone Developer";
				COPY_PHASE_STRIP = NO;
				DEBUG_INFORMATION_FORMAT = "dwarf-with-dsym";
				ENABLE_NS_ASSERTIONS = NO;
				ENABLE_STRICT_OBJC_MSGSEND = YES;
				GCC_C_LANGUAGE_STANDARD = gnu99;
				GCC_NO_COMMON_BLOCKS = YES;
				GCC_WARN_64_TO_32_BIT_CONVERSION = YES;
				GCC_WARN_ABOUT_RETURN_TYPE = YES_ERROR;
				GCC_WARN_UNDECLARED_SELECTOR = YES;
				GCC_WARN_UNINITIALIZED_AUTOS = YES_AGGRESSIVE;
				GCC_WARN_UNUSED_FUNCTION = YES;
				GCC_WARN_UNUSED_VARIABLE = YES;
				IPHONEOS_DEPLOYMENT_TARGET = 10.2;
				MTL_ENABLE_DEBUG_INFO = NO;
				SDKROOT = iphoneos;
				TARGETED_DEVICE_FAMILY = "1,2";
				VALIDATE_PRODUCT = YES;
			};
			name = Release;
		};
		F1DFBB14200CE7BA009BE5ED /* Debug */ = {
			isa = XCBuildConfiguration;
			buildSettings = {
				ASSETCATALOG_COMPILER_APPICON_NAME = AppIcon;
				DEVELOPMENT_TEAM = 8J3ZX75TJ7;
				INFOPLIST_FILE = MyLocationDemo/Info.plist;
				LD_RUNPATH_SEARCH_PATHS = "$(inherited) @executable_path/Frameworks";
				PRODUCT_BUNDLE_IDENTIFIER = "Univ-La-Rochelle.MyLocationDemo";
				PRODUCT_NAME = "$(TARGET_NAME)";
			};
			name = Debug;
		};
		F1DFBB15200CE7BA009BE5ED /* Release */ = {
			isa = XCBuildConfiguration;
			buildSettings = {
				ASSETCATALOG_COMPILER_APPICON_NAME = AppIcon;
				DEVELOPMENT_TEAM = 8J3ZX75TJ7;
				INFOPLIST_FILE = MyLocationDemo/Info.plist;
				LD_RUNPATH_SEARCH_PATHS = "$(inherited) @executable_path/Frameworks";
				PRODUCT_BUNDLE_IDENTIFIER = "Univ-La-Rochelle.MyLocationDemo";
				PRODUCT_NAME = "$(TARGET_NAME)";
			};
			name = Release;
		};
		F1DFBB17200CE7BA009BE5ED /* Debug */ = {
			isa = XCBuildConfiguration;
			buildSettings = {
				BUNDLE_LOADER = "$(TEST_HOST)";
				DEVELOPMENT_TEAM = 8J3ZX75TJ7;
				INFOPLIST_FILE = MyLocationDemoTests/Info.plist;
				LD_RUNPATH_SEARCH_PATHS = "$(inherited) @executable_path/Frameworks @loader_path/Frameworks";
				PRODUCT_BUNDLE_IDENTIFIER = "Univ-La-Rochelle.MyLocationDemoTests";
				PRODUCT_NAME = "$(TARGET_NAME)";
				TEST_HOST = "$(BUILT_PRODUCTS_DIR)/MyLocationDemo.app/MyLocationDemo";
			};
			name = Debug;
		};
		F1DFBB18200CE7BA009BE5ED /* Release */ = {
			isa = XCBuildConfiguration;
			buildSettings = {
				BUNDLE_LOADER = "$(TEST_HOST)";
				DEVELOPMENT_TEAM = 8J3ZX75TJ7;
				INFOPLIST_FILE = MyLocationDemoTests/Info.plist;
				LD_RUNPATH_SEARCH_PATHS = "$(inherited) @executable_path/Frameworks @loader_path/Frameworks";
				PRODUCT_BUNDLE_IDENTIFIER = "Univ-La-Rochelle.MyLocationDemoTests";
				PRODUCT_NAME = "$(TARGET_NAME)";
				TEST_HOST = "$(BUILT_PRODUCTS_DIR)/MyLocationDemo.app/MyLocationDemo";
			};
			name = Release;
		};
		F1DFBB1A200CE7BA009BE5ED /* Debug */ = {
			isa = XCBuildConfiguration;
			buildSettings = {
				DEVELOPMENT_TEAM = 8J3ZX75TJ7;
				INFOPLIST_FILE = MyLocationDemoUITests/Info.plist;
				LD_RUNPATH_SEARCH_PATHS = "$(inherited) @executable_path/Frameworks @loader_path/Frameworks";
				PRODUCT_BUNDLE_IDENTIFIER = "Univ-La-Rochelle.MyLocationDemoUITests";
				PRODUCT_NAME = "$(TARGET_NAME)";
				TEST_TARGET_NAME = MyLocationDemo;
			};
			name = Debug;
		};
		F1DFBB1B200CE7BA009BE5ED /* Release */ = {
			isa = XCBuildConfiguration;
			buildSettings = {
				DEVELOPMENT_TEAM = 8J3ZX75TJ7;
				INFOPLIST_FILE = MyLocationDemoUITests/Info.plist;
				LD_RUNPATH_SEARCH_PATHS = "$(inherited) @executable_path/Frameworks @loader_path/Frameworks";
				PRODUCT_BUNDLE_IDENTIFIER = "Univ-La-Rochelle.MyLocationDemoUITests";
				PRODUCT_NAME = "$(TARGET_NAME)";
				TEST_TARGET_NAME = MyLocationDemo;
			};
			name = Release;
		};
/* End XCBuildConfiguration section */

/* Begin XCConfigurationList section */
		F1DFBAE1200CE7BA009BE5ED /* Build configuration list for PBXProject "MyLocationDemo" */ = {
			isa = XCConfigurationList;
			buildConfigurations = (
				F1DFBB11200CE7BA009BE5ED /* Debug */,
				F1DFBB12200CE7BA009BE5ED /* Release */,
			);
			defaultConfigurationIsVisible = 0;
			defaultConfigurationName = Release;
		};
		F1DFBB13200CE7BA009BE5ED /* Build configuration list for PBXNativeTarget "MyLocationDemo" */ = {
			isa = XCConfigurationList;
			buildConfigurations = (
				F1DFBB14200CE7BA009BE5ED /* Debug */,
				F1DFBB15200CE7BA009BE5ED /* Release */,
			);
			defaultConfigurationIsVisible = 0;
		};
		F1DFBB16200CE7BA009BE5ED /* Build configuration list for PBXNativeTarget "MyLocationDemoTests" */ = {
			isa = XCConfigurationList;
			buildConfigurations = (
				F1DFBB17200CE7BA009BE5ED /* Debug */,
				F1DFBB18200CE7BA009BE5ED /* Release */,
			);
			defaultConfigurationIsVisible = 0;
		};
		F1DFBB19200CE7BA009BE5ED /* Build configuration list for PBXNativeTarget "MyLocationDemoUITests" */ = {
			isa = XCConfigurationList;
			buildConfigurations = (
				F1DFBB1A200CE7BA009BE5ED /* Debug */,
				F1DFBB1B200CE7BA009BE5ED /* Release */,
			);
			defaultConfigurationIsVisible = 0;
		};
/* End XCConfigurationList section */
	};
	rootObject = F1DFBADE200CE7BA009BE5ED /* Project object */;
}
