// !$*UTF8*$!
{
	archiveVersion = 1;
	classes = {
	};
	objectVersion = 46;
	objects = {

/* Begin PBXBuildFile section */
		F137A62D2003E86D006C42AB /* main.m in Sources */ = {isa = PBXBuildFile; fileRef = F137A62C2003E86D006C42AB /* main.m */; };
		F137A6302003E86D006C42AB /* AppDelegate.m in Sources */ = {isa = PBXBuildFile; fileRef = F137A62F2003E86D006C42AB /* AppDelegate.m */; };
		F137A6332003E86D006C42AB /* ViewController.m in Sources */ = {isa = PBXBuildFile; fileRef = F137A6322003E86D006C42AB /* ViewController.m */; };
		F137A6362003E86D006C42AB /* Main.storyboard in Resources */ = {isa = PBXBuildFile; fileRef = F137A6342003E86D006C42AB /* Main.storyboard */; };
		F137A6382003E86D006C42AB /* Assets.xcassets in Resources */ = {isa = PBXBuildFile; fileRef = F137A6372003E86D006C42AB /* Assets.xcassets */; };
		F137A63B2003E86D006C42AB /* LaunchScreen.storyboard in Resources */ = {isa = PBXBuildFile; fileRef = F137A6392003E86D006C42AB /* LaunchScreen.storyboard */; };
		F137A6462003E86D006C42AB /* TestAlertTests.m in Sources */ = {isa = PBXBuildFile; fileRef = F137A6452003E86D006C42AB /* TestAlertTests.m */; };
		F137A6512003E86D006C42AB /* TestAlertUITests.m in Sources */ = {isa = PBXBuildFile; fileRef = F137A6502003E86D006C42AB /* TestAlertUITests.m */; };
/* End PBXBuildFile section */

/* Begin PBXContainerItemProxy section */
		F137A6422003E86D006C42AB /* PBXContainerItemProxy */ = {
			isa = PBXContainerItemProxy;
			containerPortal = F137A6202003E86D006C42AB /* Project object */;
			proxyType = 1;
			remoteGlobalIDString = F137A6272003E86D006C42AB;
			remoteInfo = TestAlert;
		};
		F137A64D2003E86D006C42AB /* PBXContainerItemProxy */ = {
			isa = PBXContainerItemProxy;
			containerPortal = F137A6202003E86D006C42AB /* Project object */;
			proxyType = 1;
			remoteGlobalIDString = F137A6272003E86D006C42AB;
			remoteInfo = TestAlert;
		};
/* End PBXContainerItemProxy section */

/* Begin PBXFileReference section */
		F137A6282003E86D006C42AB /* TestAlert.app */ = {isa = PBXFileReference; explicitFileType = wrapper.application; includeInIndex = 0; path = TestAlert.app; sourceTree = BUILT_PRODUCTS_DIR; };
		F137A62C2003E86D006C42AB /* main.m */ = {isa = PBXFileReference; lastKnownFileType = sourcecode.c.objc; path = main.m; sourceTree = "<group>"; };
		F137A62E2003E86D006C42AB /* AppDelegate.h */ = {isa = PBXFileReference; lastKnownFileType = sourcecode.c.h; path = AppDelegate.h; sourceTree = "<group>"; };
		F137A62F2003E86D006C42AB /* AppDelegate.m */ = {isa = PBXFileReference; lastKnownFileType = sourcecode.c.objc; path = AppDelegate.m; sourceTree = "<group>"; };
		F137A6312003E86D006C42AB /* ViewController.h */ = {isa = PBXFileReference; lastKnownFileType = sourcecode.c.h; path = ViewController.h; sourceTree = "<group>"; };
		F137A6322003E86D006C42AB /* ViewController.m */ = {isa = PBXFileReference; lastKnownFileType = sourcecode.c.objc; path = ViewController.m; sourceTree = "<group>"; };
		F137A6352003E86D006C42AB /* Base */ = {isa = PBXFileReference; lastKnownFileType = file.storyboard; name = Base; path = Base.lproj/Main.storyboard; sourceTree = "<group>"; };
		F137A6372003E86D006C42AB /* Assets.xcassets */ = {isa = PBXFileReference; lastKnownFileType = folder.assetcatalog; path = Assets.xcassets; sourceTree = "<group>"; };
		F137A63A2003E86D006C42AB /* Base */ = {isa = PBXFileReference; lastKnownFileType = file.storyboard; name = Base; path = Base.lproj/LaunchScreen.storyboard; sourceTree = "<group>"; };
		F137A63C2003E86D006C42AB /* Info.plist */ = {isa = PBXFileReference; lastKnownFileType = text.plist.xml; path = Info.plist; sourceTree = "<group>"; };
		F137A6412003E86D006C42AB /* TestAlertTests.xctest */ = {isa = PBXFileReference; explicitFileType = wrapper.cfbundle; includeInIndex = 0; path = TestAlertTests.xctest; sourceTree = BUILT_PRODUCTS_DIR; };
		F137A6452003E86D006C42AB /* TestAlertTests.m */ = {isa = PBXFileReference; lastKnownFileType = sourcecode.c.objc; path = TestAlertTests.m; sourceTree = "<group>"; };
		F137A6472003E86D006C42AB /* Info.plist */ = {isa = PBXFileReference; lastKnownFileType = text.plist.xml; path = Info.plist; sourceTree = "<group>"; };
		F137A64C2003E86D006C42AB /* TestAlertUITests.xctest */ = {isa = PBXFileReference; explicitFileType = wrapper.cfbundle; includeInIndex = 0; path = TestAlertUITests.xctest; sourceTree = BUILT_PRODUCTS_DIR; };
		F137A6502003E86D006C42AB /* TestAlertUITests.m */ = {isa = PBXFileReference; lastKnownFileType = sourcecode.c.objc; path = TestAlertUITests.m; sourceTree = "<group>"; };
		F137A6522003E86D006C42AB /* Info.plist */ = {isa = PBXFileReference; lastKnownFileType = text.plist.xml; path = Info.plist; sourceTree = "<group>"; };
/* End PBXFileReference section */

/* Begin PBXFrameworksBuildPhase section */
		F137A6252003E86D006C42AB /* Frameworks */ = {
			isa = PBXFrameworksBuildPhase;
			buildActionMask = 2147483647;
			files = (
			);
			runOnlyForDeploymentPostprocessing = 0;
		};
		F137A63E2003E86D006C42AB /* Frameworks */ = {
			isa = PBXFrameworksBuildPhase;
			buildActionMask = 2147483647;
			files = (
			);
			runOnlyForDeploymentPostprocessing = 0;
		};
		F137A6492003E86D006C42AB /* Frameworks */ = {
			isa = PBXFrameworksBuildPhase;
			buildActionMask = 2147483647;
			files = (
			);
			runOnlyForDeploymentPostprocessing = 0;
		};
/* End PBXFrameworksBuildPhase section */

/* Begin PBXGroup section */
		F137A61F2003E86D006C42AB = {
			isa = PBXGroup;
			children = (
				F137A62A2003E86D006C42AB /* TestAlert */,
				F137A6442003E86D006C42AB /* TestAlertTests */,
				F137A64F2003E86D006C42AB /* TestAlertUITests */,
				F137A6292003E86D006C42AB /* Products */,
			);
			sourceTree = "<group>";
		};
		F137A6292003E86D006C42AB /* Products */ = {
			isa = PBXGroup;
			children = (
				F137A6282003E86D006C42AB /* TestAlert.app */,
				F137A6412003E86D006C42AB /* TestAlertTests.xctest */,
				F137A64C2003E86D006C42AB /* TestAlertUITests.xctest */,
			);
			name = Products;
			sourceTree = "<group>";
		};
		F137A62A2003E86D006C42AB /* TestAlert */ = {
			isa = PBXGroup;
			children = (
				F137A62E2003E86D006C42AB /* AppDelegate.h */,
				F137A62F2003E86D006C42AB /* AppDelegate.m */,
				F137A6312003E86D006C42AB /* ViewController.h */,
				F137A6322003E86D006C42AB /* ViewController.m */,
				F137A6342003E86D006C42AB /* Main.storyboard */,
				F137A6372003E86D006C42AB /* Assets.xcassets */,
				F137A6392003E86D006C42AB /* LaunchScreen.storyboard */,
				F137A63C2003E86D006C42AB /* Info.plist */,
				F137A62B2003E86D006C42AB /* Supporting Files */,
			);
			path = TestAlert;
			sourceTree = "<group>";
		};
		F137A62B2003E86D006C42AB /* Supporting Files */ = {
			isa = PBXGroup;
			children = (
				F137A62C2003E86D006C42AB /* main.m */,
			);
			name = "Supporting Files";
			sourceTree = "<group>";
		};
		F137A6442003E86D006C42AB /* TestAlertTests */ = {
			isa = PBXGroup;
			children = (
				F137A6452003E86D006C42AB /* TestAlertTests.m */,
				F137A6472003E86D006C42AB /* Info.plist */,
			);
			path = TestAlertTests;
			sourceTree = "<group>";
		};
		F137A64F2003E86D006C42AB /* TestAlertUITests */ = {
			isa = PBXGroup;
			children = (
				F137A6502003E86D006C42AB /* TestAlertUITests.m */,
				F137A6522003E86D006C42AB /* Info.plist */,
			);
			path = TestAlertUITests;
			sourceTree = "<group>";
		};
/* End PBXGroup section */

/* Begin PBXNativeTarget section */
		F137A6272003E86D006C42AB /* TestAlert */ = {
			isa = PBXNativeTarget;
			buildConfigurationList = F137A6552003E86D006C42AB /* Build configuration list for PBXNativeTarget "TestAlert" */;
			buildPhases = (
				F137A6242003E86D006C42AB /* Sources */,
				F137A6252003E86D006C42AB /* Frameworks */,
				F137A6262003E86D006C42AB /* Resources */,
			);
			buildRules = (
			);
			dependencies = (
			);
			name = TestAlert;
			productName = TestAlert;
			productReference = F137A6282003E86D006C42AB /* TestAlert.app */;
			productType = "com.apple.product-type.application";
		};
		F137A6402003E86D006C42AB /* TestAlertTests */ = {
			isa = PBXNativeTarget;
			buildConfigurationList = F137A6582003E86D006C42AB /* Build configuration list for PBXNativeTarget "TestAlertTests" */;
			buildPhases = (
				F137A63D2003E86D006C42AB /* Sources */,
				F137A63E2003E86D006C42AB /* Frameworks */,
				F137A63F2003E86D006C42AB /* Resources */,
			);
			buildRules = (
			);
			dependencies = (
				F137A6432003E86D006C42AB /* PBXTargetDependency */,
			);
			name = TestAlertTests;
			productName = TestAlertTests;
			productReference = F137A6412003E86D006C42AB /* TestAlertTests.xctest */;
			productType = "com.apple.product-type.bundle.unit-test";
		};
		F137A64B2003E86D006C42AB /* TestAlertUITests */ = {
			isa = PBXNativeTarget;
			buildConfigurationList = F137A65B2003E86D006C42AB /* Build configuration list for PBXNativeTarget "TestAlertUITests" */;
			buildPhases = (
				F137A6482003E86D006C42AB /* Sources */,
				F137A6492003E86D006C42AB /* Frameworks */,
				F137A64A2003E86D006C42AB /* Resources */,
			);
			buildRules = (
			);
			dependencies = (
				F137A64E2003E86D006C42AB /* PBXTargetDependency */,
			);
			name = TestAlertUITests;
			productName = TestAlertUITests;
			productReference = F137A64C2003E86D006C42AB /* TestAlertUITests.xctest */;
			productType = "com.apple.product-type.bundle.ui-testing";
		};
/* End PBXNativeTarget section */

/* Begin PBXProject section */
		F137A6202003E86D006C42AB /* Project object */ = {
			isa = PBXProject;
			attributes = {
				LastUpgradeCheck = 0820;
				ORGANIZATIONNAME = Tanmoy;
				TargetAttributes = {
					F137A6272003E86D006C42AB = {
						CreatedOnToolsVersion = 8.2.1;
						DevelopmentTeam = 8J3ZX75TJ7;
						ProvisioningStyle = Automatic;
					};
					F137A6402003E86D006C42AB = {
						CreatedOnToolsVersion = 8.2.1;
						DevelopmentTeam = 8J3ZX75TJ7;
						ProvisioningStyle = Automatic;
						TestTargetID = F137A6272003E86D006C42AB;
					};
					F137A64B2003E86D006C42AB = {
						CreatedOnToolsVersion = 8.2.1;
						DevelopmentTeam = 8J3ZX75TJ7;
						ProvisioningStyle = Automatic;
						TestTargetID = F137A6272003E86D006C42AB;
					};
				};
			};
			buildConfigurationList = F137A6232003E86D006C42AB /* Build configuration list for PBXProject "TestAlert" */;
			compatibilityVersion = "Xcode 3.2";
			developmentRegion = English;
			hasScannedForEncodings = 0;
			knownRegions = (
				en,
				Base,
			);
			mainGroup = F137A61F2003E86D006C42AB;
			productRefGroup = F137A6292003E86D006C42AB /* Products */;
			projectDirPath = "";
			projectRoot = "";
			targets = (
				F137A6272003E86D006C42AB /* TestAlert */,
				F137A6402003E86D006C42AB /* TestAlertTests */,
				F137A64B2003E86D006C42AB /* TestAlertUITests */,
			);
		};
/* End PBXProject section */

/* Begin PBXResourcesBuildPhase section */
		F137A6262003E86D006C42AB /* Resources */ = {
			isa = PBXResourcesBuildPhase;
			buildActionMask = 2147483647;
			files = (
				F137A63B2003E86D006C42AB /* LaunchScreen.storyboard in Resources */,
				F137A6382003E86D006C42AB /* Assets.xcassets in Resources */,
				F137A6362003E86D006C42AB /* Main.storyboard in Resources */,
			);
			runOnlyForDeploymentPostprocessing = 0;
		};
		F137A63F2003E86D006C42AB /* Resources */ = {
			isa = PBXResourcesBuildPhase;
			buildActionMask = 2147483647;
			files = (
			);
			runOnlyForDeploymentPostprocessing = 0;
		};
		F137A64A2003E86D006C42AB /* Resources */ = {
			isa = PBXResourcesBuildPhase;
			buildActionMask = 2147483647;
			files = (
			);
			runOnlyForDeploymentPostprocessing = 0;
		};
/* End PBXResourcesBuildPhase section */

/* Begin PBXSourcesBuildPhase section */
		F137A6242003E86D006C42AB /* Sources */ = {
			isa = PBXSourcesBuildPhase;
			buildActionMask = 2147483647;
			files = (
				F137A6332003E86D006C42AB /* ViewController.m in Sources */,
				F137A6302003E86D006C42AB /* AppDelegate.m in Sources */,
				F137A62D2003E86D006C42AB /* main.m in Sources */,
			);
			runOnlyForDeploymentPostprocessing = 0;
		};
		F137A63D2003E86D006C42AB /* Sources */ = {
			isa = PBXSourcesBuildPhase;
			buildActionMask = 2147483647;
			files = (
				F137A6462003E86D006C42AB /* TestAlertTests.m in Sources */,
			);
			runOnlyForDeploymentPostprocessing = 0;
		};
		F137A6482003E86D006C42AB /* Sources */ = {
			isa = PBXSourcesBuildPhase;
			buildActionMask = 2147483647;
			files = (
				F137A6512003E86D006C42AB /* TestAlertUITests.m in Sources */,
			);
			runOnlyForDeploymentPostprocessing = 0;
		};
/* End PBXSourcesBuildPhase section */

/* Begin PBXTargetDependency section */
		F137A6432003E86D006C42AB /* PBXTargetDependency */ = {
			isa = PBXTargetDependency;
			target = F137A6272003E86D006C42AB /* TestAlert */;
			targetProxy = F137A6422003E86D006C42AB /* PBXContainerItemProxy */;
		};
		F137A64E2003E86D006C42AB /* PBXTargetDependency */ = {
			isa = PBXTargetDependency;
			target = F137A6272003E86D006C42AB /* TestAlert */;
			targetProxy = F137A64D2003E86D006C42AB /* PBXContainerItemProxy */;
		};
/* End PBXTargetDependency section */

/* Begin PBXVariantGroup section */
		F137A6342003E86D006C42AB /* Main.storyboard */ = {
			isa = PBXVariantGroup;
			children = (
				F137A6352003E86D006C42AB /* Base */,
			);
			name = Main.storyboard;
			sourceTree = "<group>";
		};
		F137A6392003E86D006C42AB /* LaunchScreen.storyboard */ = {
			isa = PBXVariantGroup;
			children = (
				F137A63A2003E86D006C42AB /* Base */,
			);
			name = LaunchScreen.storyboard;
			sourceTree = "<group>";
		};
/* End PBXVariantGroup section */

/* Begin XCBuildConfiguration section */
		F137A6532003E86D006C42AB /* Debug */ = {
			isa = XCBuildConfiguration;
			buildSettings = {
				ALWAYS_SEARCH_USER_PATHS = NO;
				CLANG_ANALYZER_NONNULL = YES;
				CLANG_CXX_LANGUAGE_STANDARD = "gnu++0x";
				CLANG_CXX_LIBRARY = "libc++";
				CLANG_ENABLE_MODULES = YES;
				CLANG_ENABLE_OBJC_ARC = YES;
				CLANG_WARN_BOOL_CONVERSION = YES;
				CLANG_WARN_CONSTANT_CONVERSION = YES;
				CLANG_WARN_DIRECT_OBJC_ISA_USAGE = YES_ERROR;
				CLANG_WARN_DOCUMENTATION_COMMENTS = YES;
				CLANG_WARN_EMPTY_BODY = YES;
				CLANG_WARN_ENUM_CONVERSION = YES;
				CLANG_WARN_INFINITE_RECURSION = YES;
				CLANG_WARN_INT_CONVERSION = YES;
				CLANG_WARN_OBJC_ROOT_CLASS = YES_ERROR;
				CLANG_WARN_SUSPICIOUS_MOVE = YES;
				CLANG_WARN_UNREACHABLE_CODE = YES;
				CLANG_WARN__DUPLICATE_METHOD_MATCH = YES;
				"CODE_SIGN_IDENTITY[sdk=iphoneos*]" = "iPhone Developer";
				COPY_PHASE_STRIP = NO;
				DEBUG_INFORMATION_FORMAT = dwarf;
				ENABLE_STRICT_OBJC_MSGSEND = YES;
				ENABLE_TESTABILITY = YES;
				GCC_C_LANGUAGE_STANDARD = gnu99;
				GCC_DYNAMIC_NO_PIC = NO;
				GCC_NO_COMMON_BLOCKS = YES;
				GCC_OPTIMIZATION_LEVEL = 0;
				GCC_PREPROCESSOR_DEFINITIONS = (
					"DEBUG=1",
					"$(inherited)",
				);
				GCC_WARN_64_TO_32_BIT_CONVERSION = YES;
				GCC_WARN_ABOUT_RETURN_TYPE = YES_ERROR;
				GCC_WARN_UNDECLARED_SELECTOR = YES;
				GCC_WARN_UNINITIALIZED_AUTOS = YES_AGGRESSIVE;
				GCC_WARN_UNUSED_FUNCTION = YES;
				GCC_WARN_UNUSED_VARIABLE = YES;
				IPHONEOS_DEPLOYMENT_TARGET = 10.2;
				MTL_ENABLE_DEBUG_INFO = YES;
				ONLY_ACTIVE_ARCH = YES;
				SDKROOT = iphoneos;
			};
			name = Debug;
		};
		F137A6542003E86D006C42AB /* Release */ = {
			isa = XCBuildConfiguration;
			buildSettings = {
				ALWAYS_SEARCH_USER_PATHS = NO;
				CLANG_ANALYZER_NONNULL = YES;
				CLANG_CXX_LANGUAGE_STANDARD = "gnu++0x";
				CLANG_CXX_LIBRARY = "libc++";
				CLANG_ENABLE_MODULES = YES;
				CLANG_ENABLE_OBJC_ARC = YES;
				CLANG_WARN_BOOL_CONVERSION = YES;
				CLANG_WARN_CONSTANT_CONVERSION = YES;
				CLANG_WARN_DIRECT_OBJC_ISA_USAGE = YES_ERROR;
				CLANG_WARN_DOCUMENTATION_COMMENTS = YES;
				CLANG_WARN_EMPTY_BODY = YES;
				CLANG_WARN_ENUM_CONVERSION = YES;
				CLANG_WARN_INFINITE_RECURSION = YES;
				CLANG_WARN_INT_CONVERSION = YES;
				CLANG_WARN_OBJC_ROOT_CLASS = YES_ERROR;
				CLANG_WARN_SUSPICIOUS_MOVE = YES;
				CLANG_WARN_UNREACHABLE_CODE = YES;
				CLANG_WARN__DUPLICATE_METHOD_MATCH = YES;
				"CODE_SIGN_IDENTITY[sdk=iphoneos*]" = "iPhone Developer";
				COPY_PHASE_STRIP = NO;
				DEBUG_INFORMATION_FORMAT = "dwarf-with-dsym";
				ENABLE_NS_ASSERTIONS = NO;
				ENABLE_STRICT_OBJC_MSGSEND = YES;
				GCC_C_LANGUAGE_STANDARD = gnu99;
				GCC_NO_COMMON_BLOCKS = YES;
				GCC_WARN_64_TO_32_BIT_CONVERSION = YES;
				GCC_WARN_ABOUT_RETURN_TYPE = YES_ERROR;
				GCC_WARN_UNDECLARED_SELECTOR = YES;
				GCC_WARN_UNINITIALIZED_AUTOS = YES_AGGRESSIVE;
				GCC_WARN_UNUSED_FUNCTION = YES;
				GCC_WARN_UNUSED_VARIABLE = YES;
				IPHONEOS_DEPLOYMENT_TARGET = 10.2;
				MTL_ENABLE_DEBUG_INFO = NO;
				SDKROOT = iphoneos;
				VALIDATE_PRODUCT = YES;
			};
			name = Release;
		};
		F137A6562003E86D006C42AB /* Debug */ = {
			isa = XCBuildConfiguration;
			buildSettings = {
				ASSETCATALOG_COMPILER_APPICON_NAME = AppIcon;
				DEVELOPMENT_TEAM = 8J3ZX75TJ7;
				INFOPLIST_FILE = TestAlert/Info.plist;
				LD_RUNPATH_SEARCH_PATHS = "$(inherited) @executable_path/Frameworks";
				PRODUCT_BUNDLE_IDENTIFIER = "Univ-La-Rochelle.TestAlert";
				PRODUCT_NAME = "$(TARGET_NAME)";
			};
			name = Debug;
		};
		F137A6572003E86D006C42AB /* Release */ = {
			isa = XCBuildConfiguration;
			buildSettings = {
				ASSETCATALOG_COMPILER_APPICON_NAME = AppIcon;
				DEVELOPMENT_TEAM = 8J3ZX75TJ7;
				INFOPLIST_FILE = TestAlert/Info.plist;
				LD_RUNPATH_SEARCH_PATHS = "$(inherited) @executable_path/Frameworks";
				PRODUCT_BUNDLE_IDENTIFIER = "Univ-La-Rochelle.TestAlert";
				PRODUCT_NAME = "$(TARGET_NAME)";
			};
			name = Release;
		};
		F137A6592003E86D006C42AB /* Debug */ = {
			isa = XCBuildConfiguration;
			buildSettings = {
				BUNDLE_LOADER = "$(TEST_HOST)";
				DEVELOPMENT_TEAM = 8J3ZX75TJ7;
				INFOPLIST_FILE = TestAlertTests/Info.plist;
				LD_RUNPATH_SEARCH_PATHS = "$(inherited) @executable_path/Frameworks @loader_path/Frameworks";
				PRODUCT_BUNDLE_IDENTIFIER = "Univ-La-Rochelle.TestAlertTests";
				PRODUCT_NAME = "$(TARGET_NAME)";
				TEST_HOST = "$(BUILT_PRODUCTS_DIR)/TestAlert.app/TestAlert";
			};
			name = Debug;
		};
		F137A65A2003E86D006C42AB /* Release */ = {
			isa = XCBuildConfiguration;
			buildSettings = {
				BUNDLE_LOADER = "$(TEST_HOST)";
				DEVELOPMENT_TEAM = 8J3ZX75TJ7;
				INFOPLIST_FILE = TestAlertTests/Info.plist;
				LD_RUNPATH_SEARCH_PATHS = "$(inherited) @executable_path/Frameworks @loader_path/Frameworks";
				PRODUCT_BUNDLE_IDENTIFIER = "Univ-La-Rochelle.TestAlertTests";
				PRODUCT_NAME = "$(TARGET_NAME)";
				TEST_HOST = "$(BUILT_PRODUCTS_DIR)/TestAlert.app/TestAlert";
			};
			name = Release;
		};
		F137A65C2003E86D006C42AB /* Debug */ = {
			isa = XCBuildConfiguration;
			buildSettings = {
				DEVELOPMENT_TEAM = 8J3ZX75TJ7;
				INFOPLIST_FILE = TestAlertUITests/Info.plist;
				LD_RUNPATH_SEARCH_PATHS = "$(inherited) @executable_path/Frameworks @loader_path/Frameworks";
				PRODUCT_BUNDLE_IDENTIFIER = "Univ-La-Rochelle.TestAlertUITests";
				PRODUCT_NAME = "$(TARGET_NAME)";
				TEST_TARGET_NAME = TestAlert;
			};
			name = Debug;
		};
		F137A65D2003E86D006C42AB /* Release */ = {
			isa = XCBuildConfiguration;
			buildSettings = {
				DEVELOPMENT_TEAM = 8J3ZX75TJ7;
				INFOPLIST_FILE = TestAlertUITests/Info.plist;
				LD_RUNPATH_SEARCH_PATHS = "$(inherited) @executable_path/Frameworks @loader_path/Frameworks";
				PRODUCT_BUNDLE_IDENTIFIER = "Univ-La-Rochelle.TestAlertUITests";
				PRODUCT_NAME = "$(TARGET_NAME)";
				TEST_TARGET_NAME = TestAlert;
			};
			name = Release;
		};
/* End XCBuildConfiguration section */

/* Begin XCConfigurationList section */
		F137A6232003E86D006C42AB /* Build configuration list for PBXProject "TestAlert" */ = {
			isa = XCConfigurationList;
			buildConfigurations = (
				F137A6532003E86D006C42AB /* Debug */,
				F137A6542003E86D006C42AB /* Release */,
			);
			defaultConfigurationIsVisible = 0;
			defaultConfigurationName = Release;
		};
		F137A6552003E86D006C42AB /* Build configuration list for PBXNativeTarget "TestAlert" */ = {
			isa = XCConfigurationList;
			buildConfigurations = (
				F137A6562003E86D006C42AB /* Debug */,
				F137A6572003E86D006C42AB /* Release */,
			);
			defaultConfigurationIsVisible = 0;
		};
		F137A6582003E86D006C42AB /* Build configuration list for PBXNativeTarget "TestAlertTests" */ = {
			isa = XCConfigurationList;
			buildConfigurations = (
				F137A6592003E86D006C42AB /* Debug */,
				F137A65A2003E86D006C42AB /* Release */,
			);
			defaultConfigurationIsVisible = 0;
		};
		F137A65B2003E86D006C42AB /* Build configuration list for PBXNativeTarget "TestAlertUITests" */ = {
			isa = XCConfigurationList;
			buildConfigurations = (
				F137A65C2003E86D006C42AB /* Debug */,
				F137A65D2003E86D006C42AB /* Release */,
			);
			defaultConfigurationIsVisible = 0;
		};
/* End XCConfigurationList section */
	};
	rootObject = F137A6202003E86D006C42AB /* Project object */;
}
