
Microsoft Visual Studio Solution File, Format Version 11.00
# Visual Studio 2010
Project("{FAE04EC0-301F-11D3-BF4B-00C04F79EFBC}") = "RobotArticulation", "RobotArticulation\RobotArticulation.csproj", "{F3A9612C-F8BA-4AEA-BDF7-334DBC970DB7}"
EndProject
Project("{FAE04EC0-301F-11D3-BF4B-00C04F79EFBC}") = "TimezoneList", "TimezoneList\TimezoneList.csproj", "{A5BFE22C-3075-4573-898C-36B83E099A7C}"
EndProject
Global
	GlobalSection(SolutionConfigurationPlatforms) = preSolution
		Debug|x86 = Debug|x86
		Release|x86 = Release|x86
	EndGlobalSection
	GlobalSection(ProjectConfigurationPlatforms) = postSolution
		{F3A9612C-F8BA-4AEA-BDF7-334DBC970DB7}.Debug|x86.ActiveCfg = Debug|x86
		{F3A9612C-F8BA-4AEA-BDF7-334DBC970DB7}.Debug|x86.Build.0 = Debug|x86
		{F3A9612C-F8BA-4AEA-BDF7-334DBC970DB7}.Release|x86.ActiveCfg = Release|x86
		{F3A9612C-F8BA-4AEA-BDF7-334DBC970DB7}.Release|x86.Build.0 = Release|x86
		{A5BFE22C-3075-4573-898C-36B83E099A7C}.Debug|x86.ActiveCfg = Debug|x86
		{A5BFE22C-3075-4573-898C-36B83E099A7C}.Debug|x86.Build.0 = Debug|x86
		{A5BFE22C-3075-4573-898C-36B83E099A7C}.Release|x86.ActiveCfg = Release|x86
		{A5BFE22C-3075-4573-898C-36B83E099A7C}.Release|x86.Build.0 = Release|x86
	EndGlobalSection
	GlobalSection(SolutionProperties) = preSolution
		HideSolutionNode = FALSE
	EndGlobalSection
EndGlobal
