// !$*UTF8*$!
{
	archiveVersion = 1;
	classes = {
	};
	objectVersion = 46;
	objects = {

/* Begin PBXBuildFile section */
		F137A9A32006C78B006C42AB /* cdpcorrespondace.cpp in Sources */ = {isa = PBXBuildFile; fileRef = F137A9A12006C78B006C42AB /* cdpcorrespondace.cpp */; };
		F137A9A42006C78B006C42AB /* cdpcorrespondance.cpp in Sources */ = {isa = PBXBuildFile; fileRef = F137A9A22006C78B006C42AB /* cdpcorrespondance.cpp */; };
		F137A9AB2006C7A1006C42AB /* character.cpp in Sources */ = {isa = PBXBuildFile; fileRef = F137A9A52006C7A1006C42AB /* character.cpp */; };
		F137A9AC2006C7A1006C42AB /* characteristicvector.cpp in Sources */ = {isa = PBXBuildFile; fileRef = F137A9A62006C7A1006C42AB /* characteristicvector.cpp */; };
		F137A9AD2006C7A1006C42AB /* CommandLine.cpp in Sources */ = {isa = PBXBuildFile; fileRef = F137A9A72006C7A1006C42AB /* CommandLine.cpp */; };
		F137A9AE2006C7A1006C42AB /* commandlineapplication.cpp in Sources */ = {isa = PBXBuildFile; fileRef = F137A9A82006C7A1006C42AB /* commandlineapplication.cpp */; };
		F137A9AF2006C7A1006C42AB /* commandlineapplicationPourcentage.cpp in Sources */ = {isa = PBXBuildFile; fileRef = F137A9A92006C7A1006C42AB /* commandlineapplicationPourcentage.cpp */; };
		F137A9B02006C7A1006C42AB /* commandlineoutput.cpp in Sources */ = {isa = PBXBuildFile; fileRef = F137A9AA2006C7A1006C42AB /* commandlineoutput.cpp */; };
		F137A9BD2006C7C8006C42AB /* correspondance.cpp in Sources */ = {isa = PBXBuildFile; fileRef = F137A9B22006C7C8006C42AB /* correspondance.cpp */; };
		F137A9BE2006C7C8006C42AB /* csvParser.cpp in Sources */ = {isa = PBXBuildFile; fileRef = F137A9B32006C7C8006C42AB /* csvParser.cpp */; };
		F137A9BF2006C7C8006C42AB /* dtwcorrespondance.cpp in Sources */ = {isa = PBXBuildFile; fileRef = F137A9B42006C7C8006C42AB /* dtwcorrespondance.cpp */; };
		F137A9C02006C7C8006C42AB /* extParser.cpp in Sources */ = {isa = PBXBuildFile; fileRef = F137A9B52006C7C8006C42AB /* extParser.cpp */; };
		F137A9C12006C7C8006C42AB /* extParserPoucentage.cpp in Sources */ = {isa = PBXBuildFile; fileRef = F137A9B62006C7C8006C42AB /* extParserPoucentage.cpp */; };
		F137A9C22006C7C8006C42AB /* fsmcorrespondance.cpp in Sources */ = {isa = PBXBuildFile; fileRef = F137A9B72006C7C8006C42AB /* fsmcorrespondance.cpp */; };
		F137A9C32006C7C8006C42AB /* inouttest.cpp in Sources */ = {isa = PBXBuildFile; fileRef = F137A9B82006C7C8006C42AB /* inouttest.cpp */; };
		F137A9C42006C7C8006C42AB /* lcscorrespondance.cpp in Sources */ = {isa = PBXBuildFile; fileRef = F137A9B92006C7C8006C42AB /* lcscorrespondance.cpp */; };
		F137A9C52006C7C8006C42AB /* levenstheincorrespondance.cpp in Sources */ = {isa = PBXBuildFile; fileRef = F137A9BA2006C7C8006C42AB /* levenstheincorrespondance.cpp */; };
		F137A9C62006C7C8006C42AB /* modeltest.cpp in Sources */ = {isa = PBXBuildFile; fileRef = F137A9BB2006C7C8006C42AB /* modeltest.cpp */; };
		F137A9C72006C7C8006C42AB /* mvmcorrespondance.cpp in Sources */ = {isa = PBXBuildFile; fileRef = F137A9BC2006C7C8006C42AB /* mvmcorrespondance.cpp */; };
		F137A9CF2006C7DE006C42AB /* numeric.cpp in Sources */ = {isa = PBXBuildFile; fileRef = F137A9C82006C7DE006C42AB /* numeric.cpp */; };
		F137A9D02006C7DE006C42AB /* OpenMPTryFlag.cpp in Sources */ = {isa = PBXBuildFile; fileRef = F137A9C92006C7DE006C42AB /* OpenMPTryFlag.cpp */; };
		F137A9D12006C7DE006C42AB /* parametrage.cpp in Sources */ = {isa = PBXBuildFile; fileRef = F137A9CA2006C7DE006C42AB /* parametrage.cpp */; };
		F137A9D22006C7DE006C42AB /* paramparser.cpp in Sources */ = {isa = PBXBuildFile; fileRef = F137A9CB2006C7DE006C42AB /* paramparser.cpp */; };
		F137A9D32006C7DE006C42AB /* sequence.cpp in Sources */ = {isa = PBXBuildFile; fileRef = F137A9CC2006C7DE006C42AB /* sequence.cpp */; };
		F137A9D42006C7DE006C42AB /* sequenceparser.cpp in Sources */ = {isa = PBXBuildFile; fileRef = F137A9CD2006C7DE006C42AB /* sequenceparser.cpp */; };
		F137A9D52006C7DE006C42AB /* xmlParser.cpp in Sources */ = {isa = PBXBuildFile; fileRef = F137A9CE2006C7DE006C42AB /* xmlParser.cpp */; };
		F137A9F72006C819006C42AB /* main.cpp in Sources */ = {isa = PBXBuildFile; fileRef = F137A9F62006C819006C42AB /* main.cpp */; };
		F137A9F92006C826006C42AB /* calctest.cpp in Sources */ = {isa = PBXBuildFile; fileRef = F137A9F82006C826006C42AB /* calctest.cpp */; };
/* End PBXBuildFile section */

/* Begin PBXCopyFilesBuildPhase section */
		F137A9932006C6BA006C42AB /* CopyFiles */ = {
			isa = PBXCopyFilesBuildPhase;
			buildActionMask = 2147483647;
			dstPath = /usr/share/man/man1/;
			dstSubfolderSpec = 0;
			files = (
			);
			runOnlyForDeploymentPostprocessing = 1;
		};
/* End PBXCopyFilesBuildPhase section */

/* Begin PBXFileReference section */
		F137A9952006C6BA006C42AB /* VariousSequenceMatchingTechniques */ = {isa = PBXFileReference; explicitFileType = "compiled.mach-o.executable"; includeInIndex = 0; path = VariousSequenceMatchingTechniques; sourceTree = BUILT_PRODUCTS_DIR; };
		F137A9A12006C78B006C42AB /* cdpcorrespondace.cpp */ = {isa = PBXFileReference; fileEncoding = 4; lastKnownFileType = sourcecode.cpp.cpp; path = cdpcorrespondace.cpp; sourceTree = "<group>"; };
		F137A9A22006C78B006C42AB /* cdpcorrespondance.cpp */ = {isa = PBXFileReference; fileEncoding = 4; lastKnownFileType = sourcecode.cpp.cpp; path = cdpcorrespondance.cpp; sourceTree = "<group>"; };
		F137A9A52006C7A1006C42AB /* character.cpp */ = {isa = PBXFileReference; fileEncoding = 4; lastKnownFileType = sourcecode.cpp.cpp; path = character.cpp; sourceTree = "<group>"; };
		F137A9A62006C7A1006C42AB /* characteristicvector.cpp */ = {isa = PBXFileReference; fileEncoding = 4; lastKnownFileType = sourcecode.cpp.cpp; path = characteristicvector.cpp; sourceTree = "<group>"; };
		F137A9A72006C7A1006C42AB /* CommandLine.cpp */ = {isa = PBXFileReference; fileEncoding = 4; lastKnownFileType = sourcecode.cpp.cpp; path = CommandLine.cpp; sourceTree = "<group>"; };
		F137A9A82006C7A1006C42AB /* commandlineapplication.cpp */ = {isa = PBXFileReference; fileEncoding = 4; lastKnownFileType = sourcecode.cpp.cpp; path = commandlineapplication.cpp; sourceTree = "<group>"; };
		F137A9A92006C7A1006C42AB /* commandlineapplicationPourcentage.cpp */ = {isa = PBXFileReference; fileEncoding = 4; lastKnownFileType = sourcecode.cpp.cpp; path = commandlineapplicationPourcentage.cpp; sourceTree = "<group>"; };
		F137A9AA2006C7A1006C42AB /* commandlineoutput.cpp */ = {isa = PBXFileReference; fileEncoding = 4; lastKnownFileType = sourcecode.cpp.cpp; path = commandlineoutput.cpp; sourceTree = "<group>"; };
		F137A9B22006C7C8006C42AB /* correspondance.cpp */ = {isa = PBXFileReference; fileEncoding = 4; lastKnownFileType = sourcecode.cpp.cpp; path = correspondance.cpp; sourceTree = "<group>"; };
		F137A9B32006C7C8006C42AB /* csvParser.cpp */ = {isa = PBXFileReference; fileEncoding = 4; lastKnownFileType = sourcecode.cpp.cpp; path = csvParser.cpp; sourceTree = "<group>"; };
		F137A9B42006C7C8006C42AB /* dtwcorrespondance.cpp */ = {isa = PBXFileReference; fileEncoding = 4; lastKnownFileType = sourcecode.cpp.cpp; path = dtwcorrespondance.cpp; sourceTree = "<group>"; };
		F137A9B52006C7C8006C42AB /* extParser.cpp */ = {isa = PBXFileReference; fileEncoding = 4; lastKnownFileType = sourcecode.cpp.cpp; path = extParser.cpp; sourceTree = "<group>"; };
		F137A9B62006C7C8006C42AB /* extParserPoucentage.cpp */ = {isa = PBXFileReference; fileEncoding = 4; lastKnownFileType = sourcecode.cpp.cpp; path = extParserPoucentage.cpp; sourceTree = "<group>"; };
		F137A9B72006C7C8006C42AB /* fsmcorrespondance.cpp */ = {isa = PBXFileReference; fileEncoding = 4; lastKnownFileType = sourcecode.cpp.cpp; path = fsmcorrespondance.cpp; sourceTree = "<group>"; };
		F137A9B82006C7C8006C42AB /* inouttest.cpp */ = {isa = PBXFileReference; fileEncoding = 4; lastKnownFileType = sourcecode.cpp.cpp; path = inouttest.cpp; sourceTree = "<group>"; };
		F137A9B92006C7C8006C42AB /* lcscorrespondance.cpp */ = {isa = PBXFileReference; fileEncoding = 4; lastKnownFileType = sourcecode.cpp.cpp; path = lcscorrespondance.cpp; sourceTree = "<group>"; };
		F137A9BA2006C7C8006C42AB /* levenstheincorrespondance.cpp */ = {isa = PBXFileReference; fileEncoding = 4; lastKnownFileType = sourcecode.cpp.cpp; path = levenstheincorrespondance.cpp; sourceTree = "<group>"; };
		F137A9BB2006C7C8006C42AB /* modeltest.cpp */ = {isa = PBXFileReference; fileEncoding = 4; lastKnownFileType = sourcecode.cpp.cpp; path = modeltest.cpp; sourceTree = "<group>"; };
		F137A9BC2006C7C8006C42AB /* mvmcorrespondance.cpp */ = {isa = PBXFileReference; fileEncoding = 4; lastKnownFileType = sourcecode.cpp.cpp; path = mvmcorrespondance.cpp; sourceTree = "<group>"; };
		F137A9C82006C7DE006C42AB /* numeric.cpp */ = {isa = PBXFileReference; fileEncoding = 4; lastKnownFileType = sourcecode.cpp.cpp; path = numeric.cpp; sourceTree = "<group>"; };
		F137A9C92006C7DE006C42AB /* OpenMPTryFlag.cpp */ = {isa = PBXFileReference; fileEncoding = 4; lastKnownFileType = sourcecode.cpp.cpp; path = OpenMPTryFlag.cpp; sourceTree = "<group>"; };
		F137A9CA2006C7DE006C42AB /* parametrage.cpp */ = {isa = PBXFileReference; fileEncoding = 4; lastKnownFileType = sourcecode.cpp.cpp; path = parametrage.cpp; sourceTree = "<group>"; };
		F137A9CB2006C7DE006C42AB /* paramparser.cpp */ = {isa = PBXFileReference; fileEncoding = 4; lastKnownFileType = sourcecode.cpp.cpp; path = paramparser.cpp; sourceTree = "<group>"; };
		F137A9CC2006C7DE006C42AB /* sequence.cpp */ = {isa = PBXFileReference; fileEncoding = 4; lastKnownFileType = sourcecode.cpp.cpp; path = sequence.cpp; sourceTree = "<group>"; };
		F137A9CD2006C7DE006C42AB /* sequenceparser.cpp */ = {isa = PBXFileReference; fileEncoding = 4; lastKnownFileType = sourcecode.cpp.cpp; path = sequenceparser.cpp; sourceTree = "<group>"; };
		F137A9CE2006C7DE006C42AB /* xmlParser.cpp */ = {isa = PBXFileReference; fileEncoding = 4; lastKnownFileType = sourcecode.cpp.cpp; path = xmlParser.cpp; sourceTree = "<group>"; };
		F137A9D62006C805006C42AB /* calctest.h */ = {isa = PBXFileReference; fileEncoding = 4; lastKnownFileType = sourcecode.c.h; path = calctest.h; sourceTree = "<group>"; };
		F137A9D72006C805006C42AB /* cdpcorrespondance.h */ = {isa = PBXFileReference; fileEncoding = 4; lastKnownFileType = sourcecode.c.h; path = cdpcorrespondance.h; sourceTree = "<group>"; };
		F137A9D82006C805006C42AB /* character.h */ = {isa = PBXFileReference; fileEncoding = 4; lastKnownFileType = sourcecode.c.h; path = character.h; sourceTree = "<group>"; };
		F137A9D92006C805006C42AB /* characteristicvector.h */ = {isa = PBXFileReference; fileEncoding = 4; lastKnownFileType = sourcecode.c.h; path = characteristicvector.h; sourceTree = "<group>"; };
		F137A9DA2006C805006C42AB /* CommandLine.h */ = {isa = PBXFileReference; fileEncoding = 4; lastKnownFileType = sourcecode.c.h; path = CommandLine.h; sourceTree = "<group>"; };
		F137A9DB2006C805006C42AB /* commandlineapplication.h */ = {isa = PBXFileReference; fileEncoding = 4; lastKnownFileType = sourcecode.c.h; path = commandlineapplication.h; sourceTree = "<group>"; };
		F137A9DC2006C805006C42AB /* commandlineapplicationpourcentage.h */ = {isa = PBXFileReference; fileEncoding = 4; lastKnownFileType = sourcecode.c.h; path = commandlineapplicationpourcentage.h; sourceTree = "<group>"; };
		F137A9DD2006C805006C42AB /* commandlineoutput.h */ = {isa = PBXFileReference; fileEncoding = 4; lastKnownFileType = sourcecode.c.h; path = commandlineoutput.h; sourceTree = "<group>"; };
		F137A9DE2006C805006C42AB /* correspondance.h */ = {isa = PBXFileReference; fileEncoding = 4; lastKnownFileType = sourcecode.c.h; path = correspondance.h; sourceTree = "<group>"; };
		F137A9DF2006C805006C42AB /* csvParser.h */ = {isa = PBXFileReference; fileEncoding = 4; lastKnownFileType = sourcecode.c.h; path = csvParser.h; sourceTree = "<group>"; };
		F137A9E02006C805006C42AB /* dtwcorrespondance.h */ = {isa = PBXFileReference; fileEncoding = 4; lastKnownFileType = sourcecode.c.h; path = dtwcorrespondance.h; sourceTree = "<group>"; };
		F137A9E12006C805006C42AB /* element.h */ = {isa = PBXFileReference; fileEncoding = 4; lastKnownFileType = sourcecode.c.h; path = element.h; sourceTree = "<group>"; };
		F137A9E22006C805006C42AB /* Exc.h */ = {isa = PBXFileReference; fileEncoding = 4; lastKnownFileType = sourcecode.c.h; path = Exc.h; sourceTree = "<group>"; };
		F137A9E32006C805006C42AB /* extParser.h */ = {isa = PBXFileReference; fileEncoding = 4; lastKnownFileType = sourcecode.c.h; path = extParser.h; sourceTree = "<group>"; };
		F137A9E42006C805006C42AB /* extParserpourcentage.h */ = {isa = PBXFileReference; fileEncoding = 4; lastKnownFileType = sourcecode.c.h; path = extParserpourcentage.h; sourceTree = "<group>"; };
		F137A9E52006C805006C42AB /* fsmcorrespondance.h */ = {isa = PBXFileReference; fileEncoding = 4; lastKnownFileType = sourcecode.c.h; path = fsmcorrespondance.h; sourceTree = "<group>"; };
		F137A9E62006C805006C42AB /* InOut.h */ = {isa = PBXFileReference; fileEncoding = 4; lastKnownFileType = sourcecode.c.h; path = InOut.h; sourceTree = "<group>"; };
		F137A9E72006C805006C42AB /* inouttest.h */ = {isa = PBXFileReference; fileEncoding = 4; lastKnownFileType = sourcecode.c.h; path = inouttest.h; sourceTree = "<group>"; };
		F137A9E82006C805006C42AB /* lcscorrespondance.h */ = {isa = PBXFileReference; fileEncoding = 4; lastKnownFileType = sourcecode.c.h; path = lcscorrespondance.h; sourceTree = "<group>"; };
		F137A9E92006C805006C42AB /* levenstheincorrespondance.h */ = {isa = PBXFileReference; fileEncoding = 4; lastKnownFileType = sourcecode.c.h; path = levenstheincorrespondance.h; sourceTree = "<group>"; };
		F137A9EA2006C805006C42AB /* Model.h */ = {isa = PBXFileReference; fileEncoding = 4; lastKnownFileType = sourcecode.c.h; path = Model.h; sourceTree = "<group>"; };
		F137A9EB2006C805006C42AB /* modeltest.h */ = {isa = PBXFileReference; fileEncoding = 4; lastKnownFileType = sourcecode.c.h; path = modeltest.h; sourceTree = "<group>"; };
		F137A9EC2006C805006C42AB /* mvmcorrespondance.h */ = {isa = PBXFileReference; fileEncoding = 4; lastKnownFileType = sourcecode.c.h; path = mvmcorrespondance.h; sourceTree = "<group>"; };
		F137A9ED2006C805006C42AB /* numeric.h */ = {isa = PBXFileReference; fileEncoding = 4; lastKnownFileType = sourcecode.c.h; path = numeric.h; sourceTree = "<group>"; };
		F137A9EE2006C805006C42AB /* operatordistance.h */ = {isa = PBXFileReference; fileEncoding = 4; lastKnownFileType = sourcecode.c.h; path = operatordistance.h; sourceTree = "<group>"; };
		F137A9EF2006C805006C42AB /* parametrage.h */ = {isa = PBXFileReference; fileEncoding = 4; lastKnownFileType = sourcecode.c.h; path = parametrage.h; sourceTree = "<group>"; };
		F137A9F02006C805006C42AB /* paramparser.h */ = {isa = PBXFileReference; fileEncoding = 4; lastKnownFileType = sourcecode.c.h; path = paramparser.h; sourceTree = "<group>"; };
		F137A9F12006C805006C42AB /* sequence.h */ = {isa = PBXFileReference; fileEncoding = 4; lastKnownFileType = sourcecode.c.h; path = sequence.h; sourceTree = "<group>"; };
		F137A9F22006C805006C42AB /* sequencematchingexception.h */ = {isa = PBXFileReference; fileEncoding = 4; lastKnownFileType = sourcecode.c.h; path = sequencematchingexception.h; sourceTree = "<group>"; };
		F137A9F32006C805006C42AB /* sequenceparser.h */ = {isa = PBXFileReference; fileEncoding = 4; lastKnownFileType = sourcecode.c.h; path = sequenceparser.h; sourceTree = "<group>"; };
		F137A9F42006C805006C42AB /* UnitTest.h */ = {isa = PBXFileReference; fileEncoding = 4; lastKnownFileType = sourcecode.c.h; path = UnitTest.h; sourceTree = "<group>"; };
		F137A9F52006C805006C42AB /* xmlParser.h */ = {isa = PBXFileReference; fileEncoding = 4; lastKnownFileType = sourcecode.c.h; path = xmlParser.h; sourceTree = "<group>"; };
		F137A9F62006C819006C42AB /* main.cpp */ = {isa = PBXFileReference; fileEncoding = 4; lastKnownFileType = sourcecode.cpp.cpp; path = main.cpp; sourceTree = "<group>"; };
		F137A9F82006C826006C42AB /* calctest.cpp */ = {isa = PBXFileReference; fileEncoding = 4; lastKnownFileType = sourcecode.cpp.cpp; path = calctest.cpp; sourceTree = "<group>"; };
		F137A9FA2006C832006C42AB /* Calc.h */ = {isa = PBXFileReference; fileEncoding = 4; lastKnownFileType = sourcecode.c.h; path = Calc.h; sourceTree = "<group>"; };
		F137A9FC2006C88B006C42AB /* license.txt */ = {isa = PBXFileReference; fileEncoding = 4; lastKnownFileType = text; path = license.txt; sourceTree = "<group>"; };
		F137A9FD2006C88B006C42AB /* manual.html */ = {isa = PBXFileReference; fileEncoding = 4; lastKnownFileType = text.html; path = manual.html; sourceTree = "<group>"; };
		F137A9FE2006C88B006C42AB /* rapidxml_iterators.hpp */ = {isa = PBXFileReference; fileEncoding = 4; lastKnownFileType = sourcecode.cpp.h; path = rapidxml_iterators.hpp; sourceTree = "<group>"; };
		F137A9FF2006C88B006C42AB /* rapidxml_print.hpp */ = {isa = PBXFileReference; fileEncoding = 4; lastKnownFileType = sourcecode.cpp.h; path = rapidxml_print.hpp; sourceTree = "<group>"; };
		F137AA002006C88B006C42AB /* rapidxml_utils.hpp */ = {isa = PBXFileReference; fileEncoding = 4; lastKnownFileType = sourcecode.cpp.h; path = rapidxml_utils.hpp; sourceTree = "<group>"; };
		F137AA012006C88B006C42AB /* rapidxml.hpp */ = {isa = PBXFileReference; fileEncoding = 4; lastKnownFileType = sourcecode.cpp.h; path = rapidxml.hpp; sourceTree = "<group>"; };
/* End PBXFileReference section */

/* Begin PBXFrameworksBuildPhase section */
		F137A9922006C6BA006C42AB /* Frameworks */ = {
			isa = PBXFrameworksBuildPhase;
			buildActionMask = 2147483647;
			files = (
			);
			runOnlyForDeploymentPostprocessing = 0;
		};
/* End PBXFrameworksBuildPhase section */

/* Begin PBXGroup section */
		F137A98C2006C6BA006C42AB = {
			isa = PBXGroup;
			children = (
				F137A9972006C6BA006C42AB /* VariousSequenceMatchingTechniques */,
				F137A9962006C6BA006C42AB /* Products */,
			);
			sourceTree = "<group>";
		};
		F137A9962006C6BA006C42AB /* Products */ = {
			isa = PBXGroup;
			children = (
				F137A9952006C6BA006C42AB /* VariousSequenceMatchingTechniques */,
			);
			name = Products;
			sourceTree = "<group>";
		};
		F137A9972006C6BA006C42AB /* VariousSequenceMatchingTechniques */ = {
			isa = PBXGroup;
			children = (
				F137A9FB2006C851006C42AB /* rapidxml */,
				F137A9F62006C819006C42AB /* main.cpp */,
				F137A9A02006C6D4006C42AB /* Sources */,
				F137A99F2006C6C3006C42AB /* Headers */,
			);
			path = VariousSequenceMatchingTechniques;
			sourceTree = "<group>";
		};
		F137A99F2006C6C3006C42AB /* Headers */ = {
			isa = PBXGroup;
			children = (
				F137A9FA2006C832006C42AB /* Calc.h */,
				F137A9D62006C805006C42AB /* calctest.h */,
				F137A9D72006C805006C42AB /* cdpcorrespondance.h */,
				F137A9D82006C805006C42AB /* character.h */,
				F137A9D92006C805006C42AB /* characteristicvector.h */,
				F137A9DA2006C805006C42AB /* CommandLine.h */,
				F137A9DB2006C805006C42AB /* commandlineapplication.h */,
				F137A9DC2006C805006C42AB /* commandlineapplicationpourcentage.h */,
				F137A9DD2006C805006C42AB /* commandlineoutput.h */,
				F137A9DE2006C805006C42AB /* correspondance.h */,
				F137A9DF2006C805006C42AB /* csvParser.h */,
				F137A9E02006C805006C42AB /* dtwcorrespondance.h */,
				F137A9E12006C805006C42AB /* element.h */,
				F137A9E22006C805006C42AB /* Exc.h */,
				F137A9E32006C805006C42AB /* extParser.h */,
				F137A9E42006C805006C42AB /* extParserpourcentage.h */,
				F137A9E52006C805006C42AB /* fsmcorrespondance.h */,
				F137A9E62006C805006C42AB /* InOut.h */,
				F137A9E72006C805006C42AB /* inouttest.h */,
				F137A9E82006C805006C42AB /* lcscorrespondance.h */,
				F137A9E92006C805006C42AB /* levenstheincorrespondance.h */,
				F137A9EA2006C805006C42AB /* Model.h */,
				F137A9EB2006C805006C42AB /* modeltest.h */,
				F137A9EC2006C805006C42AB /* mvmcorrespondance.h */,
				F137A9ED2006C805006C42AB /* numeric.h */,
				F137A9EE2006C805006C42AB /* operatordistance.h */,
				F137A9EF2006C805006C42AB /* parametrage.h */,
				F137A9F02006C805006C42AB /* paramparser.h */,
				F137A9F12006C805006C42AB /* sequence.h */,
				F137A9F22006C805006C42AB /* sequencematchingexception.h */,
				F137A9F32006C805006C42AB /* sequenceparser.h */,
				F137A9F42006C805006C42AB /* UnitTest.h */,
				F137A9F52006C805006C42AB /* xmlParser.h */,
			);
			name = Headers;
			sourceTree = "<group>";
		};
		F137A9A02006C6D4006C42AB /* Sources */ = {
			isa = PBXGroup;
			children = (
				F137A9F82006C826006C42AB /* calctest.cpp */,
				F137A9C82006C7DE006C42AB /* numeric.cpp */,
				F137A9C92006C7DE006C42AB /* OpenMPTryFlag.cpp */,
				F137A9CA2006C7DE006C42AB /* parametrage.cpp */,
				F137A9CB2006C7DE006C42AB /* paramparser.cpp */,
				F137A9CC2006C7DE006C42AB /* sequence.cpp */,
				F137A9CD2006C7DE006C42AB /* sequenceparser.cpp */,
				F137A9CE2006C7DE006C42AB /* xmlParser.cpp */,
				F137A9B22006C7C8006C42AB /* correspondance.cpp */,
				F137A9B32006C7C8006C42AB /* csvParser.cpp */,
				F137A9B42006C7C8006C42AB /* dtwcorrespondance.cpp */,
				F137A9B52006C7C8006C42AB /* extParser.cpp */,
				F137A9B62006C7C8006C42AB /* extParserPoucentage.cpp */,
				F137A9B72006C7C8006C42AB /* fsmcorrespondance.cpp */,
				F137A9B82006C7C8006C42AB /* inouttest.cpp */,
				F137A9B92006C7C8006C42AB /* lcscorrespondance.cpp */,
				F137A9BA2006C7C8006C42AB /* levenstheincorrespondance.cpp */,
				F137A9BB2006C7C8006C42AB /* modeltest.cpp */,
				F137A9BC2006C7C8006C42AB /* mvmcorrespondance.cpp */,
				F137A9A52006C7A1006C42AB /* character.cpp */,
				F137A9A62006C7A1006C42AB /* characteristicvector.cpp */,
				F137A9A72006C7A1006C42AB /* CommandLine.cpp */,
				F137A9A82006C7A1006C42AB /* commandlineapplication.cpp */,
				F137A9A92006C7A1006C42AB /* commandlineapplicationPourcentage.cpp */,
				F137A9AA2006C7A1006C42AB /* commandlineoutput.cpp */,
				F137A9A12006C78B006C42AB /* cdpcorrespondace.cpp */,
				F137A9A22006C78B006C42AB /* cdpcorrespondance.cpp */,
			);
			name = Sources;
			sourceTree = "<group>";
		};
		F137A9FB2006C851006C42AB /* rapidxml */ = {
			isa = PBXGroup;
			children = (
				F137A9FC2006C88B006C42AB /* license.txt */,
				F137A9FD2006C88B006C42AB /* manual.html */,
				F137A9FE2006C88B006C42AB /* rapidxml_iterators.hpp */,
				F137A9FF2006C88B006C42AB /* rapidxml_print.hpp */,
				F137AA002006C88B006C42AB /* rapidxml_utils.hpp */,
				F137AA012006C88B006C42AB /* rapidxml.hpp */,
			);
			name = rapidxml;
			sourceTree = "<group>";
		};
/* End PBXGroup section */

/* Begin PBXNativeTarget section */
		F137A9942006C6BA006C42AB /* VariousSequenceMatchingTechniques */ = {
			isa = PBXNativeTarget;
			buildConfigurationList = F137A99C2006C6BA006C42AB /* Build configuration list for PBXNativeTarget "VariousSequenceMatchingTechniques" */;
			buildPhases = (
				F137A9912006C6BA006C42AB /* Sources */,
				F137A9922006C6BA006C42AB /* Frameworks */,
				F137A9932006C6BA006C42AB /* CopyFiles */,
			);
			buildRules = (
			);
			dependencies = (
			);
			name = VariousSequenceMatchingTechniques;
			productName = VariousSequenceMatchingTechniques;
			productReference = F137A9952006C6BA006C42AB /* VariousSequenceMatchingTechniques */;
			productType = "com.apple.product-type.tool";
		};
/* End PBXNativeTarget section */

/* Begin PBXProject section */
		F137A98D2006C6BA006C42AB /* Project object */ = {
			isa = PBXProject;
			attributes = {
				LastUpgradeCheck = 0820;
				ORGANIZATIONNAME = Tanmoy;
				TargetAttributes = {
					F137A9942006C6BA006C42AB = {
						CreatedOnToolsVersion = 8.2.1;
						DevelopmentTeam = 8J3ZX75TJ7;
						ProvisioningStyle = Automatic;
					};
				};
			};
			buildConfigurationList = F137A9902006C6BA006C42AB /* Build configuration list for PBXProject "VariousSequenceMatchingTechniques" */;
			compatibilityVersion = "Xcode 3.2";
			developmentRegion = English;
			hasScannedForEncodings = 0;
			knownRegions = (
				en,
			);
			mainGroup = F137A98C2006C6BA006C42AB;
			productRefGroup = F137A9962006C6BA006C42AB /* Products */;
			projectDirPath = "";
			projectRoot = "";
			targets = (
				F137A9942006C6BA006C42AB /* VariousSequenceMatchingTechniques */,
			);
		};
/* End PBXProject section */

/* Begin PBXSourcesBuildPhase section */
		F137A9912006C6BA006C42AB /* Sources */ = {
			isa = PBXSourcesBuildPhase;
			buildActionMask = 2147483647;
			files = (
				F137A9D52006C7DE006C42AB /* xmlParser.cpp in Sources */,
				F137A9BD2006C7C8006C42AB /* correspondance.cpp in Sources */,
				F137A9F72006C819006C42AB /* main.cpp in Sources */,
				F137A9AD2006C7A1006C42AB /* CommandLine.cpp in Sources */,
				F137A9C22006C7C8006C42AB /* fsmcorrespondance.cpp in Sources */,
				F137A9C72006C7C8006C42AB /* mvmcorrespondance.cpp in Sources */,
				F137A9C52006C7C8006C42AB /* levenstheincorrespondance.cpp in Sources */,
				F137A9C12006C7C8006C42AB /* extParserPoucentage.cpp in Sources */,
				F137A9F92006C826006C42AB /* calctest.cpp in Sources */,
				F137A9D42006C7DE006C42AB /* sequenceparser.cpp in Sources */,
				F137A9D32006C7DE006C42AB /* sequence.cpp in Sources */,
				F137A9A32006C78B006C42AB /* cdpcorrespondace.cpp in Sources */,
				F137A9AC2006C7A1006C42AB /* characteristicvector.cpp in Sources */,
				F137A9C02006C7C8006C42AB /* extParser.cpp in Sources */,
				F137A9BF2006C7C8006C42AB /* dtwcorrespondance.cpp in Sources */,
				F137A9C62006C7C8006C42AB /* modeltest.cpp in Sources */,
				F137A9A42006C78B006C42AB /* cdpcorrespondance.cpp in Sources */,
				F137A9D02006C7DE006C42AB /* OpenMPTryFlag.cpp in Sources */,
				F137A9C32006C7C8006C42AB /* inouttest.cpp in Sources */,
				F137A9AF2006C7A1006C42AB /* commandlineapplicationPourcentage.cpp in Sources */,
				F137A9D12006C7DE006C42AB /* parametrage.cpp in Sources */,
				F137A9D22006C7DE006C42AB /* paramparser.cpp in Sources */,
				F137A9AE2006C7A1006C42AB /* commandlineapplication.cpp in Sources */,
				F137A9CF2006C7DE006C42AB /* numeric.cpp in Sources */,
				F137A9B02006C7A1006C42AB /* commandlineoutput.cpp in Sources */,
				F137A9AB2006C7A1006C42AB /* character.cpp in Sources */,
				F137A9C42006C7C8006C42AB /* lcscorrespondance.cpp in Sources */,
				F137A9BE2006C7C8006C42AB /* csvParser.cpp in Sources */,
			);
			runOnlyForDeploymentPostprocessing = 0;
		};
/* End PBXSourcesBuildPhase section */

/* Begin XCBuildConfiguration section */
		F137A99A2006C6BA006C42AB /* Debug */ = {
			isa = XCBuildConfiguration;
			buildSettings = {
				ALWAYS_SEARCH_USER_PATHS = NO;
				CLANG_ANALYZER_NONNULL = YES;
				CLANG_CXX_LANGUAGE_STANDARD = "gnu++0x";
				CLANG_CXX_LIBRARY = "libc++";
				CLANG_ENABLE_MODULES = YES;
				CLANG_ENABLE_OBJC_ARC = YES;
				CLANG_WARN_BOOL_CONVERSION = YES;
				CLANG_WARN_CONSTANT_CONVERSION = YES;
				CLANG_WARN_DIRECT_OBJC_ISA_USAGE = YES_ERROR;
				CLANG_WARN_DOCUMENTATION_COMMENTS = YES;
				CLANG_WARN_EMPTY_BODY = YES;
				CLANG_WARN_ENUM_CONVERSION = YES;
				CLANG_WARN_INFINITE_RECURSION = YES;
				CLANG_WARN_INT_CONVERSION = YES;
				CLANG_WARN_OBJC_ROOT_CLASS = YES_ERROR;
				CLANG_WARN_SUSPICIOUS_MOVE = YES;
				CLANG_WARN_UNREACHABLE_CODE = YES;
				CLANG_WARN__DUPLICATE_METHOD_MATCH = YES;
				CODE_SIGN_IDENTITY = "-";
				COPY_PHASE_STRIP = NO;
				DEBUG_INFORMATION_FORMAT = dwarf;
				ENABLE_STRICT_OBJC_MSGSEND = YES;
				ENABLE_TESTABILITY = YES;
				GCC_C_LANGUAGE_STANDARD = gnu99;
				GCC_DYNAMIC_NO_PIC = NO;
				GCC_NO_COMMON_BLOCKS = YES;
				GCC_OPTIMIZATION_LEVEL = 0;
				GCC_PREPROCESSOR_DEFINITIONS = (
					"DEBUG=1",
					"$(inherited)",
				);
				GCC_WARN_64_TO_32_BIT_CONVERSION = YES;
				GCC_WARN_ABOUT_RETURN_TYPE = YES_ERROR;
				GCC_WARN_UNDECLARED_SELECTOR = YES;
				GCC_WARN_UNINITIALIZED_AUTOS = YES_AGGRESSIVE;
				GCC_WARN_UNUSED_FUNCTION = YES;
				GCC_WARN_UNUSED_VARIABLE = YES;
				MACOSX_DEPLOYMENT_TARGET = 10.11;
				MTL_ENABLE_DEBUG_INFO = YES;
				ONLY_ACTIVE_ARCH = YES;
				SDKROOT = macosx;
			};
			name = Debug;
		};
		F137A99B2006C6BA006C42AB /* Release */ = {
			isa = XCBuildConfiguration;
			buildSettings = {
				ALWAYS_SEARCH_USER_PATHS = NO;
				CLANG_ANALYZER_NONNULL = YES;
				CLANG_CXX_LANGUAGE_STANDARD = "gnu++0x";
				CLANG_CXX_LIBRARY = "libc++";
				CLANG_ENABLE_MODULES = YES;
				CLANG_ENABLE_OBJC_ARC = YES;
				CLANG_WARN_BOOL_CONVERSION = YES;
				CLANG_WARN_CONSTANT_CONVERSION = YES;
				CLANG_WARN_DIRECT_OBJC_ISA_USAGE = YES_ERROR;
				CLANG_WARN_DOCUMENTATION_COMMENTS = YES;
				CLANG_WARN_EMPTY_BODY = YES;
				CLANG_WARN_ENUM_CONVERSION = YES;
				CLANG_WARN_INFINITE_RECURSION = YES;
				CLANG_WARN_INT_CONVERSION = YES;
				CLANG_WARN_OBJC_ROOT_CLASS = YES_ERROR;
				CLANG_WARN_SUSPICIOUS_MOVE = YES;
				CLANG_WARN_UNREACHABLE_CODE = YES;
				CLANG_WARN__DUPLICATE_METHOD_MATCH = YES;
				CODE_SIGN_IDENTITY = "-";
				COPY_PHASE_STRIP = NO;
				DEBUG_INFORMATION_FORMAT = "dwarf-with-dsym";
				ENABLE_NS_ASSERTIONS = NO;
				ENABLE_STRICT_OBJC_MSGSEND = YES;
				GCC_C_LANGUAGE_STANDARD = gnu99;
				GCC_NO_COMMON_BLOCKS = YES;
				GCC_WARN_64_TO_32_BIT_CONVERSION = YES;
				GCC_WARN_ABOUT_RETURN_TYPE = YES_ERROR;
				GCC_WARN_UNDECLARED_SELECTOR = YES;
				GCC_WARN_UNINITIALIZED_AUTOS = YES_AGGRESSIVE;
				GCC_WARN_UNUSED_FUNCTION = YES;
				GCC_WARN_UNUSED_VARIABLE = YES;
				MACOSX_DEPLOYMENT_TARGET = 10.11;
				MTL_ENABLE_DEBUG_INFO = NO;
				SDKROOT = macosx;
			};
			name = Release;
		};
		F137A99D2006C6BA006C42AB /* Debug */ = {
			isa = XCBuildConfiguration;
			buildSettings = {
				DEVELOPMENT_TEAM = 8J3ZX75TJ7;
				PRODUCT_NAME = "$(TARGET_NAME)";
			};
			name = Debug;
		};
		F137A99E2006C6BA006C42AB /* Release */ = {
			isa = XCBuildConfiguration;
			buildSettings = {
				DEVELOPMENT_TEAM = 8J3ZX75TJ7;
				PRODUCT_NAME = "$(TARGET_NAME)";
			};
			name = Release;
		};
/* End XCBuildConfiguration section */

/* Begin XCConfigurationList section */
		F137A9902006C6BA006C42AB /* Build configuration list for PBXProject "VariousSequenceMatchingTechniques" */ = {
			isa = XCConfigurationList;
			buildConfigurations = (
				F137A99A2006C6BA006C42AB /* Debug */,
				F137A99B2006C6BA006C42AB /* Release */,
			);
			defaultConfigurationIsVisible = 0;
			defaultConfigurationName = Release;
		};
		F137A99C2006C6BA006C42AB /* Build configuration list for PBXNativeTarget "VariousSequenceMatchingTechniques" */ = {
			isa = XCConfigurationList;
			buildConfigurations = (
				F137A99D2006C6BA006C42AB /* Debug */,
				F137A99E2006C6BA006C42AB /* Release */,
			);
			defaultConfigurationIsVisible = 0;
		};
/* End XCConfigurationList section */
	};
	rootObject = F137A98D2006C6BA006C42AB /* Project object */;
}
