// !$*UTF8*$!
{
	archiveVersion = 1;
	classes = {
	};
	objectVersion = 46;
	objects = {

/* Begin PBXBuildFile section */
		F137A4EE2003AD5D006C42AB /* main.m in Sources */ = {isa = PBXBuildFile; fileRef = F137A4ED2003AD5D006C42AB /* main.m */; };
		F137A4F12003AD5D006C42AB /* AppDelegate.m in Sources */ = {isa = PBXBuildFile; fileRef = F137A4F02003AD5D006C42AB /* AppDelegate.m */; };
		F137A4F42003AD5D006C42AB /* ViewController.m in Sources */ = {isa = PBXBuildFile; fileRef = F137A4F32003AD5D006C42AB /* ViewController.m */; };
		F137A4F72003AD5D006C42AB /* Main.storyboard in Resources */ = {isa = PBXBuildFile; fileRef = F137A4F52003AD5D006C42AB /* Main.storyboard */; };
		F137A4F92003AD5D006C42AB /* Assets.xcassets in Resources */ = {isa = PBXBuildFile; fileRef = F137A4F82003AD5D006C42AB /* Assets.xcassets */; };
		F137A4FC2003AD5D006C42AB /* LaunchScreen.storyboard in Resources */ = {isa = PBXBuildFile; fileRef = F137A4FA2003AD5D006C42AB /* LaunchScreen.storyboard */; };
		F137A5072003AD5E006C42AB /* TestVariousButtonsTests.m in Sources */ = {isa = PBXBuildFile; fileRef = F137A5062003AD5E006C42AB /* TestVariousButtonsTests.m */; };
		F137A5122003AD5E006C42AB /* TestVariousButtonsUITests.m in Sources */ = {isa = PBXBuildFile; fileRef = F137A5112003AD5E006C42AB /* TestVariousButtonsUITests.m */; };
		F137A5212003AF2F006C42AB /* button_images.jpeg in Resources */ = {isa = PBXBuildFile; fileRef = F137A51F2003AF2F006C42AB /* button_images.jpeg */; };
		F137A5222003AF2F006C42AB /* images.jpeg in Resources */ = {isa = PBXBuildFile; fileRef = F137A5202003AF2F006C42AB /* images.jpeg */; };
/* End PBXBuildFile section */

/* Begin PBXContainerItemProxy section */
		F137A5032003AD5E006C42AB /* PBXContainerItemProxy */ = {
			isa = PBXContainerItemProxy;
			containerPortal = F137A4E12003AD5D006C42AB /* Project object */;
			proxyType = 1;
			remoteGlobalIDString = F137A4E82003AD5D006C42AB;
			remoteInfo = TestVariousButtons;
		};
		F137A50E2003AD5E006C42AB /* PBXContainerItemProxy */ = {
			isa = PBXContainerItemProxy;
			containerPortal = F137A4E12003AD5D006C42AB /* Project object */;
			proxyType = 1;
			remoteGlobalIDString = F137A4E82003AD5D006C42AB;
			remoteInfo = TestVariousButtons;
		};
/* End PBXContainerItemProxy section */

/* Begin PBXFileReference section */
		F137A4E92003AD5D006C42AB /* TestVariousButtons.app */ = {isa = PBXFileReference; explicitFileType = wrapper.application; includeInIndex = 0; path = TestVariousButtons.app; sourceTree = BUILT_PRODUCTS_DIR; };
		F137A4ED2003AD5D006C42AB /* main.m */ = {isa = PBXFileReference; lastKnownFileType = sourcecode.c.objc; path = main.m; sourceTree = "<group>"; };
		F137A4EF2003AD5D006C42AB /* AppDelegate.h */ = {isa = PBXFileReference; lastKnownFileType = sourcecode.c.h; path = AppDelegate.h; sourceTree = "<group>"; };
		F137A4F02003AD5D006C42AB /* AppDelegate.m */ = {isa = PBXFileReference; lastKnownFileType = sourcecode.c.objc; path = AppDelegate.m; sourceTree = "<group>"; };
		F137A4F22003AD5D006C42AB /* ViewController.h */ = {isa = PBXFileReference; lastKnownFileType = sourcecode.c.h; path = ViewController.h; sourceTree = "<group>"; };
		F137A4F32003AD5D006C42AB /* ViewController.m */ = {isa = PBXFileReference; lastKnownFileType = sourcecode.c.objc; path = ViewController.m; sourceTree = "<group>"; };
		F137A4F62003AD5D006C42AB /* Base */ = {isa = PBXFileReference; lastKnownFileType = file.storyboard; name = Base; path = Base.lproj/Main.storyboard; sourceTree = "<group>"; };
		F137A4F82003AD5D006C42AB /* Assets.xcassets */ = {isa = PBXFileReference; lastKnownFileType = folder.assetcatalog; path = Assets.xcassets; sourceTree = "<group>"; };
		F137A4FB2003AD5D006C42AB /* Base */ = {isa = PBXFileReference; lastKnownFileType = file.storyboard; name = Base; path = Base.lproj/LaunchScreen.storyboard; sourceTree = "<group>"; };
		F137A4FD2003AD5D006C42AB /* Info.plist */ = {isa = PBXFileReference; lastKnownFileType = text.plist.xml; path = Info.plist; sourceTree = "<group>"; };
		F137A5022003AD5E006C42AB /* TestVariousButtonsTests.xctest */ = {isa = PBXFileReference; explicitFileType = wrapper.cfbundle; includeInIndex = 0; path = TestVariousButtonsTests.xctest; sourceTree = BUILT_PRODUCTS_DIR; };
		F137A5062003AD5E006C42AB /* TestVariousButtonsTests.m */ = {isa = PBXFileReference; lastKnownFileType = sourcecode.c.objc; path = TestVariousButtonsTests.m; sourceTree = "<group>"; };
		F137A5082003AD5E006C42AB /* Info.plist */ = {isa = PBXFileReference; lastKnownFileType = text.plist.xml; path = Info.plist; sourceTree = "<group>"; };
		F137A50D2003AD5E006C42AB /* TestVariousButtonsUITests.xctest */ = {isa = PBXFileReference; explicitFileType = wrapper.cfbundle; includeInIndex = 0; path = TestVariousButtonsUITests.xctest; sourceTree = BUILT_PRODUCTS_DIR; };
		F137A5112003AD5E006C42AB /* TestVariousButtonsUITests.m */ = {isa = PBXFileReference; lastKnownFileType = sourcecode.c.objc; path = TestVariousButtonsUITests.m; sourceTree = "<group>"; };
		F137A5132003AD5E006C42AB /* Info.plist */ = {isa = PBXFileReference; lastKnownFileType = text.plist.xml; path = Info.plist; sourceTree = "<group>"; };
		F137A51F2003AF2F006C42AB /* button_images.jpeg */ = {isa = PBXFileReference; lastKnownFileType = image.jpeg; path = button_images.jpeg; sourceTree = "<group>"; };
		F137A5202003AF2F006C42AB /* images.jpeg */ = {isa = PBXFileReference; lastKnownFileType = image.jpeg; path = images.jpeg; sourceTree = "<group>"; };
/* End PBXFileReference section */

/* Begin PBXFrameworksBuildPhase section */
		F137A4E62003AD5D006C42AB /* Frameworks */ = {
			isa = PBXFrameworksBuildPhase;
			buildActionMask = 2147483647;
			files = (
			);
			runOnlyForDeploymentPostprocessing = 0;
		};
		F137A4FF2003AD5E006C42AB /* Frameworks */ = {
			isa = PBXFrameworksBuildPhase;
			buildActionMask = 2147483647;
			files = (
			);
			runOnlyForDeploymentPostprocessing = 0;
		};
		F137A50A2003AD5E006C42AB /* Frameworks */ = {
			isa = PBXFrameworksBuildPhase;
			buildActionMask = 2147483647;
			files = (
			);
			runOnlyForDeploymentPostprocessing = 0;
		};
/* End PBXFrameworksBuildPhase section */

/* Begin PBXGroup section */
		F137A4E02003AD5D006C42AB = {
			isa = PBXGroup;
			children = (
				F137A4EB2003AD5D006C42AB /* TestVariousButtons */,
				F137A5052003AD5E006C42AB /* TestVariousButtonsTests */,
				F137A5102003AD5E006C42AB /* TestVariousButtonsUITests */,
				F137A4EA2003AD5D006C42AB /* Products */,
			);
			sourceTree = "<group>";
		};
		F137A4EA2003AD5D006C42AB /* Products */ = {
			isa = PBXGroup;
			children = (
				F137A4E92003AD5D006C42AB /* TestVariousButtons.app */,
				F137A5022003AD5E006C42AB /* TestVariousButtonsTests.xctest */,
				F137A50D2003AD5E006C42AB /* TestVariousButtonsUITests.xctest */,
			);
			name = Products;
			sourceTree = "<group>";
		};
		F137A4EB2003AD5D006C42AB /* TestVariousButtons */ = {
			isa = PBXGroup;
			children = (
				F137A51F2003AF2F006C42AB /* button_images.jpeg */,
				F137A5202003AF2F006C42AB /* images.jpeg */,
				F137A4EF2003AD5D006C42AB /* AppDelegate.h */,
				F137A4F02003AD5D006C42AB /* AppDelegate.m */,
				F137A4F22003AD5D006C42AB /* ViewController.h */,
				F137A4F32003AD5D006C42AB /* ViewController.m */,
				F137A4F52003AD5D006C42AB /* Main.storyboard */,
				F137A4F82003AD5D006C42AB /* Assets.xcassets */,
				F137A4FA2003AD5D006C42AB /* LaunchScreen.storyboard */,
				F137A4FD2003AD5D006C42AB /* Info.plist */,
				F137A4EC2003AD5D006C42AB /* Supporting Files */,
			);
			path = TestVariousButtons;
			sourceTree = "<group>";
		};
		F137A4EC2003AD5D006C42AB /* Supporting Files */ = {
			isa = PBXGroup;
			children = (
				F137A4ED2003AD5D006C42AB /* main.m */,
			);
			name = "Supporting Files";
			sourceTree = "<group>";
		};
		F137A5052003AD5E006C42AB /* TestVariousButtonsTests */ = {
			isa = PBXGroup;
			children = (
				F137A5062003AD5E006C42AB /* TestVariousButtonsTests.m */,
				F137A5082003AD5E006C42AB /* Info.plist */,
			);
			path = TestVariousButtonsTests;
			sourceTree = "<group>";
		};
		F137A5102003AD5E006C42AB /* TestVariousButtonsUITests */ = {
			isa = PBXGroup;
			children = (
				F137A5112003AD5E006C42AB /* TestVariousButtonsUITests.m */,
				F137A5132003AD5E006C42AB /* Info.plist */,
			);
			path = TestVariousButtonsUITests;
			sourceTree = "<group>";
		};
/* End PBXGroup section */

/* Begin PBXNativeTarget section */
		F137A4E82003AD5D006C42AB /* TestVariousButtons */ = {
			isa = PBXNativeTarget;
			buildConfigurationList = F137A5162003AD5E006C42AB /* Build configuration list for PBXNativeTarget "TestVariousButtons" */;
			buildPhases = (
				F137A4E52003AD5D006C42AB /* Sources */,
				F137A4E62003AD5D006C42AB /* Frameworks */,
				F137A4E72003AD5D006C42AB /* Resources */,
			);
			buildRules = (
			);
			dependencies = (
			);
			name = TestVariousButtons;
			productName = TestVariousButtons;
			productReference = F137A4E92003AD5D006C42AB /* TestVariousButtons.app */;
			productType = "com.apple.product-type.application";
		};
		F137A5012003AD5E006C42AB /* TestVariousButtonsTests */ = {
			isa = PBXNativeTarget;
			buildConfigurationList = F137A5192003AD5E006C42AB /* Build configuration list for PBXNativeTarget "TestVariousButtonsTests" */;
			buildPhases = (
				F137A4FE2003AD5E006C42AB /* Sources */,
				F137A4FF2003AD5E006C42AB /* Frameworks */,
				F137A5002003AD5E006C42AB /* Resources */,
			);
			buildRules = (
			);
			dependencies = (
				F137A5042003AD5E006C42AB /* PBXTargetDependency */,
			);
			name = TestVariousButtonsTests;
			productName = TestVariousButtonsTests;
			productReference = F137A5022003AD5E006C42AB /* TestVariousButtonsTests.xctest */;
			productType = "com.apple.product-type.bundle.unit-test";
		};
		F137A50C2003AD5E006C42AB /* TestVariousButtonsUITests */ = {
			isa = PBXNativeTarget;
			buildConfigurationList = F137A51C2003AD5E006C42AB /* Build configuration list for PBXNativeTarget "TestVariousButtonsUITests" */;
			buildPhases = (
				F137A5092003AD5E006C42AB /* Sources */,
				F137A50A2003AD5E006C42AB /* Frameworks */,
				F137A50B2003AD5E006C42AB /* Resources */,
			);
			buildRules = (
			);
			dependencies = (
				F137A50F2003AD5E006C42AB /* PBXTargetDependency */,
			);
			name = TestVariousButtonsUITests;
			productName = TestVariousButtonsUITests;
			productReference = F137A50D2003AD5E006C42AB /* TestVariousButtonsUITests.xctest */;
			productType = "com.apple.product-type.bundle.ui-testing";
		};
/* End PBXNativeTarget section */

/* Begin PBXProject section */
		F137A4E12003AD5D006C42AB /* Project object */ = {
			isa = PBXProject;
			attributes = {
				LastUpgradeCheck = 0820;
				ORGANIZATIONNAME = Tanmoy;
				TargetAttributes = {
					F137A4E82003AD5D006C42AB = {
						CreatedOnToolsVersion = 8.2.1;
						DevelopmentTeam = 8J3ZX75TJ7;
						ProvisioningStyle = Automatic;
					};
					F137A5012003AD5E006C42AB = {
						CreatedOnToolsVersion = 8.2.1;
						DevelopmentTeam = 8J3ZX75TJ7;
						ProvisioningStyle = Automatic;
						TestTargetID = F137A4E82003AD5D006C42AB;
					};
					F137A50C2003AD5E006C42AB = {
						CreatedOnToolsVersion = 8.2.1;
						DevelopmentTeam = 8J3ZX75TJ7;
						ProvisioningStyle = Automatic;
						TestTargetID = F137A4E82003AD5D006C42AB;
					};
				};
			};
			buildConfigurationList = F137A4E42003AD5D006C42AB /* Build configuration list for PBXProject "TestVariousButtons" */;
			compatibilityVersion = "Xcode 3.2";
			developmentRegion = English;
			hasScannedForEncodings = 0;
			knownRegions = (
				en,
				Base,
			);
			mainGroup = F137A4E02003AD5D006C42AB;
			productRefGroup = F137A4EA2003AD5D006C42AB /* Products */;
			projectDirPath = "";
			projectRoot = "";
			targets = (
				F137A4E82003AD5D006C42AB /* TestVariousButtons */,
				F137A5012003AD5E006C42AB /* TestVariousButtonsTests */,
				F137A50C2003AD5E006C42AB /* TestVariousButtonsUITests */,
			);
		};
/* End PBXProject section */

/* Begin PBXResourcesBuildPhase section */
		F137A4E72003AD5D006C42AB /* Resources */ = {
			isa = PBXResourcesBuildPhase;
			buildActionMask = 2147483647;
			files = (
				F137A4FC2003AD5D006C42AB /* LaunchScreen.storyboard in Resources */,
				F137A5222003AF2F006C42AB /* images.jpeg in Resources */,
				F137A4F92003AD5D006C42AB /* Assets.xcassets in Resources */,
				F137A4F72003AD5D006C42AB /* Main.storyboard in Resources */,
				F137A5212003AF2F006C42AB /* button_images.jpeg in Resources */,
			);
			runOnlyForDeploymentPostprocessing = 0;
		};
		F137A5002003AD5E006C42AB /* Resources */ = {
			isa = PBXResourcesBuildPhase;
			buildActionMask = 2147483647;
			files = (
			);
			runOnlyForDeploymentPostprocessing = 0;
		};
		F137A50B2003AD5E006C42AB /* Resources */ = {
			isa = PBXResourcesBuildPhase;
			buildActionMask = 2147483647;
			files = (
			);
			runOnlyForDeploymentPostprocessing = 0;
		};
/* End PBXResourcesBuildPhase section */

/* Begin PBXSourcesBuildPhase section */
		F137A4E52003AD5D006C42AB /* Sources */ = {
			isa = PBXSourcesBuildPhase;
			buildActionMask = 2147483647;
			files = (
				F137A4F42003AD5D006C42AB /* ViewController.m in Sources */,
				F137A4F12003AD5D006C42AB /* AppDelegate.m in Sources */,
				F137A4EE2003AD5D006C42AB /* main.m in Sources */,
			);
			runOnlyForDeploymentPostprocessing = 0;
		};
		F137A4FE2003AD5E006C42AB /* Sources */ = {
			isa = PBXSourcesBuildPhase;
			buildActionMask = 2147483647;
			files = (
				F137A5072003AD5E006C42AB /* TestVariousButtonsTests.m in Sources */,
			);
			runOnlyForDeploymentPostprocessing = 0;
		};
		F137A5092003AD5E006C42AB /* Sources */ = {
			isa = PBXSourcesBuildPhase;
			buildActionMask = 2147483647;
			files = (
				F137A5122003AD5E006C42AB /* TestVariousButtonsUITests.m in Sources */,
			);
			runOnlyForDeploymentPostprocessing = 0;
		};
/* End PBXSourcesBuildPhase section */

/* Begin PBXTargetDependency section */
		F137A5042003AD5E006C42AB /* PBXTargetDependency */ = {
			isa = PBXTargetDependency;
			target = F137A4E82003AD5D006C42AB /* TestVariousButtons */;
			targetProxy = F137A5032003AD5E006C42AB /* PBXContainerItemProxy */;
		};
		F137A50F2003AD5E006C42AB /* PBXTargetDependency */ = {
			isa = PBXTargetDependency;
			target = F137A4E82003AD5D006C42AB /* TestVariousButtons */;
			targetProxy = F137A50E2003AD5E006C42AB /* PBXContainerItemProxy */;
		};
/* End PBXTargetDependency section */

/* Begin PBXVariantGroup section */
		F137A4F52003AD5D006C42AB /* Main.storyboard */ = {
			isa = PBXVariantGroup;
			children = (
				F137A4F62003AD5D006C42AB /* Base */,
			);
			name = Main.storyboard;
			sourceTree = "<group>";
		};
		F137A4FA2003AD5D006C42AB /* LaunchScreen.storyboard */ = {
			isa = PBXVariantGroup;
			children = (
				F137A4FB2003AD5D006C42AB /* Base */,
			);
			name = LaunchScreen.storyboard;
			sourceTree = "<group>";
		};
/* End PBXVariantGroup section */

/* Begin XCBuildConfiguration section */
		F137A5142003AD5E006C42AB /* Debug */ = {
			isa = XCBuildConfiguration;
			buildSettings = {
				ALWAYS_SEARCH_USER_PATHS = NO;
				CLANG_ANALYZER_NONNULL = YES;
				CLANG_CXX_LANGUAGE_STANDARD = "gnu++0x";
				CLANG_CXX_LIBRARY = "libc++";
				CLANG_ENABLE_MODULES = YES;
				CLANG_ENABLE_OBJC_ARC = YES;
				CLANG_WARN_BOOL_CONVERSION = YES;
				CLANG_WARN_CONSTANT_CONVERSION = YES;
				CLANG_WARN_DIRECT_OBJC_ISA_USAGE = YES_ERROR;
				CLANG_WARN_DOCUMENTATION_COMMENTS = YES;
				CLANG_WARN_EMPTY_BODY = YES;
				CLANG_WARN_ENUM_CONVERSION = YES;
				CLANG_WARN_INFINITE_RECURSION = YES;
				CLANG_WARN_INT_CONVERSION = YES;
				CLANG_WARN_OBJC_ROOT_CLASS = YES_ERROR;
				CLANG_WARN_SUSPICIOUS_MOVE = YES;
				CLANG_WARN_UNREACHABLE_CODE = YES;
				CLANG_WARN__DUPLICATE_METHOD_MATCH = YES;
				"CODE_SIGN_IDENTITY[sdk=iphoneos*]" = "iPhone Developer";
				COPY_PHASE_STRIP = NO;
				DEBUG_INFORMATION_FORMAT = dwarf;
				ENABLE_STRICT_OBJC_MSGSEND = YES;
				ENABLE_TESTABILITY = YES;
				GCC_C_LANGUAGE_STANDARD = gnu99;
				GCC_DYNAMIC_NO_PIC = NO;
				GCC_NO_COMMON_BLOCKS = YES;
				GCC_OPTIMIZATION_LEVEL = 0;
				GCC_PREPROCESSOR_DEFINITIONS = (
					"DEBUG=1",
					"$(inherited)",
				);
				GCC_WARN_64_TO_32_BIT_CONVERSION = YES;
				GCC_WARN_ABOUT_RETURN_TYPE = YES_ERROR;
				GCC_WARN_UNDECLARED_SELECTOR = YES;
				GCC_WARN_UNINITIALIZED_AUTOS = YES_AGGRESSIVE;
				GCC_WARN_UNUSED_FUNCTION = YES;
				GCC_WARN_UNUSED_VARIABLE = YES;
				IPHONEOS_DEPLOYMENT_TARGET = 10.2;
				MTL_ENABLE_DEBUG_INFO = YES;
				ONLY_ACTIVE_ARCH = YES;
				SDKROOT = iphoneos;
			};
			name = Debug;
		};
		F137A5152003AD5E006C42AB /* Release */ = {
			isa = XCBuildConfiguration;
			buildSettings = {
				ALWAYS_SEARCH_USER_PATHS = NO;
				CLANG_ANALYZER_NONNULL = YES;
				CLANG_CXX_LANGUAGE_STANDARD = "gnu++0x";
				CLANG_CXX_LIBRARY = "libc++";
				CLANG_ENABLE_MODULES = YES;
				CLANG_ENABLE_OBJC_ARC = YES;
				CLANG_WARN_BOOL_CONVERSION = YES;
				CLANG_WARN_CONSTANT_CONVERSION = YES;
				CLANG_WARN_DIRECT_OBJC_ISA_USAGE = YES_ERROR;
				CLANG_WARN_DOCUMENTATION_COMMENTS = YES;
				CLANG_WARN_EMPTY_BODY = YES;
				CLANG_WARN_ENUM_CONVERSION = YES;
				CLANG_WARN_INFINITE_RECURSION = YES;
				CLANG_WARN_INT_CONVERSION = YES;
				CLANG_WARN_OBJC_ROOT_CLASS = YES_ERROR;
				CLANG_WARN_SUSPICIOUS_MOVE = YES;
				CLANG_WARN_UNREACHABLE_CODE = YES;
				CLANG_WARN__DUPLICATE_METHOD_MATCH = YES;
				"CODE_SIGN_IDENTITY[sdk=iphoneos*]" = "iPhone Developer";
				COPY_PHASE_STRIP = NO;
				DEBUG_INFORMATION_FORMAT = "dwarf-with-dsym";
				ENABLE_NS_ASSERTIONS = NO;
				ENABLE_STRICT_OBJC_MSGSEND = YES;
				GCC_C_LANGUAGE_STANDARD = gnu99;
				GCC_NO_COMMON_BLOCKS = YES;
				GCC_WARN_64_TO_32_BIT_CONVERSION = YES;
				GCC_WARN_ABOUT_RETURN_TYPE = YES_ERROR;
				GCC_WARN_UNDECLARED_SELECTOR = YES;
				GCC_WARN_UNINITIALIZED_AUTOS = YES_AGGRESSIVE;
				GCC_WARN_UNUSED_FUNCTION = YES;
				GCC_WARN_UNUSED_VARIABLE = YES;
				IPHONEOS_DEPLOYMENT_TARGET = 10.2;
				MTL_ENABLE_DEBUG_INFO = NO;
				SDKROOT = iphoneos;
				VALIDATE_PRODUCT = YES;
			};
			name = Release;
		};
		F137A5172003AD5E006C42AB /* Debug */ = {
			isa = XCBuildConfiguration;
			buildSettings = {
				ASSETCATALOG_COMPILER_APPICON_NAME = AppIcon;
				DEVELOPMENT_TEAM = 8J3ZX75TJ7;
				INFOPLIST_FILE = TestVariousButtons/Info.plist;
				LD_RUNPATH_SEARCH_PATHS = "$(inherited) @executable_path/Frameworks";
				PRODUCT_BUNDLE_IDENTIFIER = "Univ-La-Rochelle.TestVariousButtons";
				PRODUCT_NAME = "$(TARGET_NAME)";
			};
			name = Debug;
		};
		F137A5182003AD5E006C42AB /* Release */ = {
			isa = XCBuildConfiguration;
			buildSettings = {
				ASSETCATALOG_COMPILER_APPICON_NAME = AppIcon;
				DEVELOPMENT_TEAM = 8J3ZX75TJ7;
				INFOPLIST_FILE = TestVariousButtons/Info.plist;
				LD_RUNPATH_SEARCH_PATHS = "$(inherited) @executable_path/Frameworks";
				PRODUCT_BUNDLE_IDENTIFIER = "Univ-La-Rochelle.TestVariousButtons";
				PRODUCT_NAME = "$(TARGET_NAME)";
			};
			name = Release;
		};
		F137A51A2003AD5E006C42AB /* Debug */ = {
			isa = XCBuildConfiguration;
			buildSettings = {
				BUNDLE_LOADER = "$(TEST_HOST)";
				DEVELOPMENT_TEAM = 8J3ZX75TJ7;
				INFOPLIST_FILE = TestVariousButtonsTests/Info.plist;
				LD_RUNPATH_SEARCH_PATHS = "$(inherited) @executable_path/Frameworks @loader_path/Frameworks";
				PRODUCT_BUNDLE_IDENTIFIER = "Univ-La-Rochelle.TestVariousButtonsTests";
				PRODUCT_NAME = "$(TARGET_NAME)";
				TEST_HOST = "$(BUILT_PRODUCTS_DIR)/TestVariousButtons.app/TestVariousButtons";
			};
			name = Debug;
		};
		F137A51B2003AD5E006C42AB /* Release */ = {
			isa = XCBuildConfiguration;
			buildSettings = {
				BUNDLE_LOADER = "$(TEST_HOST)";
				DEVELOPMENT_TEAM = 8J3ZX75TJ7;
				INFOPLIST_FILE = TestVariousButtonsTests/Info.plist;
				LD_RUNPATH_SEARCH_PATHS = "$(inherited) @executable_path/Frameworks @loader_path/Frameworks";
				PRODUCT_BUNDLE_IDENTIFIER = "Univ-La-Rochelle.TestVariousButtonsTests";
				PRODUCT_NAME = "$(TARGET_NAME)";
				TEST_HOST = "$(BUILT_PRODUCTS_DIR)/TestVariousButtons.app/TestVariousButtons";
			};
			name = Release;
		};
		F137A51D2003AD5E006C42AB /* Debug */ = {
			isa = XCBuildConfiguration;
			buildSettings = {
				DEVELOPMENT_TEAM = 8J3ZX75TJ7;
				INFOPLIST_FILE = TestVariousButtonsUITests/Info.plist;
				LD_RUNPATH_SEARCH_PATHS = "$(inherited) @executable_path/Frameworks @loader_path/Frameworks";
				PRODUCT_BUNDLE_IDENTIFIER = "Univ-La-Rochelle.TestVariousButtonsUITests";
				PRODUCT_NAME = "$(TARGET_NAME)";
				TEST_TARGET_NAME = TestVariousButtons;
			};
			name = Debug;
		};
		F137A51E2003AD5E006C42AB /* Release */ = {
			isa = XCBuildConfiguration;
			buildSettings = {
				DEVELOPMENT_TEAM = 8J3ZX75TJ7;
				INFOPLIST_FILE = TestVariousButtonsUITests/Info.plist;
				LD_RUNPATH_SEARCH_PATHS = "$(inherited) @executable_path/Frameworks @loader_path/Frameworks";
				PRODUCT_BUNDLE_IDENTIFIER = "Univ-La-Rochelle.TestVariousButtonsUITests";
				PRODUCT_NAME = "$(TARGET_NAME)";
				TEST_TARGET_NAME = TestVariousButtons;
			};
			name = Release;
		};
/* End XCBuildConfiguration section */

/* Begin XCConfigurationList section */
		F137A4E42003AD5D006C42AB /* Build configuration list for PBXProject "TestVariousButtons" */ = {
			isa = XCConfigurationList;
			buildConfigurations = (
				F137A5142003AD5E006C42AB /* Debug */,
				F137A5152003AD5E006C42AB /* Release */,
			);
			defaultConfigurationIsVisible = 0;
			defaultConfigurationName = Release;
		};
		F137A5162003AD5E006C42AB /* Build configuration list for PBXNativeTarget "TestVariousButtons" */ = {
			isa = XCConfigurationList;
			buildConfigurations = (
				F137A5172003AD5E006C42AB /* Debug */,
				F137A5182003AD5E006C42AB /* Release */,
			);
			defaultConfigurationIsVisible = 0;
		};
		F137A5192003AD5E006C42AB /* Build configuration list for PBXNativeTarget "TestVariousButtonsTests" */ = {
			isa = XCConfigurationList;
			buildConfigurations = (
				F137A51A2003AD5E006C42AB /* Debug */,
				F137A51B2003AD5E006C42AB /* Release */,
			);
			defaultConfigurationIsVisible = 0;
		};
		F137A51C2003AD5E006C42AB /* Build configuration list for PBXNativeTarget "TestVariousButtonsUITests" */ = {
			isa = XCConfigurationList;
			buildConfigurations = (
				F137A51D2003AD5E006C42AB /* Debug */,
				F137A51E2003AD5E006C42AB /* Release */,
			);
			defaultConfigurationIsVisible = 0;
		};
/* End XCConfigurationList section */
	};
	rootObject = F137A4E12003AD5D006C42AB /* Project object */;
}
